// !$*UTF8*$!
{
	archiveVersion = 1;
	classes = {
	};
	objectVersion = 51;
	objects = {

/* Begin PBXBuildFile section */
		084E29602465390C0040FB9D /* AppDelegate.swift in Sources */ = {isa = PBXBuildFile; fileRef = 084E295F2465390C0040FB9D /* AppDelegate.swift */; };
		084E29622465390C0040FB9D /* SceneDelegate.swift in Sources */ = {isa = PBXBuildFile; fileRef = 084E29612465390C0040FB9D /* SceneDelegate.swift */; };
		084E29642465390C0040FB9D /* ViewController.swift in Sources */ = {isa = PBXBuildFile; fileRef = 084E29632465390C0040FB9D /* ViewController.swift */; };
		084E29672465390C0040FB9D /* Main.storyboard in Resources */ = {isa = PBXBuildFile; fileRef = 084E29652465390C0040FB9D /* Main.storyboard */; };
		084E2969246539110040FB9D /* Assets.xcassets in Resources */ = {isa = PBXBuildFile; fileRef = 084E2968246539110040FB9D /* Assets.xcassets */; };
		084E296C246539110040FB9D /* LaunchScreen.storyboard in Resources */ = {isa = PBXBuildFile; fileRef = 084E296A246539110040FB9D /* LaunchScreen.storyboard */; };
		084E29762465429E0040FB9D /* ObjectiveCTest.m in Sources */ = {isa = PBXBuildFile; fileRef = 084E29752465429E0040FB9D /* ObjectiveCTest.m */; };
		A23D1F7DF0C120E97C35B30A /* Pods_PodsTest.framework in Frameworks */ = {isa = PBXBuildFile; fileRef = 509EED30A9AB6BDC3ACF6A1F /* Pods_PodsTest.framework */; };
/* End PBXBuildFile section */

/* Begin PBXFileReference section */
		084E295C2465390C0040FB9D /* PodsTest.app */ = {isa = PBXFileReference; explicitFileType = wrapper.application; includeInIndex = 0; path = PodsTest.app; sourceTree = BUILT_PRODUCTS_DIR; };
		084E295F2465390C0040FB9D /* AppDelegate.swift */ = {isa = PBXFileReference; lastKnownFileType = sourcecode.swift; path = AppDelegate.swift; sourceTree = "<group>"; };
		084E29612465390C0040FB9D /* SceneDelegate.swift */ = {isa = PBXFileReference; lastKnownFileType = sourcecode.swift; path = SceneDelegate.swift; sourceTree = "<group>"; };
		084E29632465390C0040FB9D /* ViewController.swift */ = {isa = PBXFileReference; lastKnownFileType = sourcecode.swift; path = ViewController.swift; sourceTree = "<group>"; };
		084E29662465390C0040FB9D /* Base */ = {isa = PBXFileReference; lastKnownFileType = file.storyboard; name = Base; path = Base.lproj/Main.storyboard; sourceTree = "<group>"; };
		084E2968246539110040FB9D /* Assets.xcassets */ = {isa = PBXFileReference; lastKnownFileType = folder.assetcatalog; path = Assets.xcassets; sourceTree = "<group>"; };
		084E296B246539110040FB9D /* Base */ = {isa = PBXFileReference; lastKnownFileType = file.storyboard; name = Base; path = Base.lproj/LaunchScreen.storyboard; sourceTree = "<group>"; };
		084E296D246539110040FB9D /* Info.plist */ = {isa = PBXFileReference; lastKnownFileType = text.plist.xml; path = Info.plist; sourceTree = "<group>"; };
		084E29742465429E0040FB9D /* PodsTest-Bridging-Header.h */ = {isa = PBXFileReference; lastKnownFileType = sourcecode.c.h; path = "PodsTest-Bridging-Header.h"; sourceTree = "<group>"; };
		084E29752465429E0040FB9D /* ObjectiveCTest.m */ = {isa = PBXFileReference; lastKnownFileType = sourcecode.c.objc; path = ObjectiveCTest.m; sourceTree = "<group>"; };
		084E2977246542B80040FB9D /* ObjectiveCTest.h */ = {isa = PBXFileReference; lastKnownFileType = sourcecode.c.h; path = ObjectiveCTest.h; sourceTree = "<group>"; };
		2818823FD44C854FC6FDE172 /* Pods-PodsTest.release.xcconfig */ = {isa = PBXFileReference; includeInIndex = 1; lastKnownFileType = text.xcconfig; name = "Pods-PodsTest.release.xcconfig"; path = "Target Support Files/Pods-PodsTest/Pods-PodsTest.release.xcconfig"; sourceTree = "<group>"; };
		509EED30A9AB6BDC3ACF6A1F /* Pods_PodsTest.framework */ = {isa = PBXFileReference; explicitFileType = wrapper.framework; includeInIndex = 0; path = Pods_PodsTest.framework; sourceTree = BUILT_PRODUCTS_DIR; };
		B6BD99ED788C8F84D25EB2B0 /* Pods-PodsTest.debug.xcconfig */ = {isa = PBXFileReference; includeInIndex = 1; lastKnownFileType = text.xcconfig; name = "Pods-PodsTest.debug.xcconfig"; path = "Target Support Files/Pods-PodsTest/Pods-PodsTest.debug.xcconfig"; sourceTree = "<group>"; };
/* End PBXFileReference section */

/* Begin PBXFrameworksBuildPhase section */
		084E29592465390C0040FB9D /* Frameworks */ = {
			isa = PBXFrameworksBuildPhase;
			buildActionMask = 2147483647;
			files = (
				A23D1F7DF0C120E97C35B30A /* Pods_PodsTest.framework in Frameworks */,
			);
			runOnlyForDeploymentPostprocessing = 0;
		};
/* End PBXFrameworksBuildPhase section */

/* Begin PBXGroup section */
		084E29532465390C0040FB9D = {
			isa = PBXGroup;
			children = (
				084E295E2465390C0040FB9D /* PodsTest */,
				084E295D2465390C0040FB9D /* Products */,
				8102897EAB939CEA2D8979D1 /* Pods */,
				6D56091ABAACA24C01AE4F0B /* Frameworks */,
			);
			sourceTree = "<group>";
		};
		084E295D2465390C0040FB9D /* Products */ = {
			isa = PBXGroup;
			children = (
				084E295C2465390C0040FB9D /* PodsTest.app */,
			);
			name = Products;
			sourceTree = "<group>";
		};
		084E295E2465390C0040FB9D /* PodsTest */ = {
			isa = PBXGroup;
			children = (
				084E2973246542710040FB9D /* ObjectiveC */,
				084E295F2465390C0040FB9D /* AppDelegate.swift */,
				084E29612465390C0040FB9D /* SceneDelegate.swift */,
				084E29632465390C0040FB9D /* ViewController.swift */,
				084E29652465390C0040FB9D /* Main.storyboard */,
				084E2968246539110040FB9D /* Assets.xcassets */,
				084E296A246539110040FB9D /* LaunchScreen.storyboard */,
				084E296D246539110040FB9D /* Info.plist */,
			);
			path = PodsTest;
			sourceTree = "<group>";
		};
		084E2973246542710040FB9D /* ObjectiveC */ = {
			isa = PBXGroup;
			children = (
				084E29752465429E0040FB9D /* ObjectiveCTest.m */,
				084E2977246542B80040FB9D /* ObjectiveCTest.h */,
				084E29742465429E0040FB9D /* PodsTest-Bridging-Header.h */,
			);
			path = ObjectiveC;
			sourceTree = "<group>";
		};
		6D56091ABAACA24C01AE4F0B /* Frameworks */ = {
			isa = PBXGroup;
			children = (
				509EED30A9AB6BDC3ACF6A1F /* Pods_PodsTest.framework */,
			);
			name = Frameworks;
			sourceTree = "<group>";
		};
		8102897EAB939CEA2D8979D1 /* Pods */ = {
			isa = PBXGroup;
			children = (
				B6BD99ED788C8F84D25EB2B0 /* Pods-PodsTest.debug.xcconfig */,
				2818823FD44C854FC6FDE172 /* Pods-PodsTest.release.xcconfig */,
			);
			path = Pods;
			sourceTree = "<group>";
		};
/* End PBXGroup section */

/* Begin PBXNativeTarget section */
		084E295B2465390C0040FB9D /* PodsTest */ = {
			isa = PBXNativeTarget;
			buildConfigurationList = 084E2970246539110040FB9D /* Build configuration list for PBXNativeTarget "PodsTest" */;
			buildPhases = (
				B57BB65D6118A3C3670D6EA9 /* [CP] Check Pods Manifest.lock */,
				084E29582465390C0040FB9D /* Sources */,
				084E29592465390C0040FB9D /* Frameworks */,
				084E295A2465390C0040FB9D /* Resources */,
				8E8EA5DB761C749C16323F35 /* [CP] Embed Pods Frameworks */,
			);
			buildRules = (
			);
			dependencies = (
			);
			name = PodsTest;
			productName = PodsTest;
			productReference = 084E295C2465390C0040FB9D /* PodsTest.app */;
			productType = "com.apple.product-type.application";
		};
/* End PBXNativeTarget section */

/* Begin PBXProject section */
		084E29542465390C0040FB9D /* Project object */ = {
			isa = PBXProject;
			attributes = {
				LastSwiftUpdateCheck = 1140;
				LastUpgradeCheck = 1140;
				ORGANIZATIONNAME = TIWASZEK;
				TargetAttributes = {
					084E295B2465390C0040FB9D = {
						CreatedOnToolsVersion = 11.4.1;
						LastSwiftMigration = 1140;
					};
				};
			};
			buildConfigurationList = 084E29572465390C0040FB9D /* Build configuration list for PBXProject "PodsTest" */;
			compatibilityVersion = "Xcode 9.3";
			developmentRegion = en;
			hasScannedForEncodings = 0;
			knownRegions = (
				en,
				Base,
			);
			mainGroup = 084E29532465390C0040FB9D;
			productRefGroup = 084E295D2465390C0040FB9D /* Products */;
			projectDirPath = "";
			projectRoot = "";
			targets = (
				084E295B2465390C0040FB9D /* PodsTest */,
			);
		};
/* End PBXProject section */

/* Begin PBXResourcesBuildPhase section */
		084E295A2465390C0040FB9D /* Resources */ = {
			isa = PBXResourcesBuildPhase;
			buildActionMask = 2147483647;
			files = (
				084E296C246539110040FB9D /* LaunchScreen.storyboard in Resources */,
				084E2969246539110040FB9D /* Assets.xcassets in Resources */,
				084E29672465390C0040FB9D /* Main.storyboard in Resources */,
			);
			runOnlyForDeploymentPostprocessing = 0;
		};
/* End PBXResourcesBuildPhase section */

/* Begin PBXShellScriptBuildPhase section */
		8E8EA5DB761C749C16323F35 /* [CP] Embed Pods Frameworks */ = {
			isa = PBXShellScriptBuildPhase;
			buildActionMask = 2147483647;
			files = (
			);
			inputFileListPaths = (
				"${PODS_ROOT}/Target Support Files/Pods-PodsTest/Pods-PodsTest-frameworks-${CONFIGURATION}-input-files.xcfilelist",
			);
			name = "[CP] Embed Pods Frameworks";
			outputFileListPaths = (
				"${PODS_ROOT}/Target Support Files/Pods-PodsTest/Pods-PodsTest-frameworks-${CONFIGURATION}-output-files.xcfilelist",
			);
			runOnlyForDeploymentPostprocessing = 0;
			shellPath = /bin/sh;
			shellScript = "\"${PODS_ROOT}/Target Support Files/Pods-PodsTest/Pods-PodsTest-frameworks.sh\"\n";
			showEnvVarsInLog = 0;
		};
		B57BB65D6118A3C3670D6EA9 /* [CP] Check Pods Manifest.lock */ = {
			isa = PBXShellScriptBuildPhase;
			buildActionMask = 2147483647;
			files = (
			);
			inputFileListPaths = (
			);
			inputPaths = (
				"${PODS_PODFILE_DIR_PATH}/Podfile.lock",
				"${PODS_ROOT}/Manifest.lock",
			);
			name = "[CP] Check Pods Manifest.lock";
			outputFileListPaths = (
			);
			outputPaths = (
				"$(DERIVED_FILE_DIR)/Pods-PodsTest-checkManifestLockResult.txt",
			);
			runOnlyForDeploymentPostprocessing = 0;
			shellPath = /bin/sh;
			shellScript = "diff \"${PODS_PODFILE_DIR_PATH}/Podfile.lock\" \"${PODS_ROOT}/Manifest.lock\" > /dev/null\nif [ $? != 0 ] ; then\n    # print error to STDERR\n    echo \"error: The sandbox is not in sync with the Podfile.lock. Run 'pod install' or update your CocoaPods installation.\" >&2\n    exit 1\nfi\n# This output is used by Xcode 'outputs' to avoid re-running this script phase.\necho \"SUCCESS\" > \"${SCRIPT_OUTPUT_FILE_0}\"\n";
			showEnvVarsInLog = 0;
		};
/* End PBXShellScriptBuildPhase section */

/* Begin PBXSourcesBuildPhase section */
		084E29582465390C0040FB9D /* Sources */ = {
			isa = PBXSourcesBuildPhase;
			buildActionMask = 2147483647;
			files = (
				084E29642465390C0040FB9D /* ViewController.swift in Sources */,
				084E29762465429E0040FB9D /* ObjectiveCTest.m in Sources */,
				084E29602465390C0040FB9D /* AppDelegate.swift in Sources */,
				084E29622465390C0040FB9D /* SceneDelegate.swift in Sources */,
			);
			runOnlyForDeploymentPostprocessing = 0;
		};
/* End PBXSourcesBuildPhase section */

/* Begin PBXVariantGroup section */
		084E29652465390C0040FB9D /* Main.storyboard */ = {
			isa = PBXVariantGroup;
			children = (
				084E29662465390C0040FB9D /* Base */,
			);
			name = Main.storyboard;
			sourceTree = "<group>";
		};
		084E296A246539110040FB9D /* LaunchScreen.storyboard */ = {
			isa = PBXVariantGroup;
			children = (
				084E296B246539110040FB9D /* Base */,
			);
			name = LaunchScreen.storyboard;
			sourceTree = "<group>";
		};
/* End PBXVariantGroup section */

/* Begin XCBuildConfiguration section */
		084E296E246539110040FB9D /* Debug */ = {
			isa = XCBuildConfiguration;
			buildSettings = {
				ALWAYS_SEARCH_USER_PATHS = NO;
				CLANG_ANALYZER_NONNULL = YES;
				CLANG_ANALYZER_NUMBER_OBJECT_CONVERSION = YES_AGGRESSIVE;
				CLANG_CXX_LANGUAGE_STANDARD = "gnu++14";
				CLANG_CXX_LIBRARY = "libc++";
				CLANG_ENABLE_MODULES = YES;
				CLANG_ENABLE_OBJC_ARC = YES;
				CLANG_ENABLE_OBJC_WEAK = YES;
				CLANG_WARN_BLOCK_CAPTURE_AUTORELEASING = YES;
				CLANG_WARN_BOOL_CONVERSION = YES;
				CLANG_WARN_COMMA = YES;
				CLANG_WARN_CONSTANT_CONVERSION = YES;
				CLANG_WARN_DEPRECATED_OBJC_IMPLEMENTATIONS = YES;
				CLANG_WARN_DIRECT_OBJC_ISA_USAGE = YES_ERROR;
				CLANG_WARN_DOCUMENTATION_COMMENTS = YES;
				CLANG_WARN_EMPTY_BODY = YES;
				CLANG_WARN_ENUM_CONVERSION = YES;
				CLANG_WARN_INFINITE_RECURSION = YES;
				CLANG_WARN_INT_CONVERSION = YES;
				CLANG_WARN_NON_LITERAL_NULL_CONVERSION = YES;
				CLANG_WARN_OBJC_IMPLICIT_RETAIN_SELF = YES;
				CLANG_WARN_OBJC_LITERAL_CONVERSION = YES;
				CLANG_WARN_OBJC_ROOT_CLASS = YES_ERROR;
				CLANG_WARN_RANGE_LOOP_ANALYSIS = YES;
				CLANG_WARN_STRICT_PROTOTYPES = YES;
				CLANG_WARN_SUSPICIOUS_MOVE = YES;
				CLANG_WARN_UNGUARDED_AVAILABILITY = YES_AGGRESSIVE;
				CLANG_WARN_UNREACHABLE_CODE = YES;
				CLANG_WARN__DUPLICATE_METHOD_MATCH = YES;
				COPY_PHASE_STRIP = NO;
				DEBUG_INFORMATION_FORMAT = dwarf;
				ENABLE_STRICT_OBJC_MSGSEND = YES;
				ENABLE_TESTABILITY = YES;
				GCC_C_LANGUAGE_STANDARD = gnu11;
				GCC_DYNAMIC_NO_PIC = NO;
				GCC_NO_COMMON_BLOCKS = YES;
				GCC_OPTIMIZATION_LEVEL = 0;
				GCC_PREPROCESSOR_DEFINITIONS = (
					"DEBUG=1",
					"$(inherited)",
				);
				GCC_WARN_64_TO_32_BIT_CONVERSION = YES;
				GCC_WARN_ABOUT_RETURN_TYPE = YES_ERROR;
				GCC_WARN_UNDECLARED_SELECTOR = YES;
				GCC_WARN_UNINITIALIZED_AUTOS = YES_AGGRESSIVE;
				GCC_WARN_UNUSED_FUNCTION = YES;
				GCC_WARN_UNUSED_VARIABLE = YES;
				IPHONEOS_DEPLOYMENT_TARGET = 13.4;
				MTL_ENABLE_DEBUG_INFO = INCLUDE_SOURCE;
				MTL_FAST_MATH = YES;
				ONLY_ACTIVE_ARCH = YES;
				SDKROOT = iphoneos;
				SWIFT_ACTIVE_COMPILATION_CONDITIONS = DEBUG;
				SWIFT_OPTIMIZATION_LEVEL = "-Onone";
			};
			name = Debug;
		};
		084E296F246539110040FB9D /* Release */ = {
			isa = XCBuildConfiguration;
			buildSettings = {
				ALWAYS_SEARCH_USER_PATHS = NO;
				CLANG_ANALYZER_NONNULL = YES;
				CLANG_ANALYZER_NUMBER_OBJECT_CONVERSION = YES_AGGRESSIVE;
				CLANG_CXX_LANGUAGE_STANDARD = "gnu++14";
				CLANG_CXX_LIBRARY = "libc++";
				CLANG_ENABLE_MODULES = YES;
				CLANG_ENABLE_OBJC_ARC = YES;
				CLANG_ENABLE_OBJC_WEAK = YES;
				CLANG_WARN_BLOCK_CAPTURE_AUTORELEASING = YES;
				CLANG_WARN_BOOL_CONVERSION = YES;
				CLANG_WARN_COMMA = YES;
				CLANG_WARN_CONSTANT_CONVERSION = YES;
				CLANG_WARN_DEPRECATED_OBJC_IMPLEMENTATIONS = YES;
				CLANG_WARN_DIRECT_OBJC_ISA_USAGE = YES_ERROR;
				CLANG_WARN_DOCUMENTATION_COMMENTS = YES;
				CLANG_WARN_EMPTY_BODY = YES;
				CLANG_WARN_ENUM_CONVERSION = YES;
				CLANG_WARN_INFINITE_RECURSION = YES;
				CLANG_WARN_INT_CONVERSION = YES;
				CLANG_WARN_NON_LITERAL_NULL_CONVERSION = YES;
				CLANG_WARN_OBJC_IMPLICIT_RETAIN_SELF = YES;
				CLANG_WARN_OBJC_LITERAL_CONVERSION = YES;
				CLANG_WARN_OBJC_ROOT_CLASS = YES_ERROR;
				CLANG_WARN_RANGE_LOOP_ANALYSIS = YES;
				CLANG_WARN_STRICT_PROTOTYPES = YES;
				CLANG_WARN_SUSPICIOUS_MOVE = YES;
				CLANG_WARN_UNGUARDED_AVAILABILITY = YES_AGGRESSIVE;
				CLANG_WARN_UNREACHABLE_CODE = YES;
				CLANG_WARN__DUPLICATE_METHOD_MATCH = YES;
				COPY_PHASE_STRIP = NO;
				DEBUG_INFORMATION_FORMAT = "dwarf-with-dsym";
				ENABLE_NS_ASSERTIONS = NO;
				ENABLE_STRICT_OBJC_MSGSEND = YES;
				GCC_C_LANGUAGE_STANDARD = gnu11;
				GCC_NO_COMMON_BLOCKS = YES;
				GCC_WARN_64_TO_32_BIT_CONVERSION = YES;
				GCC_WARN_ABOUT_RETURN_TYPE = YES_ERROR;
				GCC_WARN_UNDECLARED_SELECTOR = YES;
				GCC_WARN_UNINITIALIZED_AUTOS = YES_AGGRESSIVE;
				GCC_WARN_UNUSED_FUNCTION = YES;
				GCC_WARN_UNUSED_VARIABLE = YES;
				IPHONEOS_DEPLOYMENT_TARGET = 13.4;
				MTL_ENABLE_DEBUG_INFO = NO;
				MTL_FAST_MATH = YES;
				SDKROOT = iphoneos;
				SWIFT_COMPILATION_MODE = wholemodule;
				SWIFT_OPTIMIZATION_LEVEL = "-O";
				VALIDATE_PRODUCT = YES;
			};
			name = Release;
		};
		084E2971246539110040FB9D /* Debug */ = {
			isa = XCBuildConfiguration;
			baseConfigurationReference = B6BD99ED788C8F84D25EB2B0 /* Pods-PodsTest.debug.xcconfig */;
			buildSettings = {
				ASSETCATALOG_COMPILER_APPICON_NAME = AppIcon;
				CLANG_ENABLE_MODULES = YES;
				CODE_SIGN_STYLE = Automatic;
				DEVELOPMENT_TEAM = 6GJ86WKP5G;
				INFOPLIST_FILE = PodsTest/Info.plist;
				LD_RUNPATH_SEARCH_PATHS = (
					"$(inherited)",
					"@executable_path/Frameworks",
				);
				PRODUCT_BUNDLE_IDENTIFIER = com.securetrading.PodsTest;
				PRODUCT_NAME = "$(TARGET_NAME)";
				SWIFT_OBJC_BRIDGING_HEADER = "PodsTest/ObjectiveC/PodsTest-Bridging-Header.h";
				SWIFT_OPTIMIZATION_LEVEL = "-Onone";
				SWIFT_VERSION = 5.0;
				TARGETED_DEVICE_FAMILY = "1,2";
			};
			name = Debug;
		};
		084E2972246539110040FB9D /* Release */ = {
			isa = XCBuildConfiguration;
			baseConfigurationReference = 2818823FD44C854FC6FDE172 /* Pods-PodsTest.release.xcconfig */;
			buildSettings = {
				ASSETCATALOG_COMPILER_APPICON_NAME = AppIcon;
				CLANG_ENABLE_MODULES = YES;
				CODE_SIGN_STYLE = Automatic;
				DEVELOPMENT_TEAM = 6GJ86WKP5G;
				INFOPLIST_FILE = PodsTest/Info.plist;
				LD_RUNPATH_SEARCH_PATHS = (
					"$(inherited)",
					"@executable_path/Frameworks",
				);
				PRODUCT_BUNDLE_IDENTIFIER = com.securetrading.PodsTest;
				PRODUCT_NAME = "$(TARGET_NAME)";
				SWIFT_OBJC_BRIDGING_HEADER = "PodsTest/ObjectiveC/PodsTest-Bridging-Header.h";
				SWIFT_VERSION = 5.0;
				TARGETED_DEVICE_FAMILY = "1,2";
			};
			name = Release;
		};
/* End XCBuildConfiguration section */

/* Begin XCConfigurationList section */
		084E29572465390C0040FB9D /* Build configuration list for PBXProject "PodsTest" */ = {
			isa = XCConfigurationList;
			buildConfigurations = (
				084E296E246539110040FB9D /* Debug */,
				084E296F246539110040FB9D /* Release */,
			);
			defaultConfigurationIsVisible = 0;
			defaultConfigurationName = Release;
		};
		084E2970246539110040FB9D /* Build configuration list for PBXNativeTarget "PodsTest" */ = {
			isa = XCConfigurationList;
			buildConfigurations = (
				084E2971246539110040FB9D /* Debug */,
				084E2972246539110040FB9D /* Release */,
			);
			defaultConfigurationIsVisible = 0;
			defaultConfigurationName = Release;
		};
/* End XCConfigurationList section */
	};
	rootObject = 084E29542465390C0040FB9D /* Project object */;
}
