// !$*UTF8*$!
{
	archiveVersion = 1;
	classes = {
	};
	objectVersion = 52;
	objects = {

/* Begin PBXBuildFile section */
		084E29CE246562C60040FB9D /* SecureTradingCoreTests.swift in Sources */ = {isa = PBXBuildFile; fileRef = 084E29CD246562C60040FB9D /* SecureTradingCoreTests.swift */; };
		084E29D0246562C60040FB9D /* SecureTradingCore.framework in Frameworks */ = {isa = PBXBuildFile; fileRef = 08E4FA6A2462A5EC00837339 /* SecureTradingCore.framework */; platformFilter = ios; };
		084E29DE246562DA0040FB9D /* SecureTradingUITests.swift in Sources */ = {isa = PBXBuildFile; fileRef = 084E29DD246562DA0040FB9D /* SecureTradingUITests.swift */; };
		084E29E0246562DA0040FB9D /* SecureTradingUI.framework in Frameworks */ = {isa = PBXBuildFile; fileRef = 08EF7D3E2462B12F008B5F3E /* SecureTradingUI.framework */; platformFilter = ios; };
		084E29E924656A5E0040FB9D /* UIView.swift in Sources */ = {isa = PBXBuildFile; fileRef = 084E29E824656A5D0040FB9D /* UIView.swift */; };
		084E29EC24656B4E0040FB9D /* CallbackWrapper.swift in Sources */ = {isa = PBXBuildFile; fileRef = 084E29EB24656B4E0040FB9D /* CallbackWrapper.swift */; };
		084E29EE24656D7F0040FB9D /* BaseView.swift in Sources */ = {isa = PBXBuildFile; fileRef = 084E29ED24656D7F0040FB9D /* BaseView.swift */; };
		084E29F124656DE00040FB9D /* ViewSetupable.swift in Sources */ = {isa = PBXBuildFile; fileRef = 084E29F024656DE00040FB9D /* ViewSetupable.swift */; };
		084E29F4246571B10040FB9D /* TestMainView.swift in Sources */ = {isa = PBXBuildFile; fileRef = 084E29F3246571B10040FB9D /* TestMainView.swift */; };
		084E29F6246573180040FB9D /* UIStackView.swift in Sources */ = {isa = PBXBuildFile; fileRef = 084E29F5246573180040FB9D /* UIStackView.swift */; };
		084E29F92465826F0040FB9D /* Fonts.swift in Sources */ = {isa = PBXBuildFile; fileRef = 084E29F82465826F0040FB9D /* Fonts.swift */; };
		084E29FB2465832C0040FB9D /* Colors.swift in Sources */ = {isa = PBXBuildFile; fileRef = 084E29FA2465832C0040FB9D /* Colors.swift */; };
		084E29FD246583B50040FB9D /* BaseViewCell.swift in Sources */ = {isa = PBXBuildFile; fileRef = 084E29FC246583B50040FB9D /* BaseViewCell.swift */; };
		084E29FF246583E20040FB9D /* Dequeueable.swift in Sources */ = {isa = PBXBuildFile; fileRef = 084E29FE246583E20040FB9D /* Dequeueable.swift */; };
		084E2A012465841D0040FB9D /* UITableView.swift in Sources */ = {isa = PBXBuildFile; fileRef = 084E2A002465841D0040FB9D /* UITableView.swift */; };
		084E2A03246585330040FB9D /* UICollectionView.swift in Sources */ = {isa = PBXBuildFile; fileRef = 084E2A02246585330040FB9D /* UICollectionView.swift */; };
		084E2A062465874B0040FB9D /* Localizable.swift in Sources */ = {isa = PBXBuildFile; fileRef = 084E2A052465874B0040FB9D /* Localizable.swift */; };
		084E2A0A246593C50040FB9D /* Localizable.strings in Resources */ = {isa = PBXBuildFile; fileRef = 084E2A0C246593C50040FB9D /* Localizable.strings */; };
		084E2A0E246599B70040FB9D /* FlowController.swift in Sources */ = {isa = PBXBuildFile; fileRef = 084E2A0D246599B70040FB9D /* FlowController.swift */; };
		084E2A10246599D90040FB9D /* NavigationFlowController.swift in Sources */ = {isa = PBXBuildFile; fileRef = 084E2A0F246599D90040FB9D /* NavigationFlowController.swift */; };
		084E2A12246599FC0040FB9D /* NavigationDelegate.swift in Sources */ = {isa = PBXBuildFile; fileRef = 084E2A11246599FC0040FB9D /* NavigationDelegate.swift */; };
		084E2A1424659A8E0040FB9D /* BaseFlowController.swift in Sources */ = {isa = PBXBuildFile; fileRef = 084E2A1324659A8E0040FB9D /* BaseFlowController.swift */; };
		084E2A1624659AC50040FB9D /* BaseNavigationFlowController.swift in Sources */ = {isa = PBXBuildFile; fileRef = 084E2A1524659AC50040FB9D /* BaseNavigationFlowController.swift */; };
		084E2A1924659B7B0040FB9D /* CustomBackNavigationController.swift in Sources */ = {isa = PBXBuildFile; fileRef = 084E2A1824659B7B0040FB9D /* CustomBackNavigationController.swift */; };
		084E2A1B24659BD30040FB9D /* PopBackView.swift in Sources */ = {isa = PBXBuildFile; fileRef = 084E2A1A24659BD30040FB9D /* PopBackView.swift */; };
		084E2A1D24659D6B0040FB9D /* TransparentNavigationBar.swift in Sources */ = {isa = PBXBuildFile; fileRef = 084E2A1C24659D6A0040FB9D /* TransparentNavigationBar.swift */; };
		084E2A1F24659E2C0040FB9D /* Array.swift in Sources */ = {isa = PBXBuildFile; fileRef = 084E2A1E24659E2C0040FB9D /* Array.swift */; };
		084E2A2124659EA70040FB9D /* SDKFoundation.swift in Sources */ = {isa = PBXBuildFile; fileRef = 084E2A2024659EA70040FB9D /* SDKFoundation.swift */; };
		084E2A2324659EE20040FB9D /* DefaultSDKFoundation.swift in Sources */ = {isa = PBXBuildFile; fileRef = 084E2A2224659EE20040FB9D /* DefaultSDKFoundation.swift */; };
		08639C3B246957CF00C8F90A /* ViewControllerFactory.swift in Sources */ = {isa = PBXBuildFile; fileRef = 08639C3A246957CF00C8F90A /* ViewControllerFactory.swift */; };
		08639C3D2469591400C8F90A /* ViewModelFactory.swift in Sources */ = {isa = PBXBuildFile; fileRef = 08639C3C2469591400C8F90A /* ViewModelFactory.swift */; };
		08639C902469752800C8F90A /* WhiteBackgroundBaseView.swift in Sources */ = {isa = PBXBuildFile; fileRef = 08639C8F2469752800C8F90A /* WhiteBackgroundBaseView.swift */; };
		08694877246924F900F625D0 /* TestMainViewModel.swift in Sources */ = {isa = PBXBuildFile; fileRef = 08694876246924F900F625D0 /* TestMainViewModel.swift */; };
		08694879246925EA00F625D0 /* TestMainViewController.swift in Sources */ = {isa = PBXBuildFile; fileRef = 08694878246925EA00F625D0 /* TestMainViewController.swift */; };
		0869487B246926FE00F625D0 /* TestMainFlowController.swift in Sources */ = {isa = PBXBuildFile; fileRef = 0869487A246926FE00F625D0 /* TestMainFlowController.swift */; };
		0869487D24692A3600F625D0 /* TestDetailsView.swift in Sources */ = {isa = PBXBuildFile; fileRef = 0869487C24692A3600F625D0 /* TestDetailsView.swift */; };
		0869487F24692A4400F625D0 /* TestDetailsViewModel.swift in Sources */ = {isa = PBXBuildFile; fileRef = 0869487E24692A4400F625D0 /* TestDetailsViewModel.swift */; };
		0869488124692A5600F625D0 /* TestDetailsViewController.swift in Sources */ = {isa = PBXBuildFile; fileRef = 0869488024692A5600F625D0 /* TestDetailsViewController.swift */; };
		0869488324692A7500F625D0 /* TestDetailsFlowController.swift in Sources */ = {isa = PBXBuildFile; fileRef = 0869488224692A7500F625D0 /* TestDetailsFlowController.swift */; };
		0869488524694FAF00F625D0 /* SDKFlowController.swift in Sources */ = {isa = PBXBuildFile; fileRef = 0869488424694FAF00F625D0 /* SDKFlowController.swift */; };
		089B41C6246D4B7000F70764 /* APIClientConfiguration.swift in Sources */ = {isa = PBXBuildFile; fileRef = 089B41C5246D4B7000F70764 /* APIClientConfiguration.swift */; };
		089B41C8246D4C7600F70764 /* APIRequest.swift in Sources */ = {isa = PBXBuildFile; fileRef = 089B41C7246D4C7600F70764 /* APIRequest.swift */; };
		089B41CA246D4CB700F70764 /* APIResponse.swift in Sources */ = {isa = PBXBuildFile; fileRef = 089B41C9246D4CB700F70764 /* APIResponse.swift */; };
		089B41CC246D4DE100F70764 /* APIRequestModel.swift in Sources */ = {isa = PBXBuildFile; fileRef = 089B41CB246D4DE100F70764 /* APIRequestModel.swift */; };
		089B41D0246D4E4B00F70764 /* Dictionary.swift in Sources */ = {isa = PBXBuildFile; fileRef = 089B41CF246D4E4B00F70764 /* Dictionary.swift */; };
		089B41D2246D52D400F70764 /* APIClientError.swift in Sources */ = {isa = PBXBuildFile; fileRef = 089B41D1246D52D400F70764 /* APIClientError.swift */; };
		089B41D5246D530800F70764 /* HumanReadableStringConvertible.swift in Sources */ = {isa = PBXBuildFile; fileRef = 089B41D4246D530800F70764 /* HumanReadableStringConvertible.swift */; };
		089B41D7246D536600F70764 /* NSError.swift in Sources */ = {isa = PBXBuildFile; fileRef = 089B41D6246D536600F70764 /* NSError.swift */; };
		089B41D9246D53CD00F70764 /* DefaultAPIClientConfiguration.swift in Sources */ = {isa = PBXBuildFile; fileRef = 089B41D8246D53CD00F70764 /* DefaultAPIClientConfiguration.swift */; };
		089B41DB246D573900F70764 /* APIManager.swift in Sources */ = {isa = PBXBuildFile; fileRef = 089B41DA246D573900F70764 /* APIManager.swift */; };
		089B41DF246D5ECB00F70764 /* RequestObject.swift in Sources */ = {isa = PBXBuildFile; fileRef = 089B41DE246D5ECB00F70764 /* RequestObject.swift */; };
		089B41E1246D600600F70764 /* GeneralRequest.swift in Sources */ = {isa = PBXBuildFile; fileRef = 089B41E0246D600600F70764 /* GeneralRequest.swift */; };
		089B41E4246D6FCE00F70764 /* GeneralResponse.swift in Sources */ = {isa = PBXBuildFile; fileRef = 089B41E3246D6FCE00F70764 /* GeneralResponse.swift */; };
		089B41E6246D791C00F70764 /* DefaultAPIManager.swift in Sources */ = {isa = PBXBuildFile; fileRef = 089B41E5246D791C00F70764 /* DefaultAPIManager.swift */; };
		08C31AF7246E842F00595B21 /* JWT.swift in Sources */ = {isa = PBXBuildFile; fileRef = 08C31AF6246E842F00595B21 /* JWT.swift */; };
		08C31AF9246E860C00595B21 /* DecodedJWT.swift in Sources */ = {isa = PBXBuildFile; fileRef = 08C31AF8246E860C00595B21 /* DecodedJWT.swift */; };
		08C31AFD246E8F2C00595B21 /* Claim.swift in Sources */ = {isa = PBXBuildFile; fileRef = 08C31AFC246E8F2C00595B21 /* Claim.swift */; };
		08C31B01246EA15100595B21 /* JWTBodyResponse.swift in Sources */ = {isa = PBXBuildFile; fileRef = 08C31B00246EA15100595B21 /* JWTBodyResponse.swift */; };
		08C31B03246EA25300595B21 /* JWTResponseObject.swift in Sources */ = {isa = PBXBuildFile; fileRef = 08C31B02246EA25300595B21 /* JWTResponseObject.swift */; };
		08E4FA6F2462A5EC00837339 /* SecureTradingCore.h in Headers */ = {isa = PBXBuildFile; fileRef = 08E4FA6D2462A5EC00837339 /* SecureTradingCore.h */; settings = {ATTRIBUTES = (Public, ); }; };
		08EF7CFD2462ABF1008B5F3E /* DefaultAPIClient.swift in Sources */ = {isa = PBXBuildFile; fileRef = 08EF7CFC2462ABF1008B5F3E /* DefaultAPIClient.swift */; };
		08EF7D002462AC32008B5F3E /* APIClient.swift in Sources */ = {isa = PBXBuildFile; fileRef = 08EF7CFF2462AC32008B5F3E /* APIClient.swift */; };
		08EF7D422462B12F008B5F3E /* SecureTradingUI.h in Headers */ = {isa = PBXBuildFile; fileRef = 08EF7D402462B12F008B5F3E /* SecureTradingUI.h */; settings = {ATTRIBUTES = (Public, ); }; };
		08EF7D4A2462B239008B5F3E /* BaseViewController.swift in Sources */ = {isa = PBXBuildFile; fileRef = 08EF7D492462B239008B5F3E /* BaseViewController.swift */; };
		08EF7D542462B790008B5F3E /* SecureTradingCore.framework in Frameworks */ = {isa = PBXBuildFile; fileRef = 08E4FA6A2462A5EC00837339 /* SecureTradingCore.framework */; platformFilter = ios; };
		104CFB12246ECD8000D7C76D /* SecureTrading3DSecure.framework in Frameworks */ = {isa = PBXBuildFile; fileRef = 104CFB09246ECD7F00D7C76D /* SecureTrading3DSecure.framework */; };
		104CFB17246ECD8000D7C76D /* SecureTrading3DSecureTests.swift in Sources */ = {isa = PBXBuildFile; fileRef = 104CFB16246ECD8000D7C76D /* SecureTrading3DSecureTests.swift */; };
		104CFB19246ECD8000D7C76D /* SecureTrading3DSecure.h in Headers */ = {isa = PBXBuildFile; fileRef = 104CFB0B246ECD7F00D7C76D /* SecureTrading3DSecure.h */; settings = {ATTRIBUTES = (Public, ); }; };
		104CFB28246ECE3A00D7C76D /* SecureTradingCore.framework in Frameworks */ = {isa = PBXBuildFile; fileRef = 08E4FA6A2462A5EC00837339 /* SecureTradingCore.framework */; };
		104CFB2D246ECF2F00D7C76D /* ST3DSecureManager.swift in Sources */ = {isa = PBXBuildFile; fileRef = 104CFB2C246ECF2F00D7C76D /* ST3DSecureManager.swift */; };
		10B5B82D2472B925009CE3A8 /* CardinalMobile.framework in Frameworks */ = {isa = PBXBuildFile; fileRef = 10B5B82C2472B8FA009CE3A8 /* CardinalMobile.framework */; settings = {ATTRIBUTES = (Weak, ); }; };
/* End PBXBuildFile section */

/* Begin PBXContainerItemProxy section */
		084E29D1246562C60040FB9D /* PBXContainerItemProxy */ = {
			isa = PBXContainerItemProxy;
			containerPortal = 08E4FA612462A5EC00837339 /* Project object */;
			proxyType = 1;
			remoteGlobalIDString = 08E4FA692462A5EC00837339;
			remoteInfo = SecureTradingCore;
		};
		084E29E1246562DA0040FB9D /* PBXContainerItemProxy */ = {
			isa = PBXContainerItemProxy;
			containerPortal = 08E4FA612462A5EC00837339 /* Project object */;
			proxyType = 1;
			remoteGlobalIDString = 08EF7D3D2462B12F008B5F3E;
			remoteInfo = SecureTradingUI;
		};
		08EF7D562462B790008B5F3E /* PBXContainerItemProxy */ = {
			isa = PBXContainerItemProxy;
			containerPortal = 08E4FA612462A5EC00837339 /* Project object */;
			proxyType = 1;
			remoteGlobalIDString = 08E4FA692462A5EC00837339;
			remoteInfo = SecureTradingCore;
		};
		104CFB13246ECD8000D7C76D /* PBXContainerItemProxy */ = {
			isa = PBXContainerItemProxy;
			containerPortal = 08E4FA612462A5EC00837339 /* Project object */;
			proxyType = 1;
			remoteGlobalIDString = 104CFB08246ECD7F00D7C76D;
			remoteInfo = SecureTrading3DSecure;
		};
		104CFB2A246ECE3A00D7C76D /* PBXContainerItemProxy */ = {
			isa = PBXContainerItemProxy;
			containerPortal = 08E4FA612462A5EC00837339 /* Project object */;
			proxyType = 1;
			remoteGlobalIDString = 08E4FA692462A5EC00837339;
			remoteInfo = SecureTradingCore;
		};
/* End PBXContainerItemProxy section */

/* Begin PBXCopyFilesBuildPhase section */
		104CFB33246ED48600D7C76D /* Embed Frameworks */ = {
			isa = PBXCopyFilesBuildPhase;
			buildActionMask = 2147483647;
			dstPath = "";
			dstSubfolderSpec = 10;
			files = (
			);
			name = "Embed Frameworks";
			runOnlyForDeploymentPostprocessing = 0;
		};
/* End PBXCopyFilesBuildPhase section */

/* Begin PBXFileReference section */
		082FC7A4246429D200D4E2B6 /* SDK-base.xcconfig */ = {isa = PBXFileReference; lastKnownFileType = text.xcconfig; path = "SDK-base.xcconfig"; sourceTree = "<group>"; };
		084E29CB246562C60040FB9D /* SecureTradingCoreTests.xctest */ = {isa = PBXFileReference; explicitFileType = wrapper.cfbundle; includeInIndex = 0; path = SecureTradingCoreTests.xctest; sourceTree = BUILT_PRODUCTS_DIR; };
		084E29CD246562C60040FB9D /* SecureTradingCoreTests.swift */ = {isa = PBXFileReference; lastKnownFileType = sourcecode.swift; path = SecureTradingCoreTests.swift; sourceTree = "<group>"; };
		084E29CF246562C60040FB9D /* Info.plist */ = {isa = PBXFileReference; lastKnownFileType = text.plist.xml; path = Info.plist; sourceTree = "<group>"; };
		084E29DB246562DA0040FB9D /* SecureTradingUITests.xctest */ = {isa = PBXFileReference; explicitFileType = wrapper.cfbundle; includeInIndex = 0; path = SecureTradingUITests.xctest; sourceTree = BUILT_PRODUCTS_DIR; };
		084E29DD246562DA0040FB9D /* SecureTradingUITests.swift */ = {isa = PBXFileReference; lastKnownFileType = sourcecode.swift; path = SecureTradingUITests.swift; sourceTree = "<group>"; };
		084E29DF246562DA0040FB9D /* Info.plist */ = {isa = PBXFileReference; lastKnownFileType = text.plist.xml; path = Info.plist; sourceTree = "<group>"; };
		084E29E824656A5D0040FB9D /* UIView.swift */ = {isa = PBXFileReference; lastKnownFileType = sourcecode.swift; path = UIView.swift; sourceTree = "<group>"; };
		084E29EB24656B4E0040FB9D /* CallbackWrapper.swift */ = {isa = PBXFileReference; lastKnownFileType = sourcecode.swift; path = CallbackWrapper.swift; sourceTree = "<group>"; };
		084E29ED24656D7F0040FB9D /* BaseView.swift */ = {isa = PBXFileReference; lastKnownFileType = sourcecode.swift; path = BaseView.swift; sourceTree = "<group>"; };
		084E29F024656DE00040FB9D /* ViewSetupable.swift */ = {isa = PBXFileReference; lastKnownFileType = sourcecode.swift; path = ViewSetupable.swift; sourceTree = "<group>"; };
		084E29F3246571B10040FB9D /* TestMainView.swift */ = {isa = PBXFileReference; lastKnownFileType = sourcecode.swift; path = TestMainView.swift; sourceTree = "<group>"; };
		084E29F5246573180040FB9D /* UIStackView.swift */ = {isa = PBXFileReference; lastKnownFileType = sourcecode.swift; path = UIStackView.swift; sourceTree = "<group>"; };
		084E29F82465826F0040FB9D /* Fonts.swift */ = {isa = PBXFileReference; lastKnownFileType = sourcecode.swift; path = Fonts.swift; sourceTree = "<group>"; };
		084E29FA2465832C0040FB9D /* Colors.swift */ = {isa = PBXFileReference; lastKnownFileType = sourcecode.swift; path = Colors.swift; sourceTree = "<group>"; };
		084E29FC246583B50040FB9D /* BaseViewCell.swift */ = {isa = PBXFileReference; lastKnownFileType = sourcecode.swift; path = BaseViewCell.swift; sourceTree = "<group>"; };
		084E29FE246583E20040FB9D /* Dequeueable.swift */ = {isa = PBXFileReference; lastKnownFileType = sourcecode.swift; path = Dequeueable.swift; sourceTree = "<group>"; };
		084E2A002465841D0040FB9D /* UITableView.swift */ = {isa = PBXFileReference; lastKnownFileType = sourcecode.swift; path = UITableView.swift; sourceTree = "<group>"; };
		084E2A02246585330040FB9D /* UICollectionView.swift */ = {isa = PBXFileReference; lastKnownFileType = sourcecode.swift; path = UICollectionView.swift; sourceTree = "<group>"; };
		084E2A052465874B0040FB9D /* Localizable.swift */ = {isa = PBXFileReference; lastKnownFileType = sourcecode.swift; path = Localizable.swift; sourceTree = "<group>"; };
		084E2A0B246593C50040FB9D /* en */ = {isa = PBXFileReference; lastKnownFileType = text.plist.strings; name = en; path = en.lproj/Localizable.strings; sourceTree = "<group>"; };
		084E2A0D246599B70040FB9D /* FlowController.swift */ = {isa = PBXFileReference; lastKnownFileType = sourcecode.swift; path = FlowController.swift; sourceTree = "<group>"; };
		084E2A0F246599D90040FB9D /* NavigationFlowController.swift */ = {isa = PBXFileReference; lastKnownFileType = sourcecode.swift; path = NavigationFlowController.swift; sourceTree = "<group>"; };
		084E2A11246599FC0040FB9D /* NavigationDelegate.swift */ = {isa = PBXFileReference; lastKnownFileType = sourcecode.swift; path = NavigationDelegate.swift; sourceTree = "<group>"; };
		084E2A1324659A8E0040FB9D /* BaseFlowController.swift */ = {isa = PBXFileReference; lastKnownFileType = sourcecode.swift; path = BaseFlowController.swift; sourceTree = "<group>"; };
		084E2A1524659AC50040FB9D /* BaseNavigationFlowController.swift */ = {isa = PBXFileReference; lastKnownFileType = sourcecode.swift; path = BaseNavigationFlowController.swift; sourceTree = "<group>"; };
		084E2A1824659B7B0040FB9D /* CustomBackNavigationController.swift */ = {isa = PBXFileReference; lastKnownFileType = sourcecode.swift; path = CustomBackNavigationController.swift; sourceTree = "<group>"; };
		084E2A1A24659BD30040FB9D /* PopBackView.swift */ = {isa = PBXFileReference; lastKnownFileType = sourcecode.swift; path = PopBackView.swift; sourceTree = "<group>"; };
		084E2A1C24659D6A0040FB9D /* TransparentNavigationBar.swift */ = {isa = PBXFileReference; lastKnownFileType = sourcecode.swift; path = TransparentNavigationBar.swift; sourceTree = "<group>"; };
		084E2A1E24659E2C0040FB9D /* Array.swift */ = {isa = PBXFileReference; lastKnownFileType = sourcecode.swift; path = Array.swift; sourceTree = "<group>"; };
		084E2A2024659EA70040FB9D /* SDKFoundation.swift */ = {isa = PBXFileReference; lastKnownFileType = sourcecode.swift; path = SDKFoundation.swift; sourceTree = "<group>"; };
		084E2A2224659EE20040FB9D /* DefaultSDKFoundation.swift */ = {isa = PBXFileReference; lastKnownFileType = sourcecode.swift; path = DefaultSDKFoundation.swift; sourceTree = "<group>"; };
		08639C3A246957CF00C8F90A /* ViewControllerFactory.swift */ = {isa = PBXFileReference; lastKnownFileType = sourcecode.swift; path = ViewControllerFactory.swift; sourceTree = "<group>"; };
		08639C3C2469591400C8F90A /* ViewModelFactory.swift */ = {isa = PBXFileReference; lastKnownFileType = sourcecode.swift; path = ViewModelFactory.swift; sourceTree = "<group>"; };
		08639C8F2469752800C8F90A /* WhiteBackgroundBaseView.swift */ = {isa = PBXFileReference; lastKnownFileType = sourcecode.swift; path = WhiteBackgroundBaseView.swift; sourceTree = "<group>"; };
		08694876246924F900F625D0 /* TestMainViewModel.swift */ = {isa = PBXFileReference; lastKnownFileType = sourcecode.swift; path = TestMainViewModel.swift; sourceTree = "<group>"; };
		08694878246925EA00F625D0 /* TestMainViewController.swift */ = {isa = PBXFileReference; lastKnownFileType = sourcecode.swift; path = TestMainViewController.swift; sourceTree = "<group>"; };
		0869487A246926FE00F625D0 /* TestMainFlowController.swift */ = {isa = PBXFileReference; lastKnownFileType = sourcecode.swift; path = TestMainFlowController.swift; sourceTree = "<group>"; };
		0869487C24692A3600F625D0 /* TestDetailsView.swift */ = {isa = PBXFileReference; lastKnownFileType = sourcecode.swift; path = TestDetailsView.swift; sourceTree = "<group>"; };
		0869487E24692A4400F625D0 /* TestDetailsViewModel.swift */ = {isa = PBXFileReference; lastKnownFileType = sourcecode.swift; path = TestDetailsViewModel.swift; sourceTree = "<group>"; };
		0869488024692A5600F625D0 /* TestDetailsViewController.swift */ = {isa = PBXFileReference; lastKnownFileType = sourcecode.swift; path = TestDetailsViewController.swift; sourceTree = "<group>"; };
		0869488224692A7500F625D0 /* TestDetailsFlowController.swift */ = {isa = PBXFileReference; lastKnownFileType = sourcecode.swift; path = TestDetailsFlowController.swift; sourceTree = "<group>"; };
		0869488424694FAF00F625D0 /* SDKFlowController.swift */ = {isa = PBXFileReference; lastKnownFileType = sourcecode.swift; path = SDKFlowController.swift; sourceTree = "<group>"; };
		089B41C5246D4B7000F70764 /* APIClientConfiguration.swift */ = {isa = PBXFileReference; lastKnownFileType = sourcecode.swift; path = APIClientConfiguration.swift; sourceTree = "<group>"; };
		089B41C7246D4C7600F70764 /* APIRequest.swift */ = {isa = PBXFileReference; lastKnownFileType = sourcecode.swift; path = APIRequest.swift; sourceTree = "<group>"; };
		089B41C9246D4CB700F70764 /* APIResponse.swift */ = {isa = PBXFileReference; lastKnownFileType = sourcecode.swift; path = APIResponse.swift; sourceTree = "<group>"; };
		089B41CB246D4DE100F70764 /* APIRequestModel.swift */ = {isa = PBXFileReference; lastKnownFileType = sourcecode.swift; path = APIRequestModel.swift; sourceTree = "<group>"; };
		089B41CF246D4E4B00F70764 /* Dictionary.swift */ = {isa = PBXFileReference; lastKnownFileType = sourcecode.swift; path = Dictionary.swift; sourceTree = "<group>"; };
		089B41D1246D52D400F70764 /* APIClientError.swift */ = {isa = PBXFileReference; lastKnownFileType = sourcecode.swift; path = APIClientError.swift; sourceTree = "<group>"; };
		089B41D4246D530800F70764 /* HumanReadableStringConvertible.swift */ = {isa = PBXFileReference; lastKnownFileType = sourcecode.swift; path = HumanReadableStringConvertible.swift; sourceTree = "<group>"; };
		089B41D6246D536600F70764 /* NSError.swift */ = {isa = PBXFileReference; lastKnownFileType = sourcecode.swift; path = NSError.swift; sourceTree = "<group>"; };
		089B41D8246D53CD00F70764 /* DefaultAPIClientConfiguration.swift */ = {isa = PBXFileReference; lastKnownFileType = sourcecode.swift; path = DefaultAPIClientConfiguration.swift; sourceTree = "<group>"; };
		089B41DA246D573900F70764 /* APIManager.swift */ = {isa = PBXFileReference; lastKnownFileType = sourcecode.swift; path = APIManager.swift; sourceTree = "<group>"; };
		089B41DE246D5ECB00F70764 /* RequestObject.swift */ = {isa = PBXFileReference; lastKnownFileType = sourcecode.swift; path = RequestObject.swift; sourceTree = "<group>"; };
		089B41E0246D600600F70764 /* GeneralRequest.swift */ = {isa = PBXFileReference; lastKnownFileType = sourcecode.swift; path = GeneralRequest.swift; sourceTree = "<group>"; };
		089B41E3246D6FCE00F70764 /* GeneralResponse.swift */ = {isa = PBXFileReference; lastKnownFileType = sourcecode.swift; path = GeneralResponse.swift; sourceTree = "<group>"; };
		089B41E5246D791C00F70764 /* DefaultAPIManager.swift */ = {isa = PBXFileReference; lastKnownFileType = sourcecode.swift; path = DefaultAPIManager.swift; sourceTree = "<group>"; };
		08C31AF6246E842F00595B21 /* JWT.swift */ = {isa = PBXFileReference; lastKnownFileType = sourcecode.swift; path = JWT.swift; sourceTree = "<group>"; };
		08C31AF8246E860C00595B21 /* DecodedJWT.swift */ = {isa = PBXFileReference; lastKnownFileType = sourcecode.swift; path = DecodedJWT.swift; sourceTree = "<group>"; };
		08C31AFC246E8F2C00595B21 /* Claim.swift */ = {isa = PBXFileReference; lastKnownFileType = sourcecode.swift; path = Claim.swift; sourceTree = "<group>"; };
		08C31B00246EA15100595B21 /* JWTBodyResponse.swift */ = {isa = PBXFileReference; lastKnownFileType = sourcecode.swift; path = JWTBodyResponse.swift; sourceTree = "<group>"; };
		08C31B02246EA25300595B21 /* JWTResponseObject.swift */ = {isa = PBXFileReference; lastKnownFileType = sourcecode.swift; path = JWTResponseObject.swift; sourceTree = "<group>"; };
		08E4FA6A2462A5EC00837339 /* SecureTradingCore.framework */ = {isa = PBXFileReference; explicitFileType = wrapper.framework; includeInIndex = 0; path = SecureTradingCore.framework; sourceTree = BUILT_PRODUCTS_DIR; };
		08E4FA6D2462A5EC00837339 /* SecureTradingCore.h */ = {isa = PBXFileReference; lastKnownFileType = sourcecode.c.h; path = SecureTradingCore.h; sourceTree = "<group>"; };
		08E4FA6E2462A5EC00837339 /* Info.plist */ = {isa = PBXFileReference; lastKnownFileType = text.plist.xml; path = Info.plist; sourceTree = "<group>"; };
		08EF7CFC2462ABF1008B5F3E /* DefaultAPIClient.swift */ = {isa = PBXFileReference; lastKnownFileType = sourcecode.swift; path = DefaultAPIClient.swift; sourceTree = "<group>"; };
		08EF7CFF2462AC32008B5F3E /* APIClient.swift */ = {isa = PBXFileReference; lastKnownFileType = sourcecode.swift; path = APIClient.swift; sourceTree = "<group>"; };
		08EF7D3E2462B12F008B5F3E /* SecureTradingUI.framework */ = {isa = PBXFileReference; explicitFileType = wrapper.framework; includeInIndex = 0; path = SecureTradingUI.framework; sourceTree = BUILT_PRODUCTS_DIR; };
		08EF7D402462B12F008B5F3E /* SecureTradingUI.h */ = {isa = PBXFileReference; lastKnownFileType = sourcecode.c.h; path = SecureTradingUI.h; sourceTree = "<group>"; };
		08EF7D412462B12F008B5F3E /* Info.plist */ = {isa = PBXFileReference; lastKnownFileType = text.plist.xml; path = Info.plist; sourceTree = "<group>"; };
		08EF7D492462B239008B5F3E /* BaseViewController.swift */ = {isa = PBXFileReference; lastKnownFileType = sourcecode.swift; path = BaseViewController.swift; sourceTree = "<group>"; };
		104CFB09246ECD7F00D7C76D /* SecureTrading3DSecure.framework */ = {isa = PBXFileReference; explicitFileType = wrapper.framework; includeInIndex = 0; path = SecureTrading3DSecure.framework; sourceTree = BUILT_PRODUCTS_DIR; };
		104CFB0B246ECD7F00D7C76D /* SecureTrading3DSecure.h */ = {isa = PBXFileReference; lastKnownFileType = sourcecode.c.h; path = SecureTrading3DSecure.h; sourceTree = "<group>"; };
		104CFB0C246ECD7F00D7C76D /* Info.plist */ = {isa = PBXFileReference; lastKnownFileType = text.plist.xml; path = Info.plist; sourceTree = "<group>"; };
		104CFB11246ECD7F00D7C76D /* SecureTrading3DSecureTests.xctest */ = {isa = PBXFileReference; explicitFileType = wrapper.cfbundle; includeInIndex = 0; path = SecureTrading3DSecureTests.xctest; sourceTree = BUILT_PRODUCTS_DIR; };
		104CFB16246ECD8000D7C76D /* SecureTrading3DSecureTests.swift */ = {isa = PBXFileReference; lastKnownFileType = sourcecode.swift; path = SecureTrading3DSecureTests.swift; sourceTree = "<group>"; };
		104CFB18246ECD8000D7C76D /* Info.plist */ = {isa = PBXFileReference; lastKnownFileType = text.plist.xml; path = Info.plist; sourceTree = "<group>"; };
		104CFB2C246ECF2F00D7C76D /* ST3DSecureManager.swift */ = {isa = PBXFileReference; lastKnownFileType = sourcecode.swift; path = ST3DSecureManager.swift; sourceTree = "<group>"; };
		10B5B82C2472B8FA009CE3A8 /* CardinalMobile.framework */ = {isa = PBXFileReference; lastKnownFileType = wrapper.framework; path = CardinalMobile.framework; sourceTree = "<group>"; };
/* End PBXFileReference section */

/* Begin PBXFrameworksBuildPhase section */
		084E29C8246562C60040FB9D /* Frameworks */ = {
			isa = PBXFrameworksBuildPhase;
			buildActionMask = 2147483647;
			files = (
				084E29D0246562C60040FB9D /* SecureTradingCore.framework in Frameworks */,
			);
			runOnlyForDeploymentPostprocessing = 0;
		};
		084E29D8246562DA0040FB9D /* Frameworks */ = {
			isa = PBXFrameworksBuildPhase;
			buildActionMask = 2147483647;
			files = (
				084E29E0246562DA0040FB9D /* SecureTradingUI.framework in Frameworks */,
			);
			runOnlyForDeploymentPostprocessing = 0;
		};
		08E4FA672462A5EC00837339 /* Frameworks */ = {
			isa = PBXFrameworksBuildPhase;
			buildActionMask = 2147483647;
			files = (
			);
			runOnlyForDeploymentPostprocessing = 0;
		};
		08EF7D3B2462B12F008B5F3E /* Frameworks */ = {
			isa = PBXFrameworksBuildPhase;
			buildActionMask = 2147483647;
			files = (
				08EF7D542462B790008B5F3E /* SecureTradingCore.framework in Frameworks */,
			);
			runOnlyForDeploymentPostprocessing = 0;
		};
		104CFB06246ECD7F00D7C76D /* Frameworks */ = {
			isa = PBXFrameworksBuildPhase;
			buildActionMask = 2147483647;
			files = (
				10B5B82D2472B925009CE3A8 /* CardinalMobile.framework in Frameworks */,
				104CFB28246ECE3A00D7C76D /* SecureTradingCore.framework in Frameworks */,
			);
			runOnlyForDeploymentPostprocessing = 0;
		};
		104CFB0E246ECD7F00D7C76D /* Frameworks */ = {
			isa = PBXFrameworksBuildPhase;
			buildActionMask = 2147483647;
			files = (
				104CFB12246ECD8000D7C76D /* SecureTrading3DSecure.framework in Frameworks */,
			);
			runOnlyForDeploymentPostprocessing = 0;
		};
/* End PBXFrameworksBuildPhase section */

/* Begin PBXGroup section */
		082FC7A3246429B100D4E2B6 /* Configurations */ = {
			isa = PBXGroup;
			children = (
				082FC7A4246429D200D4E2B6 /* SDK-base.xcconfig */,
			);
			path = Configurations;
			sourceTree = "<group>";
		};
		084E29CC246562C60040FB9D /* SecureTradingCoreTests */ = {
			isa = PBXGroup;
			children = (
				084E29CD246562C60040FB9D /* SecureTradingCoreTests.swift */,
				084E29CF246562C60040FB9D /* Info.plist */,
			);
			path = SecureTradingCoreTests;
			sourceTree = "<group>";
		};
		084E29DC246562DA0040FB9D /* SecureTradingUITests */ = {
			isa = PBXGroup;
			children = (
				084E29DD246562DA0040FB9D /* SecureTradingUITests.swift */,
				084E29DF246562DA0040FB9D /* Info.plist */,
			);
			path = SecureTradingUITests;
			sourceTree = "<group>";
		};
		084E29E724656A090040FB9D /* Extensions */ = {
			isa = PBXGroup;
			children = (
				084E29E824656A5D0040FB9D /* UIView.swift */,
				084E29F5246573180040FB9D /* UIStackView.swift */,
				084E2A002465841D0040FB9D /* UITableView.swift */,
				084E2A02246585330040FB9D /* UICollectionView.swift */,
				084E2A1E24659E2C0040FB9D /* Array.swift */,
			);
			path = Extensions;
			sourceTree = "<group>";
		};
		084E29EA24656B370040FB9D /* Helpers */ = {
			isa = PBXGroup;
			children = (
				084E29EB24656B4E0040FB9D /* CallbackWrapper.swift */,
			);
			path = Helpers;
			sourceTree = "<group>";
		};
		084E29EF24656DC50040FB9D /* Protocols */ = {
			isa = PBXGroup;
			children = (
				084E29F024656DE00040FB9D /* ViewSetupable.swift */,
				084E2A0D246599B70040FB9D /* FlowController.swift */,
				084E2A0F246599D90040FB9D /* NavigationFlowController.swift */,
				084E2A11246599FC0040FB9D /* NavigationDelegate.swift */,
			);
			path = Protocols;
			sourceTree = "<group>";
		};
		084E29F2246571A40040FB9D /* TestMain */ = {
			isa = PBXGroup;
			children = (
				084E29F3246571B10040FB9D /* TestMainView.swift */,
				08694876246924F900F625D0 /* TestMainViewModel.swift */,
				08694878246925EA00F625D0 /* TestMainViewController.swift */,
				0869487A246926FE00F625D0 /* TestMainFlowController.swift */,
			);
			path = TestMain;
			sourceTree = "<group>";
		};
		084E29F7246582530040FB9D /* Appearance */ = {
			isa = PBXGroup;
			children = (
				084E29F82465826F0040FB9D /* Fonts.swift */,
				084E29FA2465832C0040FB9D /* Colors.swift */,
			);
			path = Appearance;
			sourceTree = "<group>";
		};
		084E2A042465860E0040FB9D /* Resources */ = {
			isa = PBXGroup;
			children = (
				084E2A07246593900040FB9D /* Strings */,
			);
			path = Resources;
			sourceTree = "<group>";
		};
		084E2A07246593900040FB9D /* Strings */ = {
			isa = PBXGroup;
			children = (
				084E2A052465874B0040FB9D /* Localizable.swift */,
				084E2A0C246593C50040FB9D /* Localizable.strings */,
			);
			path = Strings;
			sourceTree = "<group>";
		};
		084E2A1724659B5B0040FB9D /* Views */ = {
			isa = PBXGroup;
			children = (
				084E2A1824659B7B0040FB9D /* CustomBackNavigationController.swift */,
				084E2A1A24659BD30040FB9D /* PopBackView.swift */,
				084E2A1C24659D6A0040FB9D /* TransparentNavigationBar.swift */,
			);
			path = Views;
			sourceTree = "<group>";
		};
		08639C392469577700C8F90A /* Factory */ = {
			isa = PBXGroup;
			children = (
				08639C3A246957CF00C8F90A /* ViewControllerFactory.swift */,
				08639C3C2469591400C8F90A /* ViewModelFactory.swift */,
			);
			path = Factory;
			sourceTree = "<group>";
		};
		08694875246924CA00F625D0 /* TestDetails */ = {
			isa = PBXGroup;
			children = (
				0869487C24692A3600F625D0 /* TestDetailsView.swift */,
				0869487E24692A4400F625D0 /* TestDetailsViewModel.swift */,
				0869488024692A5600F625D0 /* TestDetailsViewController.swift */,
				0869488224692A7500F625D0 /* TestDetailsFlowController.swift */,
			);
			path = TestDetails;
			sourceTree = "<group>";
		};
		086948862469511400F625D0 /* SDK Flow */ = {
			isa = PBXGroup;
			children = (
				0869488424694FAF00F625D0 /* SDKFlowController.swift */,
			);
			path = "SDK Flow";
			sourceTree = "<group>";
		};
		089B41CD246D4E3000F70764 /* Common */ = {
			isa = PBXGroup;
			children = (
				089B41D3246D52F000F70764 /* Protocols */,
				089B41CE246D4E3600F70764 /* Extensions */,
			);
			path = Common;
			sourceTree = "<group>";
		};
		089B41CE246D4E3600F70764 /* Extensions */ = {
			isa = PBXGroup;
			children = (
				089B41CF246D4E4B00F70764 /* Dictionary.swift */,
				089B41D6246D536600F70764 /* NSError.swift */,
			);
			path = Extensions;
			sourceTree = "<group>";
		};
		089B41D3246D52F000F70764 /* Protocols */ = {
			isa = PBXGroup;
			children = (
				089B41D4246D530800F70764 /* HumanReadableStringConvertible.swift */,
			);
			path = Protocols;
			sourceTree = "<group>";
		};
		089B41DC246D5CC300F70764 /* Requests */ = {
			isa = PBXGroup;
			children = (
				089B41E0246D600600F70764 /* GeneralRequest.swift */,
			);
			path = Requests;
			sourceTree = "<group>";
		};
		089B41DD246D5CD100F70764 /* Models */ = {
			isa = PBXGroup;
			children = (
				08C31B02246EA25300595B21 /* JWTResponseObject.swift */,
				089B41DE246D5ECB00F70764 /* RequestObject.swift */,
			);
			path = Models;
			sourceTree = "<group>";
		};
		089B41E2246D6F1600F70764 /* Responses */ = {
			isa = PBXGroup;
			children = (
				089B41E3246D6FCE00F70764 /* GeneralResponse.swift */,
				08C31B00246EA15100595B21 /* JWTBodyResponse.swift */,
			);
			path = Responses;
			sourceTree = "<group>";
		};
		08C31AF5246E840300595B21 /* JWT */ = {
			isa = PBXGroup;
			children = (
				08C31AF8246E860C00595B21 /* DecodedJWT.swift */,
				08C31AFC246E8F2C00595B21 /* Claim.swift */,
			);
			path = JWT;
			sourceTree = "<group>";
		};
		08E4FA602462A5EC00837339 = {
			isa = PBXGroup;
			children = (
				10B5B82B2472B870009CE3A8 /* Frameworks */,
				082FC7A3246429B100D4E2B6 /* Configurations */,
				08E4FA6C2462A5EC00837339 /* SecureTradingCore */,
				08EF7D3F2462B12F008B5F3E /* SecureTradingUI */,
				084E29CC246562C60040FB9D /* SecureTradingCoreTests */,
				084E29DC246562DA0040FB9D /* SecureTradingUITests */,
				104CFB0A246ECD7F00D7C76D /* SecureTrading3DSecure */,
				104CFB15246ECD8000D7C76D /* SecureTrading3DSecureTests */,
				08E4FA6B2462A5EC00837339 /* Products */,
				08EF7D532462B790008B5F3E /* Frameworks */,
			);
			sourceTree = "<group>";
		};
		08E4FA6B2462A5EC00837339 /* Products */ = {
			isa = PBXGroup;
			children = (
				08E4FA6A2462A5EC00837339 /* SecureTradingCore.framework */,
				08EF7D3E2462B12F008B5F3E /* SecureTradingUI.framework */,
				084E29CB246562C60040FB9D /* SecureTradingCoreTests.xctest */,
				084E29DB246562DA0040FB9D /* SecureTradingUITests.xctest */,
				104CFB09246ECD7F00D7C76D /* SecureTrading3DSecure.framework */,
				104CFB11246ECD7F00D7C76D /* SecureTrading3DSecureTests.xctest */,
			);
			name = Products;
			sourceTree = "<group>";
		};
		08E4FA6C2462A5EC00837339 /* SecureTradingCore */ = {
			isa = PBXGroup;
			children = (
				08EF7CFA2462AAAC008B5F3E /* Source files */,
				08E4FA6D2462A5EC00837339 /* SecureTradingCore.h */,
				08E4FA6E2462A5EC00837339 /* Info.plist */,
			);
			path = SecureTradingCore;
			sourceTree = "<group>";
		};
		08EF7CFA2462AAAC008B5F3E /* Source files */ = {
			isa = PBXGroup;
			children = (
				089B41CD246D4E3000F70764 /* Common */,
				08EF7CFB2462ABD0008B5F3E /* API */,
				084E2A2024659EA70040FB9D /* SDKFoundation.swift */,
				084E2A2224659EE20040FB9D /* DefaultSDKFoundation.swift */,
			);
			path = "Source files";
			sourceTree = "<group>";
		};
		08EF7CFB2462ABD0008B5F3E /* API */ = {
			isa = PBXGroup;
			children = (
				08C31AF5246E840300595B21 /* JWT */,
				089B41DC246D5CC300F70764 /* Requests */,
				089B41E2246D6F1600F70764 /* Responses */,
				089B41DD246D5CD100F70764 /* Models */,
				08EF7CFE2462AC1E008B5F3E /* Abstraction */,
				08EF7CFC2462ABF1008B5F3E /* DefaultAPIClient.swift */,
				089B41D8246D53CD00F70764 /* DefaultAPIClientConfiguration.swift */,
				089B41E5246D791C00F70764 /* DefaultAPIManager.swift */,
			);
			path = API;
			sourceTree = "<group>";
		};
		08EF7CFE2462AC1E008B5F3E /* Abstraction */ = {
			isa = PBXGroup;
			children = (
				08C31AF6246E842F00595B21 /* JWT.swift */,
				089B41DA246D573900F70764 /* APIManager.swift */,
				08EF7CFF2462AC32008B5F3E /* APIClient.swift */,
				089B41C5246D4B7000F70764 /* APIClientConfiguration.swift */,
				089B41C7246D4C7600F70764 /* APIRequest.swift */,
				089B41C9246D4CB700F70764 /* APIResponse.swift */,
				089B41CB246D4DE100F70764 /* APIRequestModel.swift */,
				089B41D1246D52D400F70764 /* APIClientError.swift */,
			);
			path = Abstraction;
			sourceTree = "<group>";
		};
		08EF7D3F2462B12F008B5F3E /* SecureTradingUI */ = {
			isa = PBXGroup;
			children = (
				084E2A042465860E0040FB9D /* Resources */,
				08EF7D462462B185008B5F3E /* Source Files */,
				08EF7D402462B12F008B5F3E /* SecureTradingUI.h */,
				08EF7D412462B12F008B5F3E /* Info.plist */,
			);
			path = SecureTradingUI;
			sourceTree = "<group>";
		};
		08EF7D462462B185008B5F3E /* Source Files */ = {
			isa = PBXGroup;
			children = (
				08639C392469577700C8F90A /* Factory */,
				086948862469511400F625D0 /* SDK Flow */,
				08EF7D4B2462B270008B5F3E /* Modules */,
				08EF7D472462B1F1008B5F3E /* Common */,
			);
			path = "Source Files";
			sourceTree = "<group>";
		};
		08EF7D472462B1F1008B5F3E /* Common */ = {
			isa = PBXGroup;
			children = (
				084E2A1724659B5B0040FB9D /* Views */,
				084E29F7246582530040FB9D /* Appearance */,
				084E29EF24656DC50040FB9D /* Protocols */,
				084E29EA24656B370040FB9D /* Helpers */,
				084E29E724656A090040FB9D /* Extensions */,
				08EF7D482462B1F9008B5F3E /* Abstract */,
			);
			path = Common;
			sourceTree = "<group>";
		};
		08EF7D482462B1F9008B5F3E /* Abstract */ = {
			isa = PBXGroup;
			children = (
				08EF7D492462B239008B5F3E /* BaseViewController.swift */,
				084E29ED24656D7F0040FB9D /* BaseView.swift */,
				084E29FC246583B50040FB9D /* BaseViewCell.swift */,
				084E29FE246583E20040FB9D /* Dequeueable.swift */,
				084E2A1324659A8E0040FB9D /* BaseFlowController.swift */,
				084E2A1524659AC50040FB9D /* BaseNavigationFlowController.swift */,
				08639C8F2469752800C8F90A /* WhiteBackgroundBaseView.swift */,
			);
			path = Abstract;
			sourceTree = "<group>";
		};
		08EF7D4B2462B270008B5F3E /* Modules */ = {
			isa = PBXGroup;
			children = (
				08694875246924CA00F625D0 /* TestDetails */,
				084E29F2246571A40040FB9D /* TestMain */,
			);
			path = Modules;
			sourceTree = "<group>";
		};
		08EF7D532462B790008B5F3E /* Frameworks */ = {
			isa = PBXGroup;
			children = (
			);
			name = Frameworks;
			sourceTree = "<group>";
		};
		104CFB0A246ECD7F00D7C76D /* SecureTrading3DSecure */ = {
			isa = PBXGroup;
			children = (
				104CFB22246ECDD400D7C76D /* Source files */,
				104CFB0B246ECD7F00D7C76D /* SecureTrading3DSecure.h */,
				104CFB0C246ECD7F00D7C76D /* Info.plist */,
			);
			path = SecureTrading3DSecure;
			sourceTree = "<group>";
		};
		104CFB15246ECD8000D7C76D /* SecureTrading3DSecureTests */ = {
			isa = PBXGroup;
			children = (
				104CFB16246ECD8000D7C76D /* SecureTrading3DSecureTests.swift */,
				104CFB18246ECD8000D7C76D /* Info.plist */,
			);
			path = SecureTrading3DSecureTests;
			sourceTree = "<group>";
		};
		104CFB22246ECDD400D7C76D /* Source files */ = {
			isa = PBXGroup;
			children = (
				104CFB2C246ECF2F00D7C76D /* ST3DSecureManager.swift */,
			);
			path = "Source files";
			sourceTree = "<group>";
		};
		10B5B82B2472B870009CE3A8 /* Frameworks */ = {
			isa = PBXGroup;
			children = (
				10B5B82C2472B8FA009CE3A8 /* CardinalMobile.framework */,
			);
			path = Frameworks;
			sourceTree = "<group>";
		};
/* End PBXGroup section */

/* Begin PBXHeadersBuildPhase section */
		08E4FA652462A5EC00837339 /* Headers */ = {
			isa = PBXHeadersBuildPhase;
			buildActionMask = 2147483647;
			files = (
				08E4FA6F2462A5EC00837339 /* SecureTradingCore.h in Headers */,
			);
			runOnlyForDeploymentPostprocessing = 0;
		};
		08EF7D392462B12F008B5F3E /* Headers */ = {
			isa = PBXHeadersBuildPhase;
			buildActionMask = 2147483647;
			files = (
				08EF7D422462B12F008B5F3E /* SecureTradingUI.h in Headers */,
			);
			runOnlyForDeploymentPostprocessing = 0;
		};
		104CFB04246ECD7F00D7C76D /* Headers */ = {
			isa = PBXHeadersBuildPhase;
			buildActionMask = 2147483647;
			files = (
				104CFB19246ECD8000D7C76D /* SecureTrading3DSecure.h in Headers */,
			);
			runOnlyForDeploymentPostprocessing = 0;
		};
/* End PBXHeadersBuildPhase section */

/* Begin PBXNativeTarget section */
		084E29CA246562C60040FB9D /* SecureTradingCoreTests */ = {
			isa = PBXNativeTarget;
			buildConfigurationList = 084E29D6246562C60040FB9D /* Build configuration list for PBXNativeTarget "SecureTradingCoreTests" */;
			buildPhases = (
				084E29C7246562C60040FB9D /* Sources */,
				084E29C8246562C60040FB9D /* Frameworks */,
				084E29C9246562C60040FB9D /* Resources */,
			);
			buildRules = (
			);
			dependencies = (
				084E29D2246562C60040FB9D /* PBXTargetDependency */,
			);
			name = SecureTradingCoreTests;
			productName = SecureTradingCoreTests;
			productReference = 084E29CB246562C60040FB9D /* SecureTradingCoreTests.xctest */;
			productType = "com.apple.product-type.bundle.unit-test";
		};
		084E29DA246562DA0040FB9D /* SecureTradingUITests */ = {
			isa = PBXNativeTarget;
			buildConfigurationList = 084E29E3246562DA0040FB9D /* Build configuration list for PBXNativeTarget "SecureTradingUITests" */;
			buildPhases = (
				084E29D7246562DA0040FB9D /* Sources */,
				084E29D8246562DA0040FB9D /* Frameworks */,
				084E29D9246562DA0040FB9D /* Resources */,
			);
			buildRules = (
			);
			dependencies = (
				084E29E2246562DA0040FB9D /* PBXTargetDependency */,
			);
			name = SecureTradingUITests;
			productName = SecureTradingUITests;
			productReference = 084E29DB246562DA0040FB9D /* SecureTradingUITests.xctest */;
			productType = "com.apple.product-type.bundle.unit-test";
		};
		08E4FA692462A5EC00837339 /* SecureTradingCore */ = {
			isa = PBXNativeTarget;
			buildConfigurationList = 08E4FA722462A5EC00837339 /* Build configuration list for PBXNativeTarget "SecureTradingCore" */;
			buildPhases = (
				08E4FA652462A5EC00837339 /* Headers */,
				08E4FA662462A5EC00837339 /* Sources */,
				08E4FA672462A5EC00837339 /* Frameworks */,
				08E4FA682462A5EC00837339 /* Resources */,
				08B8E82C246A9EE700046E39 /* SwiftLint */,
			);
			buildRules = (
			);
			dependencies = (
			);
			name = SecureTradingCore;
			productName = SecureTrading;
			productReference = 08E4FA6A2462A5EC00837339 /* SecureTradingCore.framework */;
			productType = "com.apple.product-type.framework";
		};
		08EF7D3D2462B12F008B5F3E /* SecureTradingUI */ = {
			isa = PBXNativeTarget;
			buildConfigurationList = 08EF7D452462B12F008B5F3E /* Build configuration list for PBXNativeTarget "SecureTradingUI" */;
			buildPhases = (
				08EF7D392462B12F008B5F3E /* Headers */,
				08EF7D3A2462B12F008B5F3E /* Sources */,
				08EF7D3B2462B12F008B5F3E /* Frameworks */,
				08EF7D3C2462B12F008B5F3E /* Resources */,
				08B8E82D246A9F3500046E39 /* SwiftLint */,
			);
			buildRules = (
			);
			dependencies = (
				08EF7D572462B790008B5F3E /* PBXTargetDependency */,
			);
			name = SecureTradingUI;
			productName = SecureTradingUI;
			productReference = 08EF7D3E2462B12F008B5F3E /* SecureTradingUI.framework */;
			productType = "com.apple.product-type.framework";
		};
		104CFB08246ECD7F00D7C76D /* SecureTrading3DSecure */ = {
			isa = PBXNativeTarget;
			buildConfigurationList = 104CFB20246ECD8000D7C76D /* Build configuration list for PBXNativeTarget "SecureTrading3DSecure" */;
			buildPhases = (
				104CFB04246ECD7F00D7C76D /* Headers */,
				104CFB05246ECD7F00D7C76D /* Sources */,
				104CFB06246ECD7F00D7C76D /* Frameworks */,
				104CFB07246ECD7F00D7C76D /* Resources */,
				104CFB33246ED48600D7C76D /* Embed Frameworks */,
			);
			buildRules = (
			);
			dependencies = (
				104CFB2B246ECE3A00D7C76D /* PBXTargetDependency */,
			);
			name = SecureTrading3DSecure;
			productName = SecureTrading3DSecure;
			productReference = 104CFB09246ECD7F00D7C76D /* SecureTrading3DSecure.framework */;
			productType = "com.apple.product-type.framework";
		};
		104CFB10246ECD7F00D7C76D /* SecureTrading3DSecureTests */ = {
			isa = PBXNativeTarget;
			buildConfigurationList = 104CFB21246ECD8000D7C76D /* Build configuration list for PBXNativeTarget "SecureTrading3DSecureTests" */;
			buildPhases = (
				104CFB0D246ECD7F00D7C76D /* Sources */,
				104CFB0E246ECD7F00D7C76D /* Frameworks */,
				104CFB0F246ECD7F00D7C76D /* Resources */,
			);
			buildRules = (
			);
			dependencies = (
				104CFB14246ECD8000D7C76D /* PBXTargetDependency */,
			);
			name = SecureTrading3DSecureTests;
			productName = SecureTrading3DSecureTests;
			productReference = 104CFB11246ECD7F00D7C76D /* SecureTrading3DSecureTests.xctest */;
			productType = "com.apple.product-type.bundle.unit-test";
		};
/* End PBXNativeTarget section */

/* Begin PBXProject section */
		08E4FA612462A5EC00837339 /* Project object */ = {
			isa = PBXProject;
			attributes = {
				LastSwiftUpdateCheck = 1140;
				LastUpgradeCheck = 1140;
				ORGANIZATIONNAME = TIWASZEK;
				TargetAttributes = {
					084E29CA246562C60040FB9D = {
						CreatedOnToolsVersion = 11.4.1;
					};
					084E29DA246562DA0040FB9D = {
						CreatedOnToolsVersion = 11.4.1;
					};
					08E4FA692462A5EC00837339 = {
						CreatedOnToolsVersion = 11.4.1;
						LastSwiftMigration = 1140;
					};
					08EF7D3D2462B12F008B5F3E = {
						CreatedOnToolsVersion = 11.4.1;
						LastSwiftMigration = 1140;
					};
					104CFB08246ECD7F00D7C76D = {
						CreatedOnToolsVersion = 11.4;
						LastSwiftMigration = 1140;
					};
					104CFB10246ECD7F00D7C76D = {
						CreatedOnToolsVersion = 11.4;
					};
				};
			};
			buildConfigurationList = 08E4FA642462A5EC00837339 /* Build configuration list for PBXProject "SecureTrading" */;
			compatibilityVersion = "Xcode 9.3";
			developmentRegion = en;
			hasScannedForEncodings = 0;
			knownRegions = (
				en,
				Base,
			);
			mainGroup = 08E4FA602462A5EC00837339;
			productRefGroup = 08E4FA6B2462A5EC00837339 /* Products */;
			projectDirPath = "";
			projectRoot = "";
			targets = (
				08E4FA692462A5EC00837339 /* SecureTradingCore */,
				08EF7D3D2462B12F008B5F3E /* SecureTradingUI */,
				104CFB08246ECD7F00D7C76D /* SecureTrading3DSecure */,
				084E29CA246562C60040FB9D /* SecureTradingCoreTests */,
				084E29DA246562DA0040FB9D /* SecureTradingUITests */,
				104CFB10246ECD7F00D7C76D /* SecureTrading3DSecureTests */,
			);
		};
/* End PBXProject section */

/* Begin PBXResourcesBuildPhase section */
		084E29C9246562C60040FB9D /* Resources */ = {
			isa = PBXResourcesBuildPhase;
			buildActionMask = 2147483647;
			files = (
			);
			runOnlyForDeploymentPostprocessing = 0;
		};
		084E29D9246562DA0040FB9D /* Resources */ = {
			isa = PBXResourcesBuildPhase;
			buildActionMask = 2147483647;
			files = (
			);
			runOnlyForDeploymentPostprocessing = 0;
		};
		08E4FA682462A5EC00837339 /* Resources */ = {
			isa = PBXResourcesBuildPhase;
			buildActionMask = 2147483647;
			files = (
			);
			runOnlyForDeploymentPostprocessing = 0;
		};
		08EF7D3C2462B12F008B5F3E /* Resources */ = {
			isa = PBXResourcesBuildPhase;
			buildActionMask = 2147483647;
			files = (
				084E2A0A246593C50040FB9D /* Localizable.strings in Resources */,
			);
			runOnlyForDeploymentPostprocessing = 0;
		};
		104CFB07246ECD7F00D7C76D /* Resources */ = {
			isa = PBXResourcesBuildPhase;
			buildActionMask = 2147483647;
			files = (
			);
			runOnlyForDeploymentPostprocessing = 0;
		};
		104CFB0F246ECD7F00D7C76D /* Resources */ = {
			isa = PBXResourcesBuildPhase;
			buildActionMask = 2147483647;
			files = (
			);
			runOnlyForDeploymentPostprocessing = 0;
		};
/* End PBXResourcesBuildPhase section */

/* Begin PBXShellScriptBuildPhase section */
		08B8E82C246A9EE700046E39 /* SwiftLint */ = {
			isa = PBXShellScriptBuildPhase;
			buildActionMask = 2147483647;
			files = (
			);
			inputFileListPaths = (
			);
			inputPaths = (
			);
			name = SwiftLint;
			outputFileListPaths = (
			);
			outputPaths = (
			);
			runOnlyForDeploymentPostprocessing = 0;
			shellPath = /bin/sh;
			shellScript = "if which swiftlint >/dev/null; then\n  swiftlint\nelse\n  echo \"warning: SwiftLint not installed, download from https://github.com/realm/SwiftLint\"\nfi\n";
		};
		08B8E82D246A9F3500046E39 /* SwiftLint */ = {
			isa = PBXShellScriptBuildPhase;
			buildActionMask = 2147483647;
			files = (
			);
			inputFileListPaths = (
			);
			inputPaths = (
			);
			name = SwiftLint;
			outputFileListPaths = (
			);
			outputPaths = (
			);
			runOnlyForDeploymentPostprocessing = 0;
			shellPath = /bin/sh;
			shellScript = "if which swiftlint >/dev/null; then\n  swiftlint\nelse\n  echo \"warning: SwiftLint not installed, download from https://github.com/realm/SwiftLint\"\nfi\n";
		};
/* End PBXShellScriptBuildPhase section */

/* Begin PBXSourcesBuildPhase section */
		084E29C7246562C60040FB9D /* Sources */ = {
			isa = PBXSourcesBuildPhase;
			buildActionMask = 2147483647;
			files = (
				084E29CE246562C60040FB9D /* SecureTradingCoreTests.swift in Sources */,
			);
			runOnlyForDeploymentPostprocessing = 0;
		};
		084E29D7246562DA0040FB9D /* Sources */ = {
			isa = PBXSourcesBuildPhase;
			buildActionMask = 2147483647;
			files = (
				084E29DE246562DA0040FB9D /* SecureTradingUITests.swift in Sources */,
			);
			runOnlyForDeploymentPostprocessing = 0;
		};
		08E4FA662462A5EC00837339 /* Sources */ = {
			isa = PBXSourcesBuildPhase;
			buildActionMask = 2147483647;
			files = (
				089B41CA246D4CB700F70764 /* APIResponse.swift in Sources */,
				08EF7CFD2462ABF1008B5F3E /* DefaultAPIClient.swift in Sources */,
				08C31B01246EA15100595B21 /* JWTBodyResponse.swift in Sources */,
				089B41D5246D530800F70764 /* HumanReadableStringConvertible.swift in Sources */,
				089B41D9246D53CD00F70764 /* DefaultAPIClientConfiguration.swift in Sources */,
				08EF7D002462AC32008B5F3E /* APIClient.swift in Sources */,
				084E2A2124659EA70040FB9D /* SDKFoundation.swift in Sources */,
				08C31AFD246E8F2C00595B21 /* Claim.swift in Sources */,
				089B41DB246D573900F70764 /* APIManager.swift in Sources */,
				089B41E1246D600600F70764 /* GeneralRequest.swift in Sources */,
				089B41CC246D4DE100F70764 /* APIRequestModel.swift in Sources */,
				08C31AF9246E860C00595B21 /* DecodedJWT.swift in Sources */,
				089B41DF246D5ECB00F70764 /* RequestObject.swift in Sources */,
				08C31AF7246E842F00595B21 /* JWT.swift in Sources */,
				089B41D0246D4E4B00F70764 /* Dictionary.swift in Sources */,
				089B41C6246D4B7000F70764 /* APIClientConfiguration.swift in Sources */,
				089B41E6246D791C00F70764 /* DefaultAPIManager.swift in Sources */,
				089B41C8246D4C7600F70764 /* APIRequest.swift in Sources */,
				089B41D2246D52D400F70764 /* APIClientError.swift in Sources */,
				08C31B03246EA25300595B21 /* JWTResponseObject.swift in Sources */,
				084E2A2324659EE20040FB9D /* DefaultSDKFoundation.swift in Sources */,
				089B41E4246D6FCE00F70764 /* GeneralResponse.swift in Sources */,
				089B41D7246D536600F70764 /* NSError.swift in Sources */,
			);
			runOnlyForDeploymentPostprocessing = 0;
		};
		08EF7D3A2462B12F008B5F3E /* Sources */ = {
			isa = PBXSourcesBuildPhase;
			buildActionMask = 2147483647;
			files = (
				084E29E924656A5E0040FB9D /* UIView.swift in Sources */,
				08639C3B246957CF00C8F90A /* ViewControllerFactory.swift in Sources */,
				084E2A1924659B7B0040FB9D /* CustomBackNavigationController.swift in Sources */,
				08639C902469752800C8F90A /* WhiteBackgroundBaseView.swift in Sources */,
				084E29FB2465832C0040FB9D /* Colors.swift in Sources */,
				084E2A012465841D0040FB9D /* UITableView.swift in Sources */,
				084E29FF246583E20040FB9D /* Dequeueable.swift in Sources */,
				084E2A1D24659D6B0040FB9D /* TransparentNavigationBar.swift in Sources */,
				084E2A062465874B0040FB9D /* Localizable.swift in Sources */,
				084E2A12246599FC0040FB9D /* NavigationDelegate.swift in Sources */,
				084E2A1F24659E2C0040FB9D /* Array.swift in Sources */,
				08EF7D4A2462B239008B5F3E /* BaseViewController.swift in Sources */,
				084E2A10246599D90040FB9D /* NavigationFlowController.swift in Sources */,
				0869488324692A7500F625D0 /* TestDetailsFlowController.swift in Sources */,
				084E2A03246585330040FB9D /* UICollectionView.swift in Sources */,
				084E29FD246583B50040FB9D /* BaseViewCell.swift in Sources */,
				0869488524694FAF00F625D0 /* SDKFlowController.swift in Sources */,
				084E2A1624659AC50040FB9D /* BaseNavigationFlowController.swift in Sources */,
				084E29EE24656D7F0040FB9D /* BaseView.swift in Sources */,
				084E2A0E246599B70040FB9D /* FlowController.swift in Sources */,
				084E29EC24656B4E0040FB9D /* CallbackWrapper.swift in Sources */,
				084E29F4246571B10040FB9D /* TestMainView.swift in Sources */,
				08694877246924F900F625D0 /* TestMainViewModel.swift in Sources */,
				084E29F6246573180040FB9D /* UIStackView.swift in Sources */,
				084E2A1424659A8E0040FB9D /* BaseFlowController.swift in Sources */,
				0869487D24692A3600F625D0 /* TestDetailsView.swift in Sources */,
				08694879246925EA00F625D0 /* TestMainViewController.swift in Sources */,
				084E29F92465826F0040FB9D /* Fonts.swift in Sources */,
				084E29F124656DE00040FB9D /* ViewSetupable.swift in Sources */,
				0869487F24692A4400F625D0 /* TestDetailsViewModel.swift in Sources */,
				084E2A1B24659BD30040FB9D /* PopBackView.swift in Sources */,
				08639C3D2469591400C8F90A /* ViewModelFactory.swift in Sources */,
				0869487B246926FE00F625D0 /* TestMainFlowController.swift in Sources */,
				0869488124692A5600F625D0 /* TestDetailsViewController.swift in Sources */,
			);
			runOnlyForDeploymentPostprocessing = 0;
		};
		104CFB05246ECD7F00D7C76D /* Sources */ = {
			isa = PBXSourcesBuildPhase;
			buildActionMask = 2147483647;
			files = (
				104CFB2D246ECF2F00D7C76D /* ST3DSecureManager.swift in Sources */,
			);
			runOnlyForDeploymentPostprocessing = 0;
		};
		104CFB0D246ECD7F00D7C76D /* Sources */ = {
			isa = PBXSourcesBuildPhase;
			buildActionMask = 2147483647;
			files = (
				104CFB17246ECD8000D7C76D /* SecureTrading3DSecureTests.swift in Sources */,
			);
			runOnlyForDeploymentPostprocessing = 0;
		};
/* End PBXSourcesBuildPhase section */

/* Begin PBXTargetDependency section */
		084E29D2246562C60040FB9D /* PBXTargetDependency */ = {
			isa = PBXTargetDependency;
			platformFilter = ios;
			target = 08E4FA692462A5EC00837339 /* SecureTradingCore */;
			targetProxy = 084E29D1246562C60040FB9D /* PBXContainerItemProxy */;
		};
		084E29E2246562DA0040FB9D /* PBXTargetDependency */ = {
			isa = PBXTargetDependency;
			platformFilter = ios;
			target = 08EF7D3D2462B12F008B5F3E /* SecureTradingUI */;
			targetProxy = 084E29E1246562DA0040FB9D /* PBXContainerItemProxy */;
		};
		08EF7D572462B790008B5F3E /* PBXTargetDependency */ = {
			isa = PBXTargetDependency;
			platformFilter = ios;
			target = 08E4FA692462A5EC00837339 /* SecureTradingCore */;
			targetProxy = 08EF7D562462B790008B5F3E /* PBXContainerItemProxy */;
		};
		104CFB14246ECD8000D7C76D /* PBXTargetDependency */ = {
			isa = PBXTargetDependency;
			target = 104CFB08246ECD7F00D7C76D /* SecureTrading3DSecure */;
			targetProxy = 104CFB13246ECD8000D7C76D /* PBXContainerItemProxy */;
		};
		104CFB2B246ECE3A00D7C76D /* PBXTargetDependency */ = {
			isa = PBXTargetDependency;
			target = 08E4FA692462A5EC00837339 /* SecureTradingCore */;
			targetProxy = 104CFB2A246ECE3A00D7C76D /* PBXContainerItemProxy */;
		};
/* End PBXTargetDependency section */

/* Begin PBXVariantGroup section */
		084E2A0C246593C50040FB9D /* Localizable.strings */ = {
			isa = PBXVariantGroup;
			children = (
				084E2A0B246593C50040FB9D /* en */,
			);
			name = Localizable.strings;
			sourceTree = "<group>";
		};
/* End PBXVariantGroup section */

/* Begin XCBuildConfiguration section */
		082FC79A2462E1A000D4E2B6 /* Development */ = {
			isa = XCBuildConfiguration;
			baseConfigurationReference = 082FC7A4246429D200D4E2B6 /* SDK-base.xcconfig */;
			buildSettings = {
				ALWAYS_SEARCH_USER_PATHS = NO;
				CLANG_ANALYZER_NONNULL = YES;
				CLANG_ANALYZER_NUMBER_OBJECT_CONVERSION = YES_AGGRESSIVE;
				CLANG_CXX_LANGUAGE_STANDARD = "gnu++14";
				CLANG_CXX_LIBRARY = "libc++";
				CLANG_ENABLE_MODULES = YES;
				CLANG_ENABLE_OBJC_ARC = YES;
				CLANG_ENABLE_OBJC_WEAK = YES;
				CLANG_WARN_BLOCK_CAPTURE_AUTORELEASING = YES;
				CLANG_WARN_BOOL_CONVERSION = YES;
				CLANG_WARN_COMMA = YES;
				CLANG_WARN_CONSTANT_CONVERSION = YES;
				CLANG_WARN_DEPRECATED_OBJC_IMPLEMENTATIONS = YES;
				CLANG_WARN_DIRECT_OBJC_ISA_USAGE = YES_ERROR;
				CLANG_WARN_DOCUMENTATION_COMMENTS = YES;
				CLANG_WARN_EMPTY_BODY = YES;
				CLANG_WARN_ENUM_CONVERSION = YES;
				CLANG_WARN_INFINITE_RECURSION = YES;
				CLANG_WARN_INT_CONVERSION = YES;
				CLANG_WARN_NON_LITERAL_NULL_CONVERSION = YES;
				CLANG_WARN_OBJC_IMPLICIT_RETAIN_SELF = YES;
				CLANG_WARN_OBJC_LITERAL_CONVERSION = YES;
				CLANG_WARN_OBJC_ROOT_CLASS = YES_ERROR;
				CLANG_WARN_RANGE_LOOP_ANALYSIS = YES;
				CLANG_WARN_STRICT_PROTOTYPES = YES;
				CLANG_WARN_SUSPICIOUS_MOVE = YES;
				CLANG_WARN_UNGUARDED_AVAILABILITY = YES_AGGRESSIVE;
				CLANG_WARN_UNREACHABLE_CODE = YES;
				CLANG_WARN__DUPLICATE_METHOD_MATCH = YES;
				COPY_PHASE_STRIP = NO;
				CURRENT_PROJECT_VERSION = 1;
				DEBUG_INFORMATION_FORMAT = dwarf;
				ENABLE_STRICT_OBJC_MSGSEND = YES;
				ENABLE_TESTABILITY = YES;
				GCC_C_LANGUAGE_STANDARD = gnu11;
				GCC_DYNAMIC_NO_PIC = NO;
				GCC_NO_COMMON_BLOCKS = YES;
				GCC_OPTIMIZATION_LEVEL = 0;
				GCC_PREPROCESSOR_DEFINITIONS = (
					"DEBUG=1",
					"$(inherited)",
				);
				GCC_WARN_64_TO_32_BIT_CONVERSION = YES;
				GCC_WARN_ABOUT_RETURN_TYPE = YES_ERROR;
				GCC_WARN_UNDECLARED_SELECTOR = YES;
				GCC_WARN_UNINITIALIZED_AUTOS = YES_AGGRESSIVE;
				GCC_WARN_UNUSED_FUNCTION = YES;
				GCC_WARN_UNUSED_VARIABLE = YES;
				IPHONEOS_DEPLOYMENT_TARGET = 11.0;
				MTL_ENABLE_DEBUG_INFO = INCLUDE_SOURCE;
				MTL_FAST_MATH = YES;
				ONLY_ACTIVE_ARCH = YES;
				SDKROOT = iphoneos;
				SWIFT_ACTIVE_COMPILATION_CONDITIONS = DEBUG;
				SWIFT_OPTIMIZATION_LEVEL = "-Onone";
				VERSIONING_SYSTEM = "apple-generic";
				VERSION_INFO_PREFIX = "";
			};
			name = Development;
		};
		082FC79B2462E1A000D4E2B6 /* Development */ = {
			isa = XCBuildConfiguration;
			buildSettings = {
				CLANG_ENABLE_MODULES = YES;
				CODE_SIGN_IDENTITY = "";
				CODE_SIGN_STYLE = Manual;
				CURRENT_PROJECT_VERSION = 0.0.1;
				DEFINES_MODULE = YES;
				DEVELOPMENT_TEAM = "";
				DYLIB_COMPATIBILITY_VERSION = 1;
				DYLIB_CURRENT_VERSION = 1;
				DYLIB_INSTALL_NAME_BASE = "@rpath";
				INFOPLIST_FILE = SecureTradingCore/Info.plist;
				INSTALL_PATH = "$(LOCAL_LIBRARY_DIR)/Frameworks";
				LD_RUNPATH_SEARCH_PATHS = (
					"$(inherited)",
					"@executable_path/Frameworks",
					"@loader_path/Frameworks",
				);
				MARKETING_VERSION = 0.0.1;
				PRODUCT_BUNDLE_IDENTIFIER = com.securetrading.SecureTradingCore;
				PRODUCT_NAME = SecureTradingCore;
				PROVISIONING_PROFILE_SPECIFIER = "";
				SKIP_INSTALL = YES;
				SUPPORTS_MACCATALYST = NO;
				SWIFT_OPTIMIZATION_LEVEL = "-Onone";
				SWIFT_VERSION = 5.0;
				TARGETED_DEVICE_FAMILY = "1,2";
			};
			name = Development;
		};
		082FC79C2462E1A000D4E2B6 /* Development */ = {
			isa = XCBuildConfiguration;
			buildSettings = {
				CLANG_ENABLE_MODULES = YES;
				CODE_SIGN_IDENTITY = "";
				CODE_SIGN_STYLE = Manual;
				CURRENT_PROJECT_VERSION = 0.0.1;
				DEFINES_MODULE = YES;
				DEVELOPMENT_TEAM = "";
				DYLIB_COMPATIBILITY_VERSION = 1;
				DYLIB_CURRENT_VERSION = 1;
				DYLIB_INSTALL_NAME_BASE = "@rpath";
				INFOPLIST_FILE = SecureTradingUI/Info.plist;
				INSTALL_PATH = "$(LOCAL_LIBRARY_DIR)/Frameworks";
				IPHONEOS_DEPLOYMENT_TARGET = 11.0;
				LD_RUNPATH_SEARCH_PATHS = (
					"$(inherited)",
					"@executable_path/Frameworks",
					"@loader_path/Frameworks",
				);
				MARKETING_VERSION = 0.0.1;
				PRODUCT_BUNDLE_IDENTIFIER = com.securetrading.SecureTradingUI;
				PRODUCT_NAME = "$(TARGET_NAME:c99extidentifier)";
				PROVISIONING_PROFILE_SPECIFIER = "";
				SKIP_INSTALL = YES;
				SUPPORTS_MACCATALYST = NO;
				SWIFT_OPTIMIZATION_LEVEL = "-Onone";
				SWIFT_VERSION = 5.0;
				TARGETED_DEVICE_FAMILY = "1,2";
			};
			name = Development;
		};
		084E29D3246562C60040FB9D /* Debug */ = {
			isa = XCBuildConfiguration;
			buildSettings = {
				CODE_SIGN_STYLE = Automatic;
				DEVELOPMENT_TEAM = 6GJ86WKP5G;
				INFOPLIST_FILE = SecureTradingCoreTests/Info.plist;
				IPHONEOS_DEPLOYMENT_TARGET = 13.4;
				LD_RUNPATH_SEARCH_PATHS = (
					"$(inherited)",
					"@executable_path/Frameworks",
					"@loader_path/Frameworks",
				);
				PRODUCT_BUNDLE_IDENTIFIER = com.securetrading.SecureTradingCoreTests;
				PRODUCT_NAME = "$(TARGET_NAME)";
				SWIFT_VERSION = 5.0;
				TARGETED_DEVICE_FAMILY = "1,2";
			};
			name = Debug;
		};
		084E29D4246562C60040FB9D /* Development */ = {
			isa = XCBuildConfiguration;
			buildSettings = {
				CODE_SIGN_STYLE = Automatic;
				DEVELOPMENT_TEAM = 6GJ86WKP5G;
				INFOPLIST_FILE = SecureTradingCoreTests/Info.plist;
				IPHONEOS_DEPLOYMENT_TARGET = 13.4;
				LD_RUNPATH_SEARCH_PATHS = (
					"$(inherited)",
					"@executable_path/Frameworks",
					"@loader_path/Frameworks",
				);
				PRODUCT_BUNDLE_IDENTIFIER = com.securetrading.SecureTradingCoreTests;
				PRODUCT_NAME = "$(TARGET_NAME)";
				SWIFT_VERSION = 5.0;
				TARGETED_DEVICE_FAMILY = "1,2";
			};
			name = Development;
		};
		084E29D5246562C60040FB9D /* Release */ = {
			isa = XCBuildConfiguration;
			buildSettings = {
				CODE_SIGN_STYLE = Automatic;
				DEVELOPMENT_TEAM = 6GJ86WKP5G;
				INFOPLIST_FILE = SecureTradingCoreTests/Info.plist;
				IPHONEOS_DEPLOYMENT_TARGET = 13.4;
				LD_RUNPATH_SEARCH_PATHS = (
					"$(inherited)",
					"@executable_path/Frameworks",
					"@loader_path/Frameworks",
				);
				PRODUCT_BUNDLE_IDENTIFIER = com.securetrading.SecureTradingCoreTests;
				PRODUCT_NAME = "$(TARGET_NAME)";
				SWIFT_VERSION = 5.0;
				TARGETED_DEVICE_FAMILY = "1,2";
			};
			name = Release;
		};
		084E29E4246562DA0040FB9D /* Debug */ = {
			isa = XCBuildConfiguration;
			buildSettings = {
				CODE_SIGN_STYLE = Automatic;
				DEVELOPMENT_TEAM = 6GJ86WKP5G;
				INFOPLIST_FILE = SecureTradingUITests/Info.plist;
				IPHONEOS_DEPLOYMENT_TARGET = 13.4;
				LD_RUNPATH_SEARCH_PATHS = (
					"$(inherited)",
					"@executable_path/Frameworks",
					"@loader_path/Frameworks",
				);
				PRODUCT_BUNDLE_IDENTIFIER = com.securetrading.SecureTradingUITests;
				PRODUCT_NAME = "$(TARGET_NAME)";
				SWIFT_VERSION = 5.0;
				TARGETED_DEVICE_FAMILY = "1,2";
			};
			name = Debug;
		};
		084E29E5246562DA0040FB9D /* Development */ = {
			isa = XCBuildConfiguration;
			buildSettings = {
				CODE_SIGN_STYLE = Automatic;
				DEVELOPMENT_TEAM = 6GJ86WKP5G;
				INFOPLIST_FILE = SecureTradingUITests/Info.plist;
				IPHONEOS_DEPLOYMENT_TARGET = 13.4;
				LD_RUNPATH_SEARCH_PATHS = (
					"$(inherited)",
					"@executable_path/Frameworks",
					"@loader_path/Frameworks",
				);
				PRODUCT_BUNDLE_IDENTIFIER = com.securetrading.SecureTradingUITests;
				PRODUCT_NAME = "$(TARGET_NAME)";
				SWIFT_VERSION = 5.0;
				TARGETED_DEVICE_FAMILY = "1,2";
			};
			name = Development;
		};
		084E29E6246562DA0040FB9D /* Release */ = {
			isa = XCBuildConfiguration;
			buildSettings = {
				CODE_SIGN_STYLE = Automatic;
				DEVELOPMENT_TEAM = 6GJ86WKP5G;
				INFOPLIST_FILE = SecureTradingUITests/Info.plist;
				IPHONEOS_DEPLOYMENT_TARGET = 13.4;
				LD_RUNPATH_SEARCH_PATHS = (
					"$(inherited)",
					"@executable_path/Frameworks",
					"@loader_path/Frameworks",
				);
				PRODUCT_BUNDLE_IDENTIFIER = com.securetrading.SecureTradingUITests;
				PRODUCT_NAME = "$(TARGET_NAME)";
				SWIFT_VERSION = 5.0;
				TARGETED_DEVICE_FAMILY = "1,2";
			};
			name = Release;
		};
		08E4FA702462A5EC00837339 /* Debug */ = {
			isa = XCBuildConfiguration;
			baseConfigurationReference = 082FC7A4246429D200D4E2B6 /* SDK-base.xcconfig */;
			buildSettings = {
				ALWAYS_SEARCH_USER_PATHS = NO;
				CLANG_ANALYZER_NONNULL = YES;
				CLANG_ANALYZER_NUMBER_OBJECT_CONVERSION = YES_AGGRESSIVE;
				CLANG_CXX_LANGUAGE_STANDARD = "gnu++14";
				CLANG_CXX_LIBRARY = "libc++";
				CLANG_ENABLE_MODULES = YES;
				CLANG_ENABLE_OBJC_ARC = YES;
				CLANG_ENABLE_OBJC_WEAK = YES;
				CLANG_WARN_BLOCK_CAPTURE_AUTORELEASING = YES;
				CLANG_WARN_BOOL_CONVERSION = YES;
				CLANG_WARN_COMMA = YES;
				CLANG_WARN_CONSTANT_CONVERSION = YES;
				CLANG_WARN_DEPRECATED_OBJC_IMPLEMENTATIONS = YES;
				CLANG_WARN_DIRECT_OBJC_ISA_USAGE = YES_ERROR;
				CLANG_WARN_DOCUMENTATION_COMMENTS = YES;
				CLANG_WARN_EMPTY_BODY = YES;
				CLANG_WARN_ENUM_CONVERSION = YES;
				CLANG_WARN_INFINITE_RECURSION = YES;
				CLANG_WARN_INT_CONVERSION = YES;
				CLANG_WARN_NON_LITERAL_NULL_CONVERSION = YES;
				CLANG_WARN_OBJC_IMPLICIT_RETAIN_SELF = YES;
				CLANG_WARN_OBJC_LITERAL_CONVERSION = YES;
				CLANG_WARN_OBJC_ROOT_CLASS = YES_ERROR;
				CLANG_WARN_RANGE_LOOP_ANALYSIS = YES;
				CLANG_WARN_STRICT_PROTOTYPES = YES;
				CLANG_WARN_SUSPICIOUS_MOVE = YES;
				CLANG_WARN_UNGUARDED_AVAILABILITY = YES_AGGRESSIVE;
				CLANG_WARN_UNREACHABLE_CODE = YES;
				CLANG_WARN__DUPLICATE_METHOD_MATCH = YES;
				COPY_PHASE_STRIP = NO;
				CURRENT_PROJECT_VERSION = 1;
				DEBUG_INFORMATION_FORMAT = dwarf;
				ENABLE_STRICT_OBJC_MSGSEND = YES;
				ENABLE_TESTABILITY = YES;
				GCC_C_LANGUAGE_STANDARD = gnu11;
				GCC_DYNAMIC_NO_PIC = NO;
				GCC_NO_COMMON_BLOCKS = YES;
				GCC_OPTIMIZATION_LEVEL = 0;
				GCC_PREPROCESSOR_DEFINITIONS = (
					"DEBUG=1",
					"$(inherited)",
				);
				GCC_WARN_64_TO_32_BIT_CONVERSION = YES;
				GCC_WARN_ABOUT_RETURN_TYPE = YES_ERROR;
				GCC_WARN_UNDECLARED_SELECTOR = YES;
				GCC_WARN_UNINITIALIZED_AUTOS = YES_AGGRESSIVE;
				GCC_WARN_UNUSED_FUNCTION = YES;
				GCC_WARN_UNUSED_VARIABLE = YES;
				IPHONEOS_DEPLOYMENT_TARGET = 11.0;
				MTL_ENABLE_DEBUG_INFO = INCLUDE_SOURCE;
				MTL_FAST_MATH = YES;
				ONLY_ACTIVE_ARCH = YES;
				SDKROOT = iphoneos;
				SWIFT_ACTIVE_COMPILATION_CONDITIONS = DEBUG;
				SWIFT_OPTIMIZATION_LEVEL = "-Onone";
				VERSIONING_SYSTEM = "apple-generic";
				VERSION_INFO_PREFIX = "";
			};
			name = Debug;
		};
		08E4FA712462A5EC00837339 /* Release */ = {
			isa = XCBuildConfiguration;
			baseConfigurationReference = 082FC7A4246429D200D4E2B6 /* SDK-base.xcconfig */;
			buildSettings = {
				ALWAYS_SEARCH_USER_PATHS = NO;
				CLANG_ANALYZER_NONNULL = YES;
				CLANG_ANALYZER_NUMBER_OBJECT_CONVERSION = YES_AGGRESSIVE;
				CLANG_CXX_LANGUAGE_STANDARD = "gnu++14";
				CLANG_CXX_LIBRARY = "libc++";
				CLANG_ENABLE_MODULES = YES;
				CLANG_ENABLE_OBJC_ARC = YES;
				CLANG_ENABLE_OBJC_WEAK = YES;
				CLANG_WARN_BLOCK_CAPTURE_AUTORELEASING = YES;
				CLANG_WARN_BOOL_CONVERSION = YES;
				CLANG_WARN_COMMA = YES;
				CLANG_WARN_CONSTANT_CONVERSION = YES;
				CLANG_WARN_DEPRECATED_OBJC_IMPLEMENTATIONS = YES;
				CLANG_WARN_DIRECT_OBJC_ISA_USAGE = YES_ERROR;
				CLANG_WARN_DOCUMENTATION_COMMENTS = YES;
				CLANG_WARN_EMPTY_BODY = YES;
				CLANG_WARN_ENUM_CONVERSION = YES;
				CLANG_WARN_INFINITE_RECURSION = YES;
				CLANG_WARN_INT_CONVERSION = YES;
				CLANG_WARN_NON_LITERAL_NULL_CONVERSION = YES;
				CLANG_WARN_OBJC_IMPLICIT_RETAIN_SELF = YES;
				CLANG_WARN_OBJC_LITERAL_CONVERSION = YES;
				CLANG_WARN_OBJC_ROOT_CLASS = YES_ERROR;
				CLANG_WARN_RANGE_LOOP_ANALYSIS = YES;
				CLANG_WARN_STRICT_PROTOTYPES = YES;
				CLANG_WARN_SUSPICIOUS_MOVE = YES;
				CLANG_WARN_UNGUARDED_AVAILABILITY = YES_AGGRESSIVE;
				CLANG_WARN_UNREACHABLE_CODE = YES;
				CLANG_WARN__DUPLICATE_METHOD_MATCH = YES;
				COPY_PHASE_STRIP = NO;
				CURRENT_PROJECT_VERSION = 1;
				DEBUG_INFORMATION_FORMAT = "dwarf-with-dsym";
				ENABLE_NS_ASSERTIONS = NO;
				ENABLE_STRICT_OBJC_MSGSEND = YES;
				GCC_C_LANGUAGE_STANDARD = gnu11;
				GCC_NO_COMMON_BLOCKS = YES;
				GCC_WARN_64_TO_32_BIT_CONVERSION = YES;
				GCC_WARN_ABOUT_RETURN_TYPE = YES_ERROR;
				GCC_WARN_UNDECLARED_SELECTOR = YES;
				GCC_WARN_UNINITIALIZED_AUTOS = YES_AGGRESSIVE;
				GCC_WARN_UNUSED_FUNCTION = YES;
				GCC_WARN_UNUSED_VARIABLE = YES;
				IPHONEOS_DEPLOYMENT_TARGET = 11.0;
				MTL_ENABLE_DEBUG_INFO = NO;
				MTL_FAST_MATH = YES;
				SDKROOT = iphoneos;
				SWIFT_COMPILATION_MODE = wholemodule;
				SWIFT_OPTIMIZATION_LEVEL = "-O";
				VALIDATE_PRODUCT = YES;
				VERSIONING_SYSTEM = "apple-generic";
				VERSION_INFO_PREFIX = "";
			};
			name = Release;
		};
		08E4FA732462A5EC00837339 /* Debug */ = {
			isa = XCBuildConfiguration;
			buildSettings = {
				CLANG_ENABLE_MODULES = YES;
				CODE_SIGN_IDENTITY = "";
				CODE_SIGN_STYLE = Manual;
				CURRENT_PROJECT_VERSION = 0.0.1;
				DEFINES_MODULE = YES;
				DEVELOPMENT_TEAM = "";
				DYLIB_COMPATIBILITY_VERSION = 1;
				DYLIB_CURRENT_VERSION = 1;
				DYLIB_INSTALL_NAME_BASE = "@rpath";
				INFOPLIST_FILE = SecureTradingCore/Info.plist;
				INSTALL_PATH = "$(LOCAL_LIBRARY_DIR)/Frameworks";
				LD_RUNPATH_SEARCH_PATHS = (
					"$(inherited)",
					"@executable_path/Frameworks",
					"@loader_path/Frameworks",
				);
				MARKETING_VERSION = 0.0.1;
				PRODUCT_BUNDLE_IDENTIFIER = com.securetrading.SecureTradingCore;
				PRODUCT_NAME = SecureTradingCore;
				PROVISIONING_PROFILE_SPECIFIER = "";
				SKIP_INSTALL = YES;
				SUPPORTS_MACCATALYST = NO;
				SWIFT_OPTIMIZATION_LEVEL = "-Onone";
				SWIFT_VERSION = 5.0;
				TARGETED_DEVICE_FAMILY = "1,2";
			};
			name = Debug;
		};
		08E4FA742462A5EC00837339 /* Release */ = {
			isa = XCBuildConfiguration;
			buildSettings = {
				CLANG_ENABLE_MODULES = YES;
				CODE_SIGN_IDENTITY = "";
				CODE_SIGN_STYLE = Manual;
				CURRENT_PROJECT_VERSION = 0.0.1;
				DEFINES_MODULE = YES;
				DEVELOPMENT_TEAM = "";
				DYLIB_COMPATIBILITY_VERSION = 1;
				DYLIB_CURRENT_VERSION = 1;
				DYLIB_INSTALL_NAME_BASE = "@rpath";
				INFOPLIST_FILE = SecureTradingCore/Info.plist;
				INSTALL_PATH = "$(LOCAL_LIBRARY_DIR)/Frameworks";
				LD_RUNPATH_SEARCH_PATHS = (
					"$(inherited)",
					"@executable_path/Frameworks",
					"@loader_path/Frameworks",
				);
				MARKETING_VERSION = 0.0.1;
				PRODUCT_BUNDLE_IDENTIFIER = com.securetrading.SecureTradingCore;
				PRODUCT_NAME = SecureTradingCore;
				PROVISIONING_PROFILE_SPECIFIER = "";
				SKIP_INSTALL = YES;
				SUPPORTS_MACCATALYST = NO;
				SWIFT_VERSION = 5.0;
				TARGETED_DEVICE_FAMILY = "1,2";
			};
			name = Release;
		};
		08EF7D432462B12F008B5F3E /* Debug */ = {
			isa = XCBuildConfiguration;
			buildSettings = {
				CLANG_ENABLE_MODULES = YES;
				CODE_SIGN_IDENTITY = "";
				CODE_SIGN_STYLE = Manual;
				CURRENT_PROJECT_VERSION = 0.0.1;
				DEFINES_MODULE = YES;
				DEVELOPMENT_TEAM = "";
				DYLIB_COMPATIBILITY_VERSION = 1;
				DYLIB_CURRENT_VERSION = 1;
				DYLIB_INSTALL_NAME_BASE = "@rpath";
				INFOPLIST_FILE = SecureTradingUI/Info.plist;
				INSTALL_PATH = "$(LOCAL_LIBRARY_DIR)/Frameworks";
				IPHONEOS_DEPLOYMENT_TARGET = 11.0;
				LD_RUNPATH_SEARCH_PATHS = (
					"$(inherited)",
					"@executable_path/Frameworks",
					"@loader_path/Frameworks",
				);
				MARKETING_VERSION = 0.0.1;
				PRODUCT_BUNDLE_IDENTIFIER = com.securetrading.SecureTradingUI;
				PRODUCT_NAME = "$(TARGET_NAME:c99extidentifier)";
				PROVISIONING_PROFILE_SPECIFIER = "";
				SKIP_INSTALL = YES;
				SUPPORTS_MACCATALYST = NO;
				SWIFT_OPTIMIZATION_LEVEL = "-Onone";
				SWIFT_VERSION = 5.0;
				TARGETED_DEVICE_FAMILY = "1,2";
			};
			name = Debug;
		};
		08EF7D442462B12F008B5F3E /* Release */ = {
			isa = XCBuildConfiguration;
			buildSettings = {
				CLANG_ENABLE_MODULES = YES;
				CODE_SIGN_IDENTITY = "";
				CODE_SIGN_STYLE = Manual;
				CURRENT_PROJECT_VERSION = 0.0.1;
				DEFINES_MODULE = YES;
				DEVELOPMENT_TEAM = "";
				DYLIB_COMPATIBILITY_VERSION = 1;
				DYLIB_CURRENT_VERSION = 1;
				DYLIB_INSTALL_NAME_BASE = "@rpath";
				INFOPLIST_FILE = SecureTradingUI/Info.plist;
				INSTALL_PATH = "$(LOCAL_LIBRARY_DIR)/Frameworks";
				IPHONEOS_DEPLOYMENT_TARGET = 11.0;
				LD_RUNPATH_SEARCH_PATHS = (
					"$(inherited)",
					"@executable_path/Frameworks",
					"@loader_path/Frameworks",
				);
				MARKETING_VERSION = 0.0.1;
				PRODUCT_BUNDLE_IDENTIFIER = com.securetrading.SecureTradingUI;
				PRODUCT_NAME = "$(TARGET_NAME:c99extidentifier)";
				PROVISIONING_PROFILE_SPECIFIER = "";
				SKIP_INSTALL = YES;
				SUPPORTS_MACCATALYST = NO;
				SWIFT_VERSION = 5.0;
				TARGETED_DEVICE_FAMILY = "1,2";
			};
			name = Release;
		};
		104CFB1A246ECD8000D7C76D /* Debug */ = {
			isa = XCBuildConfiguration;
			buildSettings = {
				CLANG_ENABLE_MODULES = YES;
				CODE_SIGN_STYLE = Automatic;
				CURRENT_PROJECT_VERSION = 0.0.1;
				DEFINES_MODULE = YES;
				DEVELOPMENT_TEAM = RF242XLR57;
				DYLIB_COMPATIBILITY_VERSION = 1;
				DYLIB_CURRENT_VERSION = 1;
				DYLIB_INSTALL_NAME_BASE = "@rpath";
				FRAMEWORK_SEARCH_PATHS = (
					"$(inherited)",
					"$(PROJECT_DIR)/SecureTrading3DSecure/Source\\ files",
					"$(PROJECT_DIR)/SecureTrading3DSecure/Source\\ files",
					"$(PROJECT_DIR)/SecureTrading3DSecure/Source\\ files",
					"$(PROJECT_DIR)/Frameworks",
				);
				INFOPLIST_FILE = SecureTrading3DSecure/Info.plist;
				INSTALL_PATH = "$(LOCAL_LIBRARY_DIR)/Frameworks";
				IPHONEOS_DEPLOYMENT_TARGET = 11.0;
				LD_RUNPATH_SEARCH_PATHS = (
					"$(inherited)",
					"@executable_path/Frameworks",
					"@loader_path/Frameworks",
				);
				MARKETING_VERSION = 0.0.1;
				PRODUCT_BUNDLE_IDENTIFIER = com.securetrading.SecureTrading3DSecure;
				PRODUCT_NAME = "$(TARGET_NAME:c99extidentifier)";
				SKIP_INSTALL = YES;
				SUPPORTS_MACCATALYST = NO;
				SWIFT_OPTIMIZATION_LEVEL = "-Onone";
				SWIFT_VERSION = 5.0;
				TARGETED_DEVICE_FAMILY = "1,2";
			};
			name = Debug;
		};
		104CFB1B246ECD8000D7C76D /* Development */ = {
			isa = XCBuildConfiguration;
			buildSettings = {
				CLANG_ENABLE_MODULES = YES;
				CODE_SIGN_STYLE = Automatic;
				CURRENT_PROJECT_VERSION = 0.0.1;
				DEFINES_MODULE = YES;
				DEVELOPMENT_TEAM = RF242XLR57;
				DYLIB_COMPATIBILITY_VERSION = 1;
				DYLIB_CURRENT_VERSION = 1;
				DYLIB_INSTALL_NAME_BASE = "@rpath";
				FRAMEWORK_SEARCH_PATHS = (
					"$(inherited)",
					"$(PROJECT_DIR)/SecureTrading3DSecure/Source\\ files",
					"$(PROJECT_DIR)/SecureTrading3DSecure/Source\\ files",
					"$(PROJECT_DIR)/SecureTrading3DSecure/Source\\ files",
					"$(PROJECT_DIR)/Frameworks",
				);
				INFOPLIST_FILE = SecureTrading3DSecure/Info.plist;
				INSTALL_PATH = "$(LOCAL_LIBRARY_DIR)/Frameworks";
				IPHONEOS_DEPLOYMENT_TARGET = 11.0;
				LD_RUNPATH_SEARCH_PATHS = (
					"$(inherited)",
					"@executable_path/Frameworks",
					"@loader_path/Frameworks",
				);
				MARKETING_VERSION = 0.0.1;
				PRODUCT_BUNDLE_IDENTIFIER = com.securetrading.SecureTrading3DSecure;
				PRODUCT_NAME = "$(TARGET_NAME:c99extidentifier)";
				SKIP_INSTALL = YES;
				SUPPORTS_MACCATALYST = NO;
				SWIFT_OPTIMIZATION_LEVEL = "-Onone";
				SWIFT_VERSION = 5.0;
				TARGETED_DEVICE_FAMILY = "1,2";
			};
			name = Development;
		};
		104CFB1C246ECD8000D7C76D /* Release */ = {
			isa = XCBuildConfiguration;
			buildSettings = {
				CLANG_ENABLE_MODULES = YES;
				CODE_SIGN_STYLE = Automatic;
				CURRENT_PROJECT_VERSION = 0.0.1;
				DEFINES_MODULE = YES;
				DEVELOPMENT_TEAM = RF242XLR57;
				DYLIB_COMPATIBILITY_VERSION = 1;
				DYLIB_CURRENT_VERSION = 1;
				DYLIB_INSTALL_NAME_BASE = "@rpath";
				FRAMEWORK_SEARCH_PATHS = (
					"$(inherited)",
					"$(PROJECT_DIR)/SecureTrading3DSecure/Source\\ files",
					"$(PROJECT_DIR)/SecureTrading3DSecure/Source\\ files",
					"$(PROJECT_DIR)/SecureTrading3DSecure/Source\\ files",
					"$(PROJECT_DIR)/Frameworks",
				);
				INFOPLIST_FILE = SecureTrading3DSecure/Info.plist;
				INSTALL_PATH = "$(LOCAL_LIBRARY_DIR)/Frameworks";
				IPHONEOS_DEPLOYMENT_TARGET = 11.0;
				LD_RUNPATH_SEARCH_PATHS = (
					"$(inherited)",
					"@executable_path/Frameworks",
					"@loader_path/Frameworks",
				);
				MARKETING_VERSION = 0.0.1;
				PRODUCT_BUNDLE_IDENTIFIER = com.securetrading.SecureTrading3DSecure;
				PRODUCT_NAME = "$(TARGET_NAME:c99extidentifier)";
				SKIP_INSTALL = YES;
				SUPPORTS_MACCATALYST = NO;
				SWIFT_VERSION = 5.0;
				TARGETED_DEVICE_FAMILY = "1,2";
			};
			name = Release;
		};
		104CFB1D246ECD8000D7C76D /* Debug */ = {
			isa = XCBuildConfiguration;
			buildSettings = {
				ALWAYS_EMBED_SWIFT_STANDARD_LIBRARIES = YES;
				CODE_SIGN_STYLE = Automatic;
				DEVELOPMENT_TEAM = RF242XLR57;
				INFOPLIST_FILE = SecureTrading3DSecureTests/Info.plist;
				IPHONEOS_DEPLOYMENT_TARGET = 13.4;
				LD_RUNPATH_SEARCH_PATHS = (
					"$(inherited)",
					"@executable_path/Frameworks",
					"@loader_path/Frameworks",
				);
				PRODUCT_BUNDLE_IDENTIFIER = com.pgs.mchrzastek.SecureTrading3DSecureTests;
				PRODUCT_NAME = "$(TARGET_NAME)";
				SWIFT_VERSION = 5.0;
				TARGETED_DEVICE_FAMILY = "1,2";
			};
			name = Debug;
		};
		104CFB1E246ECD8000D7C76D /* Development */ = {
			isa = XCBuildConfiguration;
			buildSettings = {
				ALWAYS_EMBED_SWIFT_STANDARD_LIBRARIES = YES;
				CODE_SIGN_STYLE = Automatic;
				DEVELOPMENT_TEAM = RF242XLR57;
				INFOPLIST_FILE = SecureTrading3DSecureTests/Info.plist;
				IPHONEOS_DEPLOYMENT_TARGET = 13.4;
				LD_RUNPATH_SEARCH_PATHS = (
					"$(inherited)",
					"@executable_path/Frameworks",
					"@loader_path/Frameworks",
				);
				PRODUCT_BUNDLE_IDENTIFIER = com.pgs.mchrzastek.SecureTrading3DSecureTests;
				PRODUCT_NAME = "$(TARGET_NAME)";
				SWIFT_VERSION = 5.0;
				TARGETED_DEVICE_FAMILY = "1,2";
			};
			name = Development;
		};
		104CFB1F246ECD8000D7C76D /* Release */ = {
			isa = XCBuildConfiguration;
			buildSettings = {
				ALWAYS_EMBED_SWIFT_STANDARD_LIBRARIES = YES;
				CODE_SIGN_STYLE = Automatic;
				DEVELOPMENT_TEAM = RF242XLR57;
				INFOPLIST_FILE = SecureTrading3DSecureTests/Info.plist;
				IPHONEOS_DEPLOYMENT_TARGET = 13.4;
				LD_RUNPATH_SEARCH_PATHS = (
					"$(inherited)",
					"@executable_path/Frameworks",
					"@loader_path/Frameworks",
				);
				PRODUCT_BUNDLE_IDENTIFIER = com.pgs.mchrzastek.SecureTrading3DSecureTests;
				PRODUCT_NAME = "$(TARGET_NAME)";
				SWIFT_VERSION = 5.0;
				TARGETED_DEVICE_FAMILY = "1,2";
			};
			name = Release;
		};
/* End XCBuildConfiguration section */

/* Begin XCConfigurationList section */
		084E29D6246562C60040FB9D /* Build configuration list for PBXNativeTarget "SecureTradingCoreTests" */ = {
			isa = XCConfigurationList;
			buildConfigurations = (
				084E29D3246562C60040FB9D /* Debug */,
				084E29D4246562C60040FB9D /* Development */,
				084E29D5246562C60040FB9D /* Release */,
			);
			defaultConfigurationIsVisible = 0;
			defaultConfigurationName = Release;
		};
		084E29E3246562DA0040FB9D /* Build configuration list for PBXNativeTarget "SecureTradingUITests" */ = {
			isa = XCConfigurationList;
			buildConfigurations = (
				084E29E4246562DA0040FB9D /* Debug */,
				084E29E5246562DA0040FB9D /* Development */,
				084E29E6246562DA0040FB9D /* Release */,
			);
			defaultConfigurationIsVisible = 0;
			defaultConfigurationName = Release;
		};
		08E4FA642462A5EC00837339 /* Build configuration list for PBXProject "SecureTrading" */ = {
			isa = XCConfigurationList;
			buildConfigurations = (
				08E4FA702462A5EC00837339 /* Debug */,
				082FC79A2462E1A000D4E2B6 /* Development */,
				08E4FA712462A5EC00837339 /* Release */,
			);
			defaultConfigurationIsVisible = 0;
			defaultConfigurationName = Release;
		};
		08E4FA722462A5EC00837339 /* Build configuration list for PBXNativeTarget "SecureTradingCore" */ = {
			isa = XCConfigurationList;
			buildConfigurations = (
				08E4FA732462A5EC00837339 /* Debug */,
				082FC79B2462E1A000D4E2B6 /* Development */,
				08E4FA742462A5EC00837339 /* Release */,
			);
			defaultConfigurationIsVisible = 0;
			defaultConfigurationName = Release;
		};
		08EF7D452462B12F008B5F3E /* Build configuration list for PBXNativeTarget "SecureTradingUI" */ = {
			isa = XCConfigurationList;
			buildConfigurations = (
				08EF7D432462B12F008B5F3E /* Debug */,
				082FC79C2462E1A000D4E2B6 /* Development */,
				08EF7D442462B12F008B5F3E /* Release */,
			);
			defaultConfigurationIsVisible = 0;
			defaultConfigurationName = Release;
		};
		104CFB20246ECD8000D7C76D /* Build configuration list for PBXNativeTarget "SecureTrading3DSecure" */ = {
			isa = XCConfigurationList;
			buildConfigurations = (
				104CFB1A246ECD8000D7C76D /* Debug */,
				104CFB1B246ECD8000D7C76D /* Development */,
				104CFB1C246ECD8000D7C76D /* Release */,
			);
			defaultConfigurationIsVisible = 0;
			defaultConfigurationName = Release;
		};
		104CFB21246ECD8000D7C76D /* Build configuration list for PBXNativeTarget "SecureTrading3DSecureTests" */ = {
			isa = XCConfigurationList;
			buildConfigurations = (
				104CFB1D246ECD8000D7C76D /* Debug */,
				104CFB1E246ECD8000D7C76D /* Development */,
				104CFB1F246ECD8000D7C76D /* Release */,
			);
			defaultConfigurationIsVisible = 0;
			defaultConfigurationName = Release;
		};
/* End XCConfigurationList section */
	};
	rootObject = 08E4FA612462A5EC00837339 /* Project object */;
}
