// !$*UTF8*$!
{
	archiveVersion = 1;
	classes = {
	};
	objectVersion = 50;
	objects = {

/* Begin PBXBuildFile section */
		084E298524654CA90040FB9D /* AppDelegate.swift in Sources */ = {isa = PBXBuildFile; fileRef = 084E298424654CA90040FB9D /* AppDelegate.swift */; };
		084E298724654CA90040FB9D /* SceneDelegate.swift in Sources */ = {isa = PBXBuildFile; fileRef = 084E298624654CA90040FB9D /* SceneDelegate.swift */; };
		084E298924654CA90040FB9D /* ViewController.swift in Sources */ = {isa = PBXBuildFile; fileRef = 084E298824654CA90040FB9D /* ViewController.swift */; };
		084E298C24654CA90040FB9D /* Main.storyboard in Resources */ = {isa = PBXBuildFile; fileRef = 084E298A24654CA90040FB9D /* Main.storyboard */; };
		084E298E24654CAC0040FB9D /* Assets.xcassets in Resources */ = {isa = PBXBuildFile; fileRef = 084E298D24654CAC0040FB9D /* Assets.xcassets */; };
		084E299124654CAC0040FB9D /* LaunchScreen.storyboard in Resources */ = {isa = PBXBuildFile; fileRef = 084E298F24654CAC0040FB9D /* LaunchScreen.storyboard */; };
		084E29A3246553870040FB9D /* SecureTradingCore.framework in Frameworks */ = {isa = PBXBuildFile; fileRef = 084E29A2246553870040FB9D /* SecureTradingCore.framework */; };
		084E29A72465538D0040FB9D /* SecureTradingUI.framework in Frameworks */ = {isa = PBXBuildFile; fileRef = 084E29A62465538D0040FB9D /* SecureTradingUI.framework */; };
/* End PBXBuildFile section */

/* Begin PBXFileReference section */
		084E298124654CA80040FB9D /* CarthageTest.app */ = {isa = PBXFileReference; explicitFileType = wrapper.application; includeInIndex = 0; path = CarthageTest.app; sourceTree = BUILT_PRODUCTS_DIR; };
		084E298424654CA90040FB9D /* AppDelegate.swift */ = {isa = PBXFileReference; lastKnownFileType = sourcecode.swift; path = AppDelegate.swift; sourceTree = "<group>"; };
		084E298624654CA90040FB9D /* SceneDelegate.swift */ = {isa = PBXFileReference; lastKnownFileType = sourcecode.swift; path = SceneDelegate.swift; sourceTree = "<group>"; };
		084E298824654CA90040FB9D /* ViewController.swift */ = {isa = PBXFileReference; lastKnownFileType = sourcecode.swift; path = ViewController.swift; sourceTree = "<group>"; };
		084E298B24654CA90040FB9D /* Base */ = {isa = PBXFileReference; lastKnownFileType = file.storyboard; name = Base; path = Base.lproj/Main.storyboard; sourceTree = "<group>"; };
		084E298D24654CAC0040FB9D /* Assets.xcassets */ = {isa = PBXFileReference; lastKnownFileType = folder.assetcatalog; path = Assets.xcassets; sourceTree = "<group>"; };
		084E299024654CAC0040FB9D /* Base */ = {isa = PBXFileReference; lastKnownFileType = file.storyboard; name = Base; path = Base.lproj/LaunchScreen.storyboard; sourceTree = "<group>"; };
		084E299224654CAC0040FB9D /* Info.plist */ = {isa = PBXFileReference; lastKnownFileType = text.plist.xml; path = Info.plist; sourceTree = "<group>"; };
		084E29A2246553870040FB9D /* SecureTradingCore.framework */ = {isa = PBXFileReference; lastKnownFileType = wrapper.framework; name = SecureTradingCore.framework; path = Carthage/Build/iOS/SecureTradingCore.framework; sourceTree = "<group>"; };
		084E29A62465538D0040FB9D /* SecureTradingUI.framework */ = {isa = PBXFileReference; lastKnownFileType = wrapper.framework; name = SecureTradingUI.framework; path = Carthage/Build/iOS/SecureTradingUI.framework; sourceTree = "<group>"; };
/* End PBXFileReference section */

/* Begin PBXFrameworksBuildPhase section */
		084E297E24654CA80040FB9D /* Frameworks */ = {
			isa = PBXFrameworksBuildPhase;
			buildActionMask = 2147483647;
			files = (
				084E29A3246553870040FB9D /* SecureTradingCore.framework in Frameworks */,
				084E29A72465538D0040FB9D /* SecureTradingUI.framework in Frameworks */,
			);
			runOnlyForDeploymentPostprocessing = 0;
		};
/* End PBXFrameworksBuildPhase section */

/* Begin PBXGroup section */
		084E297824654CA80040FB9D = {
			isa = PBXGroup;
			children = (
				084E298324654CA80040FB9D /* CarthageTest */,
				084E298224654CA80040FB9D /* Products */,
				084E299824654CD70040FB9D /* Frameworks */,
			);
			sourceTree = "<group>";
		};
		084E298224654CA80040FB9D /* Products */ = {
			isa = PBXGroup;
			children = (
				084E298124654CA80040FB9D /* CarthageTest.app */,
			);
			name = Products;
			sourceTree = "<group>";
		};
		084E298324654CA80040FB9D /* CarthageTest */ = {
			isa = PBXGroup;
			children = (
				084E298424654CA90040FB9D /* AppDelegate.swift */,
				084E298624654CA90040FB9D /* SceneDelegate.swift */,
				084E298824654CA90040FB9D /* ViewController.swift */,
				084E298A24654CA90040FB9D /* Main.storyboard */,
				084E298D24654CAC0040FB9D /* Assets.xcassets */,
				084E298F24654CAC0040FB9D /* LaunchScreen.storyboard */,
				084E299224654CAC0040FB9D /* Info.plist */,
			);
			path = CarthageTest;
			sourceTree = "<group>";
		};
		084E299824654CD70040FB9D /* Frameworks */ = {
			isa = PBXGroup;
			children = (
				084E29A62465538D0040FB9D /* SecureTradingUI.framework */,
				084E29A2246553870040FB9D /* SecureTradingCore.framework */,
			);
			name = Frameworks;
			sourceTree = "<group>";
		};
/* End PBXGroup section */

/* Begin PBXNativeTarget section */
		084E298024654CA80040FB9D /* CarthageTest */ = {
			isa = PBXNativeTarget;
			buildConfigurationList = 084E299524654CAC0040FB9D /* Build configuration list for PBXNativeTarget "CarthageTest" */;
			buildPhases = (
				084E297D24654CA80040FB9D /* Sources */,
				084E297E24654CA80040FB9D /* Frameworks */,
				084E297F24654CA80040FB9D /* Resources */,
				084E29A124654D980040FB9D /* Copy frameworsk */,
			);
			buildRules = (
			);
			dependencies = (
			);
			name = CarthageTest;
			productName = CarthageTest;
			productReference = 084E298124654CA80040FB9D /* CarthageTest.app */;
			productType = "com.apple.product-type.application";
		};
/* End PBXNativeTarget section */

/* Begin PBXProject section */
		084E297924654CA80040FB9D /* Project object */ = {
			isa = PBXProject;
			attributes = {
				LastSwiftUpdateCheck = 1140;
				LastUpgradeCheck = 1140;
				ORGANIZATIONNAME = TIWASZEK;
				TargetAttributes = {
					084E298024654CA80040FB9D = {
						CreatedOnToolsVersion = 11.4.1;
					};
				};
			};
			buildConfigurationList = 084E297C24654CA80040FB9D /* Build configuration list for PBXProject "CarthageTest" */;
			compatibilityVersion = "Xcode 9.3";
			developmentRegion = en;
			hasScannedForEncodings = 0;
			knownRegions = (
				en,
				Base,
			);
			mainGroup = 084E297824654CA80040FB9D;
			productRefGroup = 084E298224654CA80040FB9D /* Products */;
			projectDirPath = "";
			projectRoot = "";
			targets = (
				084E298024654CA80040FB9D /* CarthageTest */,
			);
		};
/* End PBXProject section */

/* Begin PBXResourcesBuildPhase section */
		084E297F24654CA80040FB9D /* Resources */ = {
			isa = PBXResourcesBuildPhase;
			buildActionMask = 2147483647;
			files = (
				084E299124654CAC0040FB9D /* LaunchScreen.storyboard in Resources */,
				084E298E24654CAC0040FB9D /* Assets.xcassets in Resources */,
				084E298C24654CA90040FB9D /* Main.storyboard in Resources */,
			);
			runOnlyForDeploymentPostprocessing = 0;
		};
/* End PBXResourcesBuildPhase section */

/* Begin PBXShellScriptBuildPhase section */
		084E29A124654D980040FB9D /* Copy frameworsk */ = {
			isa = PBXShellScriptBuildPhase;
			buildActionMask = 2147483647;
			files = (
			);
			inputFileListPaths = (
			);
			inputPaths = (
				"$(SRCROOT)/Carthage/Build/iOS/SecureTradingCore.framework",
				"$(SRCROOT)/Carthage/Build/iOS/SecureTradingUI.framework",
			);
			name = "Copy frameworsk";
			outputFileListPaths = (
			);
			outputPaths = (
			);
			runOnlyForDeploymentPostprocessing = 0;
			shellPath = /bin/sh;
			shellScript = "/usr/local/bin/carthage copy-frameworks\n";
		};
/* End PBXShellScriptBuildPhase section */

/* Begin PBXSourcesBuildPhase section */
		084E297D24654CA80040FB9D /* Sources */ = {
			isa = PBXSourcesBuildPhase;
			buildActionMask = 2147483647;
			files = (
				084E298924654CA90040FB9D /* ViewController.swift in Sources */,
				084E298524654CA90040FB9D /* AppDelegate.swift in Sources */,
				084E298724654CA90040FB9D /* SceneDelegate.swift in Sources */,
			);
			runOnlyForDeploymentPostprocessing = 0;
		};
/* End PBXSourcesBuildPhase section */

/* Begin PBXVariantGroup section */
		084E298A24654CA90040FB9D /* Main.storyboard */ = {
			isa = PBXVariantGroup;
			children = (
				084E298B24654CA90040FB9D /* Base */,
			);
			name = Main.storyboard;
			sourceTree = "<group>";
		};
		084E298F24654CAC0040FB9D /* LaunchScreen.storyboard */ = {
			isa = PBXVariantGroup;
			children = (
				084E299024654CAC0040FB9D /* Base */,
			);
			name = LaunchScreen.storyboard;
			sourceTree = "<group>";
		};
/* End PBXVariantGroup section */

/* Begin XCBuildConfiguration section */
		084E299324654CAC0040FB9D /* Debug */ = {
			isa = XCBuildConfiguration;
			buildSettings = {
				ALWAYS_SEARCH_USER_PATHS = NO;
				CLANG_ANALYZER_NONNULL = YES;
				CLANG_ANALYZER_NUMBER_OBJECT_CONVERSION = YES_AGGRESSIVE;
				CLANG_CXX_LANGUAGE_STANDARD = "gnu++14";
				CLANG_CXX_LIBRARY = "libc++";
				CLANG_ENABLE_MODULES = YES;
				CLANG_ENABLE_OBJC_ARC = YES;
				CLANG_ENABLE_OBJC_WEAK = YES;
				CLANG_WARN_BLOCK_CAPTURE_AUTORELEASING = YES;
				CLANG_WARN_BOOL_CONVERSION = YES;
				CLANG_WARN_COMMA = YES;
				CLANG_WARN_CONSTANT_CONVERSION = YES;
				CLANG_WARN_DEPRECATED_OBJC_IMPLEMENTATIONS = YES;
				CLANG_WARN_DIRECT_OBJC_ISA_USAGE = YES_ERROR;
				CLANG_WARN_DOCUMENTATION_COMMENTS = YES;
				CLANG_WARN_EMPTY_BODY = YES;
				CLANG_WARN_ENUM_CONVERSION = YES;
				CLANG_WARN_INFINITE_RECURSION = YES;
				CLANG_WARN_INT_CONVERSION = YES;
				CLANG_WARN_NON_LITERAL_NULL_CONVERSION = YES;
				CLANG_WARN_OBJC_IMPLICIT_RETAIN_SELF = YES;
				CLANG_WARN_OBJC_LITERAL_CONVERSION = YES;
				CLANG_WARN_OBJC_ROOT_CLASS = YES_ERROR;
				CLANG_WARN_RANGE_LOOP_ANALYSIS = YES;
				CLANG_WARN_STRICT_PROTOTYPES = YES;
				CLANG_WARN_SUSPICIOUS_MOVE = YES;
				CLANG_WARN_UNGUARDED_AVAILABILITY = YES_AGGRESSIVE;
				CLANG_WARN_UNREACHABLE_CODE = YES;
				CLANG_WARN__DUPLICATE_METHOD_MATCH = YES;
				COPY_PHASE_STRIP = NO;
				DEBUG_INFORMATION_FORMAT = dwarf;
				ENABLE_STRICT_OBJC_MSGSEND = YES;
				ENABLE_TESTABILITY = YES;
				GCC_C_LANGUAGE_STANDARD = gnu11;
				GCC_DYNAMIC_NO_PIC = NO;
				GCC_NO_COMMON_BLOCKS = YES;
				GCC_OPTIMIZATION_LEVEL = 0;
				GCC_PREPROCESSOR_DEFINITIONS = (
					"DEBUG=1",
					"$(inherited)",
				);
				GCC_WARN_64_TO_32_BIT_CONVERSION = YES;
				GCC_WARN_ABOUT_RETURN_TYPE = YES_ERROR;
				GCC_WARN_UNDECLARED_SELECTOR = YES;
				GCC_WARN_UNINITIALIZED_AUTOS = YES_AGGRESSIVE;
				GCC_WARN_UNUSED_FUNCTION = YES;
				GCC_WARN_UNUSED_VARIABLE = YES;
				IPHONEOS_DEPLOYMENT_TARGET = 13.4;
				MTL_ENABLE_DEBUG_INFO = INCLUDE_SOURCE;
				MTL_FAST_MATH = YES;
				ONLY_ACTIVE_ARCH = YES;
				SDKROOT = iphoneos;
				SWIFT_ACTIVE_COMPILATION_CONDITIONS = DEBUG;
				SWIFT_OPTIMIZATION_LEVEL = "-Onone";
			};
			name = Debug;
		};
		084E299424654CAC0040FB9D /* Release */ = {
			isa = XCBuildConfiguration;
			buildSettings = {
				ALWAYS_SEARCH_USER_PATHS = NO;
				CLANG_ANALYZER_NONNULL = YES;
				CLANG_ANALYZER_NUMBER_OBJECT_CONVERSION = YES_AGGRESSIVE;
				CLANG_CXX_LANGUAGE_STANDARD = "gnu++14";
				CLANG_CXX_LIBRARY = "libc++";
				CLANG_ENABLE_MODULES = YES;
				CLANG_ENABLE_OBJC_ARC = YES;
				CLANG_ENABLE_OBJC_WEAK = YES;
				CLANG_WARN_BLOCK_CAPTURE_AUTORELEASING = YES;
				CLANG_WARN_BOOL_CONVERSION = YES;
				CLANG_WARN_COMMA = YES;
				CLANG_WARN_CONSTANT_CONVERSION = YES;
				CLANG_WARN_DEPRECATED_OBJC_IMPLEMENTATIONS = YES;
				CLANG_WARN_DIRECT_OBJC_ISA_USAGE = YES_ERROR;
				CLANG_WARN_DOCUMENTATION_COMMENTS = YES;
				CLANG_WARN_EMPTY_BODY = YES;
				CLANG_WARN_ENUM_CONVERSION = YES;
				CLANG_WARN_INFINITE_RECURSION = YES;
				CLANG_WARN_INT_CONVERSION = YES;
				CLANG_WARN_NON_LITERAL_NULL_CONVERSION = YES;
				CLANG_WARN_OBJC_IMPLICIT_RETAIN_SELF = YES;
				CLANG_WARN_OBJC_LITERAL_CONVERSION = YES;
				CLANG_WARN_OBJC_ROOT_CLASS = YES_ERROR;
				CLANG_WARN_RANGE_LOOP_ANALYSIS = YES;
				CLANG_WARN_STRICT_PROTOTYPES = YES;
				CLANG_WARN_SUSPICIOUS_MOVE = YES;
				CLANG_WARN_UNGUARDED_AVAILABILITY = YES_AGGRESSIVE;
				CLANG_WARN_UNREACHABLE_CODE = YES;
				CLANG_WARN__DUPLICATE_METHOD_MATCH = YES;
				COPY_PHASE_STRIP = NO;
				DEBUG_INFORMATION_FORMAT = "dwarf-with-dsym";
				ENABLE_NS_ASSERTIONS = NO;
				ENABLE_STRICT_OBJC_MSGSEND = YES;
				GCC_C_LANGUAGE_STANDARD = gnu11;
				GCC_NO_COMMON_BLOCKS = YES;
				GCC_WARN_64_TO_32_BIT_CONVERSION = YES;
				GCC_WARN_ABOUT_RETURN_TYPE = YES_ERROR;
				GCC_WARN_UNDECLARED_SELECTOR = YES;
				GCC_WARN_UNINITIALIZED_AUTOS = YES_AGGRESSIVE;
				GCC_WARN_UNUSED_FUNCTION = YES;
				GCC_WARN_UNUSED_VARIABLE = YES;
				IPHONEOS_DEPLOYMENT_TARGET = 13.4;
				MTL_ENABLE_DEBUG_INFO = NO;
				MTL_FAST_MATH = YES;
				SDKROOT = iphoneos;
				SWIFT_COMPILATION_MODE = wholemodule;
				SWIFT_OPTIMIZATION_LEVEL = "-O";
				VALIDATE_PRODUCT = YES;
			};
			name = Release;
		};
		084E299624654CAC0040FB9D /* Debug */ = {
			isa = XCBuildConfiguration;
			buildSettings = {
				ASSETCATALOG_COMPILER_APPICON_NAME = AppIcon;
				CODE_SIGN_STYLE = Automatic;
				DEVELOPMENT_TEAM = 6GJ86WKP5G;
				FRAMEWORK_SEARCH_PATHS = (
					"$(inherited)",
					"$(PROJECT_DIR)/Carthage/Build/iOS",
				);
				INFOPLIST_FILE = CarthageTest/Info.plist;
				LD_RUNPATH_SEARCH_PATHS = (
					"$(inherited)",
					"@executable_path/Frameworks",
				);
				PRODUCT_BUNDLE_IDENTIFIER = com.securetrading.CarthageTest;
				PRODUCT_NAME = "$(TARGET_NAME)";
				SWIFT_VERSION = 5.0;
				TARGETED_DEVICE_FAMILY = "1,2";
			};
			name = Debug;
		};
		084E299724654CAC0040FB9D /* Release */ = {
			isa = XCBuildConfiguration;
			buildSettings = {
				ASSETCATALOG_COMPILER_APPICON_NAME = AppIcon;
				CODE_SIGN_STYLE = Automatic;
				DEVELOPMENT_TEAM = 6GJ86WKP5G;
				FRAMEWORK_SEARCH_PATHS = (
					"$(inherited)",
					"$(PROJECT_DIR)/Carthage/Build/iOS",
				);
				INFOPLIST_FILE = CarthageTest/Info.plist;
				LD_RUNPATH_SEARCH_PATHS = (
					"$(inherited)",
					"@executable_path/Frameworks",
				);
				PRODUCT_BUNDLE_IDENTIFIER = com.securetrading.CarthageTest;
				PRODUCT_NAME = "$(TARGET_NAME)";
				SWIFT_VERSION = 5.0;
				TARGETED_DEVICE_FAMILY = "1,2";
			};
			name = Release;
		};
/* End XCBuildConfiguration section */

/* Begin XCConfigurationList section */
		084E297C24654CA80040FB9D /* Build configuration list for PBXProject "CarthageTest" */ = {
			isa = XCConfigurationList;
			buildConfigurations = (
				084E299324654CAC0040FB9D /* Debug */,
				084E299424654CAC0040FB9D /* Release */,
			);
			defaultConfigurationIsVisible = 0;
			defaultConfigurationName = Release;
		};
		084E299524654CAC0040FB9D /* Build configuration list for PBXNativeTarget "CarthageTest" */ = {
			isa = XCConfigurationList;
			buildConfigurations = (
				084E299624654CAC0040FB9D /* Debug */,
				084E299724654CAC0040FB9D /* Release */,
			);
			defaultConfigurationIsVisible = 0;
			defaultConfigurationName = Release;
		};
/* End XCConfigurationList section */
	};
	rootObject = 084E297924654CA80040FB9D /* Project object */;
}
