// !$*UTF8*$!
{
	archiveVersion = 1;
	classes = {
	};
	objectVersion = 50;
	objects = {

/* Begin PBXBuildFile section */
		04DD6B60246AD383005E7946 /* UITestBase.swift in Sources */ = {isa = PBXBuildFile; fileRef = 04DD6B5F246AD383005E7946 /* UITestBase.swift */; };
		04DD6B66246AF504005E7946 /* PaymentPageTests.swift in Sources */ = {isa = PBXBuildFile; fileRef = 04DD6B65246AF504005E7946 /* PaymentPageTests.swift */; };
		04DD6B68246AFCF4005E7946 /* PaymentPageLocators.swift in Sources */ = {isa = PBXBuildFile; fileRef = 04DD6B67246AFCF4005E7946 /* PaymentPageLocators.swift */; };
		04DD6B6A246D9945005E7946 /* PaymentPage.swift in Sources */ = {isa = PBXBuildFile; fileRef = 04DD6B69246D9945005E7946 /* PaymentPage.swift */; };
		04DD6B6D246E94D0005E7946 /* XCTestCaseExtensions.swift in Sources */ = {isa = PBXBuildFile; fileRef = 04DD6B6C246E94D0005E7946 /* XCTestCaseExtensions.swift */; };
		080A321E2473C482002B7471 /* STClaims.swift in Sources */ = {isa = PBXBuildFile; fileRef = 080A321D2473C482002B7471 /* STClaims.swift */; };
		082FC7962462E18900D4E2B6 /* SecureTradingCore.framework in Frameworks */ = {isa = PBXBuildFile; fileRef = 082FC7942462E18900D4E2B6 /* SecureTradingCore.framework */; };
		082FC7972462E18900D4E2B6 /* SecureTradingCore.framework in Embed Frameworks */ = {isa = PBXBuildFile; fileRef = 082FC7942462E18900D4E2B6 /* SecureTradingCore.framework */; settings = {ATTRIBUTES = (CodeSignOnCopy, RemoveHeadersOnCopy, ); }; };
		082FC7982462E18900D4E2B6 /* SecureTradingUI.framework in Frameworks */ = {isa = PBXBuildFile; fileRef = 082FC7952462E18900D4E2B6 /* SecureTradingUI.framework */; };
		082FC7992462E18900D4E2B6 /* SecureTradingUI.framework in Embed Frameworks */ = {isa = PBXBuildFile; fileRef = 082FC7952462E18900D4E2B6 /* SecureTradingUI.framework */; settings = {ATTRIBUTES = (CodeSignOnCopy, RemoveHeadersOnCopy, ); }; };
		082FC7A02462FF2700D4E2B6 /* ObjectiveCTest.m in Sources */ = {isa = PBXBuildFile; fileRef = 082FC79F2462FF2700D4E2B6 /* ObjectiveCTest.m */; };
		0845BF28247EAF23008AD40F /* SingleInputViewsController.swift in Sources */ = {isa = PBXBuildFile; fileRef = 0845BF27247EAF23008AD40F /* SingleInputViewsController.swift */; };
		0845BF2A247EAF38008AD40F /* SingleInputViewsModel.swift in Sources */ = {isa = PBXBuildFile; fileRef = 0845BF29247EAF38008AD40F /* SingleInputViewsModel.swift */; };
		0845BF2C247EAF4C008AD40F /* SingleInputView.swift in Sources */ = {isa = PBXBuildFile; fileRef = 0845BF2B247EAF4C008AD40F /* SingleInputView.swift */; };
		08534ED524A2324700D2B082 /* DropInCustomView.swift in Sources */ = {isa = PBXBuildFile; fileRef = 08534ED424A2324700D2B082 /* DropInCustomView.swift */; };
		08639C5E2469681E00C8F90A /* BaseViewController.swift in Sources */ = {isa = PBXBuildFile; fileRef = 08639C442469681E00C8F90A /* BaseViewController.swift */; };
		08639C5F2469681E00C8F90A /* BaseNavigationFlowController.swift in Sources */ = {isa = PBXBuildFile; fileRef = 08639C452469681E00C8F90A /* BaseNavigationFlowController.swift */; };
		08639C602469681E00C8F90A /* BaseViewCell.swift in Sources */ = {isa = PBXBuildFile; fileRef = 08639C462469681E00C8F90A /* BaseViewCell.swift */; };
		08639C612469681E00C8F90A /* BaseFlowController.swift in Sources */ = {isa = PBXBuildFile; fileRef = 08639C472469681E00C8F90A /* BaseFlowController.swift */; };
		08639C622469681E00C8F90A /* Dequeueable.swift in Sources */ = {isa = PBXBuildFile; fileRef = 08639C482469681E00C8F90A /* Dequeueable.swift */; };
		08639C632469681E00C8F90A /* BaseView.swift in Sources */ = {isa = PBXBuildFile; fileRef = 08639C492469681E00C8F90A /* BaseView.swift */; };
		08639C642469681E00C8F90A /* Fonts.swift in Sources */ = {isa = PBXBuildFile; fileRef = 08639C4B2469681E00C8F90A /* Fonts.swift */; };
		08639C652469681E00C8F90A /* Colors.swift in Sources */ = {isa = PBXBuildFile; fileRef = 08639C4C2469681E00C8F90A /* Colors.swift */; };
		08639C662469681E00C8F90A /* UIView.swift in Sources */ = {isa = PBXBuildFile; fileRef = 08639C4E2469681E00C8F90A /* UIView.swift */; };
		08639C672469681E00C8F90A /* Array.swift in Sources */ = {isa = PBXBuildFile; fileRef = 08639C4F2469681E00C8F90A /* Array.swift */; };
		08639C682469681E00C8F90A /* UIStackView.swift in Sources */ = {isa = PBXBuildFile; fileRef = 08639C502469681E00C8F90A /* UIStackView.swift */; };
		08639C692469681E00C8F90A /* UICollectionView.swift in Sources */ = {isa = PBXBuildFile; fileRef = 08639C512469681E00C8F90A /* UICollectionView.swift */; };
		08639C6A2469681E00C8F90A /* UITableView.swift in Sources */ = {isa = PBXBuildFile; fileRef = 08639C522469681E00C8F90A /* UITableView.swift */; };
		08639C6B2469681E00C8F90A /* PopBackView.swift in Sources */ = {isa = PBXBuildFile; fileRef = 08639C542469681E00C8F90A /* PopBackView.swift */; };
		08639C6C2469681E00C8F90A /* TransparentNavigationBar.swift in Sources */ = {isa = PBXBuildFile; fileRef = 08639C552469681E00C8F90A /* TransparentNavigationBar.swift */; };
		08639C6D2469681E00C8F90A /* CustomBackNavigationController.swift in Sources */ = {isa = PBXBuildFile; fileRef = 08639C562469681E00C8F90A /* CustomBackNavigationController.swift */; };
		08639C6E2469681E00C8F90A /* NavigationFlowController.swift in Sources */ = {isa = PBXBuildFile; fileRef = 08639C582469681E00C8F90A /* NavigationFlowController.swift */; };
		08639C6F2469681E00C8F90A /* ViewSetupable.swift in Sources */ = {isa = PBXBuildFile; fileRef = 08639C592469681E00C8F90A /* ViewSetupable.swift */; };
		08639C702469681E00C8F90A /* FlowController.swift in Sources */ = {isa = PBXBuildFile; fileRef = 08639C5A2469681E00C8F90A /* FlowController.swift */; };
		08639C712469681E00C8F90A /* NavigationDelegate.swift in Sources */ = {isa = PBXBuildFile; fileRef = 08639C5B2469681E00C8F90A /* NavigationDelegate.swift */; };
		08639C722469681E00C8F90A /* CallbackWrapper.swift in Sources */ = {isa = PBXBuildFile; fileRef = 08639C5D2469681E00C8F90A /* CallbackWrapper.swift */; };
		08639C752469685500C8F90A /* Localizable.swift in Sources */ = {isa = PBXBuildFile; fileRef = 08639C742469685500C8F90A /* Localizable.swift */; };
		08639C782469689600C8F90A /* Localizable.strings in Resources */ = {isa = PBXBuildFile; fileRef = 08639C7A2469689600C8F90A /* Localizable.strings */; };
		08639C7D2469693F00C8F90A /* AppFlowController.swift in Sources */ = {isa = PBXBuildFile; fileRef = 08639C7C2469693F00C8F90A /* AppFlowController.swift */; };
		08639C8024696A2800C8F90A /* AppFoundation.swift in Sources */ = {isa = PBXBuildFile; fileRef = 08639C7F24696A2800C8F90A /* AppFoundation.swift */; };
		08639C8224696A4100C8F90A /* DefaultAppFoundation.swift in Sources */ = {isa = PBXBuildFile; fileRef = 08639C8124696A4100C8F90A /* DefaultAppFoundation.swift */; };
		08639C8624696B3100C8F90A /* MainFlowController.swift in Sources */ = {isa = PBXBuildFile; fileRef = 08639C8524696B3100C8F90A /* MainFlowController.swift */; };
		08639C8824696C3F00C8F90A /* MainViewModel.swift in Sources */ = {isa = PBXBuildFile; fileRef = 08639C8724696C3F00C8F90A /* MainViewModel.swift */; };
		08639C8A24696C5500C8F90A /* MainView.swift in Sources */ = {isa = PBXBuildFile; fileRef = 08639C8924696C5500C8F90A /* MainView.swift */; };
		08639C8C24696CB100C8F90A /* MainViewController.swift in Sources */ = {isa = PBXBuildFile; fileRef = 08639C8B24696CB100C8F90A /* MainViewController.swift */; };
		08639C8E2469711500C8F90A /* WhiteBackgroundBaseView.swift in Sources */ = {isa = PBXBuildFile; fileRef = 08639C8D2469711500C8F90A /* WhiteBackgroundBaseView.swift */; };
		08D8B248249CCE7500DB96EE /* CardinalMobile.framework in Frameworks */ = {isa = PBXBuildFile; fileRef = 08D8B247249CCE7500DB96EE /* CardinalMobile.framework */; };
		08D8B249249CCE7500DB96EE /* CardinalMobile.framework in Embed Frameworks */ = {isa = PBXBuildFile; fileRef = 08D8B247249CCE7500DB96EE /* CardinalMobile.framework */; settings = {ATTRIBUTES = (CodeSignOnCopy, RemoveHeadersOnCopy, ); }; };
		08E4FA822462A7D100837339 /* AppDelegate.swift in Sources */ = {isa = PBXBuildFile; fileRef = 08E4FA812462A7D100837339 /* AppDelegate.swift */; };
		08E4FA8B2462A7D800837339 /* Assets.xcassets in Resources */ = {isa = PBXBuildFile; fileRef = 08E4FA8A2462A7D800837339 /* Assets.xcassets */; };
		08E4FA8E2462A7D800837339 /* LaunchScreen.storyboard in Resources */ = {isa = PBXBuildFile; fileRef = 08E4FA8C2462A7D800837339 /* LaunchScreen.storyboard */; };
		08E4FA992462A7D800837339 /* ExampleTests.swift in Sources */ = {isa = PBXBuildFile; fileRef = 08E4FA982462A7D800837339 /* ExampleTests.swift */; };
		102F2D2424A649CF00862805 /* LoaderView.swift in Sources */ = {isa = PBXBuildFile; fileRef = 102F2D2324A649CF00862805 /* LoaderView.swift */; };
		1048A78D2497C06B00ADB2E3 /* WalletCardTableViewCell.swift in Sources */ = {isa = PBXBuildFile; fileRef = 1048A78C2497C06B00ADB2E3 /* WalletCardTableViewCell.swift */; };
		1048A78F2497C0C100ADB2E3 /* WalletAddCardTableViewCell.swift in Sources */ = {isa = PBXBuildFile; fileRef = 1048A78E2497C0C100ADB2E3 /* WalletAddCardTableViewCell.swift */; };
		104CFAFF246EA59100D7C76D /* ApplicationKeys.swift in Sources */ = {isa = PBXBuildFile; fileRef = 104CFAFE246EA59100D7C76D /* ApplicationKeys.swift */; };
		104CFB01246EADA800D7C76D /* JWTHelper.swift in Sources */ = {isa = PBXBuildFile; fileRef = 104CFB00246EADA800D7C76D /* JWTHelper.swift */; };
		104CFB03246EB1BC00D7C76D /* AppLog.swift in Sources */ = {isa = PBXBuildFile; fileRef = 104CFB02246EB1BC00D7C76D /* AppLog.swift */; };
		104CFB2F246ED0E300D7C76D /* SecureTrading3DSecure.framework in Frameworks */ = {isa = PBXBuildFile; fileRef = 104CFB2E246ED0E300D7C76D /* SecureTrading3DSecure.framework */; };
		104CFB30246ED0E300D7C76D /* SecureTrading3DSecure.framework in Embed Frameworks */ = {isa = PBXBuildFile; fileRef = 104CFB2E246ED0E300D7C76D /* SecureTrading3DSecure.framework */; settings = {ATTRIBUTES = (CodeSignOnCopy, RemoveHeadersOnCopy, ); }; };
		1050AB7F2490CB25001844BF /* Wallet.swift in Sources */ = {isa = PBXBuildFile; fileRef = 1050AB7E2490CB25001844BF /* Wallet.swift */; };
		1050AB892490FF97001844BF /* WalletViewController.swift in Sources */ = {isa = PBXBuildFile; fileRef = 1050AB882490FF97001844BF /* WalletViewController.swift */; };
		1050AB8B2490FFE1001844BF /* WalletView.swift in Sources */ = {isa = PBXBuildFile; fileRef = 1050AB8A2490FFE1001844BF /* WalletView.swift */; };
		1050AB8D2491000B001844BF /* WalletViewModel.swift in Sources */ = {isa = PBXBuildFile; fileRef = 1050AB8C2491000B001844BF /* WalletViewModel.swift */; };
		1054A99A24A218F7002B5125 /* KeyboardHelper.swift in Sources */ = {isa = PBXBuildFile; fileRef = 1054A99924A218F7002B5125 /* KeyboardHelper.swift */; };
		1094352D24A08A3E00C3712B /* SaveCardOptionView.swift in Sources */ = {isa = PBXBuildFile; fileRef = 1094352C24A08A3E00C3712B /* SaveCardOptionView.swift */; };
		1098F3A1247CF4B300414F94 /* SecureTradingCard.framework in Frameworks */ = {isa = PBXBuildFile; fileRef = 1098F3A0247CF4B300414F94 /* SecureTradingCard.framework */; };
		1098F3A2247CF4B300414F94 /* SecureTradingCard.framework in Embed Frameworks */ = {isa = PBXBuildFile; fileRef = 1098F3A0247CF4B300414F94 /* SecureTradingCard.framework */; settings = {ATTRIBUTES = (CodeSignOnCopy, RemoveHeadersOnCopy, ); }; };
		10C4A29C249D0A4500C1E8E9 /* AddCardViewController.swift in Sources */ = {isa = PBXBuildFile; fileRef = 10C4A29B249D0A4500C1E8E9 /* AddCardViewController.swift */; };
		10C4A29E249D0A4D00C1E8E9 /* AddCardView.swift in Sources */ = {isa = PBXBuildFile; fileRef = 10C4A29D249D0A4D00C1E8E9 /* AddCardView.swift */; };
		10C4A2A0249D0A5600C1E8E9 /* AddCardViewModel.swift in Sources */ = {isa = PBXBuildFile; fileRef = 10C4A29F249D0A5600C1E8E9 /* AddCardViewModel.swift */; };
		10DBCEBA2498BD59005865B0 /* MainViewTableViewCell.swift in Sources */ = {isa = PBXBuildFile; fileRef = 10DBCEB92498BD59005865B0 /* MainViewTableViewCell.swift */; };
		49F7F7945D41186C28F9061E /* libPods-ExampleTests.a in Frameworks */ = {isa = PBXBuildFile; fileRef = 3CCB78E01AA2AEB4BE63CE4C /* libPods-ExampleTests.a */; };
		613B874DD5B4DD1E6266FDE8 /* libPods-Example.a in Frameworks */ = {isa = PBXBuildFile; fileRef = 1286B23CF2544C71D88175C0 /* libPods-Example.a */; };
/* End PBXBuildFile section */

/* Begin PBXContainerItemProxy section */
		08E4FA952462A7D800837339 /* PBXContainerItemProxy */ = {
			isa = PBXContainerItemProxy;
			containerPortal = 08E4FA762462A7D100837339 /* Project object */;
			proxyType = 1;
			remoteGlobalIDString = 08E4FA7D2462A7D100837339;
			remoteInfo = Example;
		};
		08E4FAA02462A7D800837339 /* PBXContainerItemProxy */ = {
			isa = PBXContainerItemProxy;
			containerPortal = 08E4FA762462A7D100837339 /* Project object */;
			proxyType = 1;
			remoteGlobalIDString = 08E4FA7D2462A7D100837339;
			remoteInfo = Example;
		};
/* End PBXContainerItemProxy section */

/* Begin PBXCopyFilesBuildPhase section */
		08EF7CF92462AA1B008B5F3E /* Embed Frameworks */ = {
			isa = PBXCopyFilesBuildPhase;
			buildActionMask = 2147483647;
			dstPath = "";
			dstSubfolderSpec = 10;
			files = (
				082FC7972462E18900D4E2B6 /* SecureTradingCore.framework in Embed Frameworks */,
				08D8B249249CCE7500DB96EE /* CardinalMobile.framework in Embed Frameworks */,
				1098F3A2247CF4B300414F94 /* SecureTradingCard.framework in Embed Frameworks */,
				104CFB30246ED0E300D7C76D /* SecureTrading3DSecure.framework in Embed Frameworks */,
				082FC7992462E18900D4E2B6 /* SecureTradingUI.framework in Embed Frameworks */,
			);
			name = "Embed Frameworks";
			runOnlyForDeploymentPostprocessing = 0;
		};
/* End PBXCopyFilesBuildPhase section */

/* Begin PBXFileReference section */
		04DD6B5F246AD383005E7946 /* UITestBase.swift */ = {isa = PBXFileReference; lastKnownFileType = sourcecode.swift; path = UITestBase.swift; sourceTree = "<group>"; };
		04DD6B65246AF504005E7946 /* PaymentPageTests.swift */ = {isa = PBXFileReference; lastKnownFileType = sourcecode.swift; path = PaymentPageTests.swift; sourceTree = "<group>"; };
		04DD6B67246AFCF4005E7946 /* PaymentPageLocators.swift */ = {isa = PBXFileReference; lastKnownFileType = sourcecode.swift; path = PaymentPageLocators.swift; sourceTree = "<group>"; };
		04DD6B69246D9945005E7946 /* PaymentPage.swift */ = {isa = PBXFileReference; lastKnownFileType = sourcecode.swift; path = PaymentPage.swift; sourceTree = "<group>"; };
		04DD6B6C246E94D0005E7946 /* XCTestCaseExtensions.swift */ = {isa = PBXFileReference; lastKnownFileType = sourcecode.swift; path = XCTestCaseExtensions.swift; sourceTree = "<group>"; };
		080A321D2473C482002B7471 /* STClaims.swift */ = {isa = PBXFileReference; lastKnownFileType = sourcecode.swift; path = STClaims.swift; sourceTree = "<group>"; };
		082FC7942462E18900D4E2B6 /* SecureTradingCore.framework */ = {isa = PBXFileReference; explicitFileType = wrapper.framework; path = SecureTradingCore.framework; sourceTree = BUILT_PRODUCTS_DIR; };
		082FC7952462E18900D4E2B6 /* SecureTradingUI.framework */ = {isa = PBXFileReference; explicitFileType = wrapper.framework; path = SecureTradingUI.framework; sourceTree = BUILT_PRODUCTS_DIR; };
		082FC79E2462FF2500D4E2B6 /* Example-Bridging-Header.h */ = {isa = PBXFileReference; lastKnownFileType = sourcecode.c.h; path = "Example-Bridging-Header.h"; sourceTree = "<group>"; };
		082FC79F2462FF2700D4E2B6 /* ObjectiveCTest.m */ = {isa = PBXFileReference; lastKnownFileType = sourcecode.c.objc; path = ObjectiveCTest.m; sourceTree = "<group>"; };
		082FC7A12463008E00D4E2B6 /* ObjectiveCTest.h */ = {isa = PBXFileReference; lastKnownFileType = sourcecode.c.h; path = ObjectiveCTest.h; sourceTree = "<group>"; };
		0845BF27247EAF23008AD40F /* SingleInputViewsController.swift */ = {isa = PBXFileReference; lastKnownFileType = sourcecode.swift; path = SingleInputViewsController.swift; sourceTree = "<group>"; };
		0845BF29247EAF38008AD40F /* SingleInputViewsModel.swift */ = {isa = PBXFileReference; lastKnownFileType = sourcecode.swift; path = SingleInputViewsModel.swift; sourceTree = "<group>"; };
		0845BF2B247EAF4C008AD40F /* SingleInputView.swift */ = {isa = PBXFileReference; lastKnownFileType = sourcecode.swift; path = SingleInputView.swift; sourceTree = "<group>"; };
		08534ED424A2324700D2B082 /* DropInCustomView.swift */ = {isa = PBXFileReference; lastKnownFileType = sourcecode.swift; path = DropInCustomView.swift; sourceTree = "<group>"; };
		08639C442469681E00C8F90A /* BaseViewController.swift */ = {isa = PBXFileReference; fileEncoding = 4; lastKnownFileType = sourcecode.swift; path = BaseViewController.swift; sourceTree = "<group>"; };
		08639C452469681E00C8F90A /* BaseNavigationFlowController.swift */ = {isa = PBXFileReference; fileEncoding = 4; lastKnownFileType = sourcecode.swift; path = BaseNavigationFlowController.swift; sourceTree = "<group>"; };
		08639C462469681E00C8F90A /* BaseViewCell.swift */ = {isa = PBXFileReference; fileEncoding = 4; lastKnownFileType = sourcecode.swift; path = BaseViewCell.swift; sourceTree = "<group>"; };
		08639C472469681E00C8F90A /* BaseFlowController.swift */ = {isa = PBXFileReference; fileEncoding = 4; lastKnownFileType = sourcecode.swift; path = BaseFlowController.swift; sourceTree = "<group>"; };
		08639C482469681E00C8F90A /* Dequeueable.swift */ = {isa = PBXFileReference; fileEncoding = 4; lastKnownFileType = sourcecode.swift; path = Dequeueable.swift; sourceTree = "<group>"; };
		08639C492469681E00C8F90A /* BaseView.swift */ = {isa = PBXFileReference; fileEncoding = 4; lastKnownFileType = sourcecode.swift; path = BaseView.swift; sourceTree = "<group>"; };
		08639C4B2469681E00C8F90A /* Fonts.swift */ = {isa = PBXFileReference; fileEncoding = 4; lastKnownFileType = sourcecode.swift; path = Fonts.swift; sourceTree = "<group>"; };
		08639C4C2469681E00C8F90A /* Colors.swift */ = {isa = PBXFileReference; fileEncoding = 4; lastKnownFileType = sourcecode.swift; path = Colors.swift; sourceTree = "<group>"; };
		08639C4E2469681E00C8F90A /* UIView.swift */ = {isa = PBXFileReference; fileEncoding = 4; lastKnownFileType = sourcecode.swift; path = UIView.swift; sourceTree = "<group>"; };
		08639C4F2469681E00C8F90A /* Array.swift */ = {isa = PBXFileReference; fileEncoding = 4; lastKnownFileType = sourcecode.swift; path = Array.swift; sourceTree = "<group>"; };
		08639C502469681E00C8F90A /* UIStackView.swift */ = {isa = PBXFileReference; fileEncoding = 4; lastKnownFileType = sourcecode.swift; path = UIStackView.swift; sourceTree = "<group>"; };
		08639C512469681E00C8F90A /* UICollectionView.swift */ = {isa = PBXFileReference; fileEncoding = 4; lastKnownFileType = sourcecode.swift; path = UICollectionView.swift; sourceTree = "<group>"; };
		08639C522469681E00C8F90A /* UITableView.swift */ = {isa = PBXFileReference; fileEncoding = 4; lastKnownFileType = sourcecode.swift; path = UITableView.swift; sourceTree = "<group>"; };
		08639C542469681E00C8F90A /* PopBackView.swift */ = {isa = PBXFileReference; fileEncoding = 4; lastKnownFileType = sourcecode.swift; path = PopBackView.swift; sourceTree = "<group>"; };
		08639C552469681E00C8F90A /* TransparentNavigationBar.swift */ = {isa = PBXFileReference; fileEncoding = 4; lastKnownFileType = sourcecode.swift; path = TransparentNavigationBar.swift; sourceTree = "<group>"; };
		08639C562469681E00C8F90A /* CustomBackNavigationController.swift */ = {isa = PBXFileReference; fileEncoding = 4; lastKnownFileType = sourcecode.swift; path = CustomBackNavigationController.swift; sourceTree = "<group>"; };
		08639C582469681E00C8F90A /* NavigationFlowController.swift */ = {isa = PBXFileReference; fileEncoding = 4; lastKnownFileType = sourcecode.swift; path = NavigationFlowController.swift; sourceTree = "<group>"; };
		08639C592469681E00C8F90A /* ViewSetupable.swift */ = {isa = PBXFileReference; fileEncoding = 4; lastKnownFileType = sourcecode.swift; path = ViewSetupable.swift; sourceTree = "<group>"; };
		08639C5A2469681E00C8F90A /* FlowController.swift */ = {isa = PBXFileReference; fileEncoding = 4; lastKnownFileType = sourcecode.swift; path = FlowController.swift; sourceTree = "<group>"; };
		08639C5B2469681E00C8F90A /* NavigationDelegate.swift */ = {isa = PBXFileReference; fileEncoding = 4; lastKnownFileType = sourcecode.swift; path = NavigationDelegate.swift; sourceTree = "<group>"; };
		08639C5D2469681E00C8F90A /* CallbackWrapper.swift */ = {isa = PBXFileReference; fileEncoding = 4; lastKnownFileType = sourcecode.swift; path = CallbackWrapper.swift; sourceTree = "<group>"; };
		08639C742469685500C8F90A /* Localizable.swift */ = {isa = PBXFileReference; lastKnownFileType = sourcecode.swift; path = Localizable.swift; sourceTree = "<group>"; };
		08639C792469689600C8F90A /* en */ = {isa = PBXFileReference; lastKnownFileType = text.plist.strings; name = en; path = en.lproj/Localizable.strings; sourceTree = "<group>"; };
		08639C7C2469693F00C8F90A /* AppFlowController.swift */ = {isa = PBXFileReference; lastKnownFileType = sourcecode.swift; path = AppFlowController.swift; sourceTree = "<group>"; };
		08639C7F24696A2800C8F90A /* AppFoundation.swift */ = {isa = PBXFileReference; lastKnownFileType = sourcecode.swift; path = AppFoundation.swift; sourceTree = "<group>"; };
		08639C8124696A4100C8F90A /* DefaultAppFoundation.swift */ = {isa = PBXFileReference; lastKnownFileType = sourcecode.swift; path = DefaultAppFoundation.swift; sourceTree = "<group>"; };
		08639C8524696B3100C8F90A /* MainFlowController.swift */ = {isa = PBXFileReference; lastKnownFileType = sourcecode.swift; path = MainFlowController.swift; sourceTree = "<group>"; };
		08639C8724696C3F00C8F90A /* MainViewModel.swift */ = {isa = PBXFileReference; lastKnownFileType = sourcecode.swift; path = MainViewModel.swift; sourceTree = "<group>"; };
		08639C8924696C5500C8F90A /* MainView.swift */ = {isa = PBXFileReference; lastKnownFileType = sourcecode.swift; path = MainView.swift; sourceTree = "<group>"; };
		08639C8B24696CB100C8F90A /* MainViewController.swift */ = {isa = PBXFileReference; lastKnownFileType = sourcecode.swift; path = MainViewController.swift; sourceTree = "<group>"; };
		08639C8D2469711500C8F90A /* WhiteBackgroundBaseView.swift */ = {isa = PBXFileReference; lastKnownFileType = sourcecode.swift; path = WhiteBackgroundBaseView.swift; sourceTree = "<group>"; };
		08D8B247249CCE7500DB96EE /* CardinalMobile.framework */ = {isa = PBXFileReference; lastKnownFileType = wrapper.framework; name = CardinalMobile.framework; path = ../SecureTrading/Frameworks/CardinalMobile.framework; sourceTree = "<group>"; };
		08E4FA7E2462A7D100837339 /* Trust Payments.app */ = {isa = PBXFileReference; explicitFileType = wrapper.application; includeInIndex = 0; path = "Trust Payments.app"; sourceTree = BUILT_PRODUCTS_DIR; };
		08E4FA812462A7D100837339 /* AppDelegate.swift */ = {isa = PBXFileReference; lastKnownFileType = sourcecode.swift; path = AppDelegate.swift; sourceTree = "<group>"; };
		08E4FA8A2462A7D800837339 /* Assets.xcassets */ = {isa = PBXFileReference; lastKnownFileType = folder.assetcatalog; path = Assets.xcassets; sourceTree = "<group>"; };
		08E4FA8D2462A7D800837339 /* Base */ = {isa = PBXFileReference; lastKnownFileType = file.storyboard; name = Base; path = Base.lproj/LaunchScreen.storyboard; sourceTree = "<group>"; };
		08E4FA8F2462A7D800837339 /* Info.plist */ = {isa = PBXFileReference; lastKnownFileType = text.plist.xml; path = Info.plist; sourceTree = "<group>"; };
		08E4FA942462A7D800837339 /* ExampleTests.xctest */ = {isa = PBXFileReference; explicitFileType = wrapper.cfbundle; includeInIndex = 0; path = ExampleTests.xctest; sourceTree = BUILT_PRODUCTS_DIR; };
		08E4FA982462A7D800837339 /* ExampleTests.swift */ = {isa = PBXFileReference; lastKnownFileType = sourcecode.swift; path = ExampleTests.swift; sourceTree = "<group>"; };
		08E4FA9A2462A7D800837339 /* Info.plist */ = {isa = PBXFileReference; lastKnownFileType = text.plist.xml; path = Info.plist; sourceTree = "<group>"; };
		08E4FA9F2462A7D800837339 /* ExampleUITests.xctest */ = {isa = PBXFileReference; explicitFileType = wrapper.cfbundle; includeInIndex = 0; path = ExampleUITests.xctest; sourceTree = BUILT_PRODUCTS_DIR; };
		08E4FAA52462A7D800837339 /* Info.plist */ = {isa = PBXFileReference; lastKnownFileType = text.plist; name = Info.plist; path = TestSuites/Info.plist; sourceTree = "<group>"; };
		08EF7D6C2462CEB4008B5F3E /* Test-Base.xcconfig */ = {isa = PBXFileReference; fileEncoding = 4; lastKnownFileType = text.xcconfig; path = "Test-Base.xcconfig"; sourceTree = "<group>"; };
		08EF7D6D2462CEB4008B5F3E /* App-Base.xcconfig */ = {isa = PBXFileReference; fileEncoding = 4; lastKnownFileType = text.xcconfig; path = "App-Base.xcconfig"; sourceTree = "<group>"; };
		08EF7D6E2462CEB4008B5F3E /* Development.xcconfig */ = {isa = PBXFileReference; fileEncoding = 4; lastKnownFileType = text.xcconfig; path = Development.xcconfig; sourceTree = "<group>"; };
		102F2D2324A649CF00862805 /* LoaderView.swift */ = {isa = PBXFileReference; lastKnownFileType = sourcecode.swift; path = LoaderView.swift; sourceTree = "<group>"; };
		1048A78C2497C06B00ADB2E3 /* WalletCardTableViewCell.swift */ = {isa = PBXFileReference; lastKnownFileType = sourcecode.swift; path = WalletCardTableViewCell.swift; sourceTree = "<group>"; };
		1048A78E2497C0C100ADB2E3 /* WalletAddCardTableViewCell.swift */ = {isa = PBXFileReference; lastKnownFileType = sourcecode.swift; path = WalletAddCardTableViewCell.swift; sourceTree = "<group>"; };
		104CFAFE246EA59100D7C76D /* ApplicationKeys.swift */ = {isa = PBXFileReference; lastKnownFileType = sourcecode.swift; path = ApplicationKeys.swift; sourceTree = "<group>"; };
		104CFB00246EADA800D7C76D /* JWTHelper.swift */ = {isa = PBXFileReference; lastKnownFileType = sourcecode.swift; path = JWTHelper.swift; sourceTree = "<group>"; };
		104CFB02246EB1BC00D7C76D /* AppLog.swift */ = {isa = PBXFileReference; lastKnownFileType = sourcecode.swift; path = AppLog.swift; sourceTree = "<group>"; };
		104CFB2E246ED0E300D7C76D /* SecureTrading3DSecure.framework */ = {isa = PBXFileReference; explicitFileType = wrapper.framework; path = SecureTrading3DSecure.framework; sourceTree = BUILT_PRODUCTS_DIR; };
		1050AB7E2490CB25001844BF /* Wallet.swift */ = {isa = PBXFileReference; lastKnownFileType = sourcecode.swift; path = Wallet.swift; sourceTree = "<group>"; };
		1050AB882490FF97001844BF /* WalletViewController.swift */ = {isa = PBXFileReference; lastKnownFileType = sourcecode.swift; path = WalletViewController.swift; sourceTree = "<group>"; };
		1050AB8A2490FFE1001844BF /* WalletView.swift */ = {isa = PBXFileReference; lastKnownFileType = sourcecode.swift; path = WalletView.swift; sourceTree = "<group>"; };
		1050AB8C2491000B001844BF /* WalletViewModel.swift */ = {isa = PBXFileReference; lastKnownFileType = sourcecode.swift; path = WalletViewModel.swift; sourceTree = "<group>"; };
		1054A99924A218F7002B5125 /* KeyboardHelper.swift */ = {isa = PBXFileReference; fileEncoding = 4; lastKnownFileType = sourcecode.swift; path = KeyboardHelper.swift; sourceTree = "<group>"; };
		1094352C24A08A3E00C3712B /* SaveCardOptionView.swift */ = {isa = PBXFileReference; lastKnownFileType = sourcecode.swift; path = SaveCardOptionView.swift; sourceTree = "<group>"; };
		1098F3A0247CF4B300414F94 /* SecureTradingCard.framework */ = {isa = PBXFileReference; explicitFileType = wrapper.framework; path = SecureTradingCard.framework; sourceTree = BUILT_PRODUCTS_DIR; };
		10C4A29B249D0A4500C1E8E9 /* AddCardViewController.swift */ = {isa = PBXFileReference; lastKnownFileType = sourcecode.swift; path = AddCardViewController.swift; sourceTree = "<group>"; };
		10C4A29D249D0A4D00C1E8E9 /* AddCardView.swift */ = {isa = PBXFileReference; lastKnownFileType = sourcecode.swift; path = AddCardView.swift; sourceTree = "<group>"; };
		10C4A29F249D0A5600C1E8E9 /* AddCardViewModel.swift */ = {isa = PBXFileReference; lastKnownFileType = sourcecode.swift; path = AddCardViewModel.swift; sourceTree = "<group>"; };
		10DBCEB92498BD59005865B0 /* MainViewTableViewCell.swift */ = {isa = PBXFileReference; lastKnownFileType = sourcecode.swift; path = MainViewTableViewCell.swift; sourceTree = "<group>"; };
		1286B23CF2544C71D88175C0 /* libPods-Example.a */ = {isa = PBXFileReference; explicitFileType = archive.ar; includeInIndex = 0; path = "libPods-Example.a"; sourceTree = BUILT_PRODUCTS_DIR; };
		3CCB78E01AA2AEB4BE63CE4C /* libPods-ExampleTests.a */ = {isa = PBXFileReference; explicitFileType = archive.ar; includeInIndex = 0; path = "libPods-ExampleTests.a"; sourceTree = BUILT_PRODUCTS_DIR; };
		788625EA1D7B96004F438047 /* Pods-ExampleTests.development.xcconfig */ = {isa = PBXFileReference; includeInIndex = 1; lastKnownFileType = text.xcconfig; name = "Pods-ExampleTests.development.xcconfig"; path = "../../Pods/Target Support Files/Pods-ExampleTests/Pods-ExampleTests.development.xcconfig"; sourceTree = "<group>"; };
		7CC5DADF8BC6C053F829AA52 /* Pods-Example.development.xcconfig */ = {isa = PBXFileReference; includeInIndex = 1; lastKnownFileType = text.xcconfig; name = "Pods-Example.development.xcconfig"; path = "../../Pods/Target Support Files/Pods-Example/Pods-Example.development.xcconfig"; sourceTree = "<group>"; };
/* End PBXFileReference section */

/* Begin PBXFrameworksBuildPhase section */
		08E4FA7B2462A7D100837339 /* Frameworks */ = {
			isa = PBXFrameworksBuildPhase;
			buildActionMask = 2147483647;
			files = (
				082FC7962462E18900D4E2B6 /* SecureTradingCore.framework in Frameworks */,
				104CFB2F246ED0E300D7C76D /* SecureTrading3DSecure.framework in Frameworks */,
				08D8B248249CCE7500DB96EE /* CardinalMobile.framework in Frameworks */,
				082FC7982462E18900D4E2B6 /* SecureTradingUI.framework in Frameworks */,
				613B874DD5B4DD1E6266FDE8 /* libPods-Example.a in Frameworks */,
				1098F3A1247CF4B300414F94 /* SecureTradingCard.framework in Frameworks */,
			);
			runOnlyForDeploymentPostprocessing = 0;
		};
		08E4FA912462A7D800837339 /* Frameworks */ = {
			isa = PBXFrameworksBuildPhase;
			buildActionMask = 2147483647;
			files = (
				49F7F7945D41186C28F9061E /* libPods-ExampleTests.a in Frameworks */,
			);
			runOnlyForDeploymentPostprocessing = 0;
		};
		08E4FA9C2462A7D800837339 /* Frameworks */ = {
			isa = PBXFrameworksBuildPhase;
			buildActionMask = 2147483647;
			files = (
			);
			runOnlyForDeploymentPostprocessing = 0;
		};
/* End PBXFrameworksBuildPhase section */

/* Begin PBXGroup section */
		04DD6B5E246AD31C005E7946 /* Base */ = {
			isa = PBXGroup;
			children = (
				04DD6B5F246AD383005E7946 /* UITestBase.swift */,
			);
			path = Base;
			sourceTree = "<group>";
		};
		04DD6B61246AF370005E7946 /* PageObjects */ = {
			isa = PBXGroup;
			children = (
				04DD6B63246AF3A3005E7946 /* Elements */,
				04DD6B62246AF390005E7946 /* Pages */,
			);
			path = PageObjects;
			sourceTree = "<group>";
		};
		04DD6B62246AF390005E7946 /* Pages */ = {
			isa = PBXGroup;
			children = (
				04DD6B69246D9945005E7946 /* PaymentPage.swift */,
			);
			path = Pages;
			sourceTree = "<group>";
		};
		04DD6B63246AF3A3005E7946 /* Elements */ = {
			isa = PBXGroup;
			children = (
				04DD6B67246AFCF4005E7946 /* PaymentPageLocators.swift */,
			);
			path = Elements;
			sourceTree = "<group>";
		};
		04DD6B64246AF410005E7946 /* TestSuites */ = {
			isa = PBXGroup;
			children = (
				04DD6B65246AF504005E7946 /* PaymentPageTests.swift */,
			);
			path = TestSuites;
			sourceTree = "<group>";
		};
		04DD6B6B246E9480005E7946 /* UiTestUtils */ = {
			isa = PBXGroup;
			children = (
				04DD6B6C246E94D0005E7946 /* XCTestCaseExtensions.swift */,
			);
			path = UiTestUtils;
			sourceTree = "<group>";
		};
		080A321F2473C4A4002B7471 /* Models */ = {
			isa = PBXGroup;
			children = (
				080A321D2473C482002B7471 /* STClaims.swift */,
				1050AB7E2490CB25001844BF /* Wallet.swift */,
			);
			path = Models;
			sourceTree = "<group>";
		};
		082FC7932462DB1000D4E2B6 /* SupportingFiles */ = {
			isa = PBXGroup;
			children = (
				082FC79E2462FF2500D4E2B6 /* Example-Bridging-Header.h */,
				08E4FA8F2462A7D800837339 /* Info.plist */,
			);
			path = SupportingFiles;
			sourceTree = "<group>";
		};
		082FC79D2462FE6200D4E2B6 /* Resources */ = {
			isa = PBXGroup;
			children = (
				08639C732469684000C8F90A /* Strings */,
				08E4FA8A2462A7D800837339 /* Assets.xcassets */,
			);
			path = Resources;
			sourceTree = "<group>";
		};
		082FC7A2246300A100D4E2B6 /* ObjectiveC */ = {
			isa = PBXGroup;
			children = (
				082FC79F2462FF2700D4E2B6 /* ObjectiveCTest.m */,
				082FC7A12463008E00D4E2B6 /* ObjectiveCTest.h */,
			);
			path = ObjectiveC;
			sourceTree = "<group>";
		};
		0845BF25247EAED7008AD40F /* Card */ = {
			isa = PBXGroup;
			children = (
				0845BF26247EAEE7008AD40F /* single input views */,
			);
			path = Card;
			sourceTree = "<group>";
		};
		0845BF26247EAEE7008AD40F /* single input views */ = {
			isa = PBXGroup;
			children = (
				0845BF27247EAF23008AD40F /* SingleInputViewsController.swift */,
				0845BF29247EAF38008AD40F /* SingleInputViewsModel.swift */,
				0845BF2B247EAF4C008AD40F /* SingleInputView.swift */,
			);
			path = "single input views";
			sourceTree = "<group>";
		};
		08639C41246967E600C8F90A /* Source Files */ = {
			isa = PBXGroup;
			children = (
				08639C8324696AE800C8F90A /* Modules */,
				08639C7B2469692100C8F90A /* Application */,
				08639C422469681E00C8F90A /* Common */,
			);
			path = "Source Files";
			sourceTree = "<group>";
		};
		08639C422469681E00C8F90A /* Common */ = {
			isa = PBXGroup;
			children = (
				080A321F2473C4A4002B7471 /* Models */,
				08639C432469681E00C8F90A /* Abstract */,
				08639C4A2469681E00C8F90A /* Appearance */,
				08639C4D2469681E00C8F90A /* Extensions */,
				08639C532469681E00C8F90A /* Views */,
				08639C572469681E00C8F90A /* Protocols */,
				08639C5C2469681E00C8F90A /* Helpers */,
			);
			path = Common;
			sourceTree = "<group>";
		};
		08639C432469681E00C8F90A /* Abstract */ = {
			isa = PBXGroup;
			children = (
				08639C442469681E00C8F90A /* BaseViewController.swift */,
				08639C452469681E00C8F90A /* BaseNavigationFlowController.swift */,
				08639C462469681E00C8F90A /* BaseViewCell.swift */,
				08639C472469681E00C8F90A /* BaseFlowController.swift */,
				08639C482469681E00C8F90A /* Dequeueable.swift */,
				08639C492469681E00C8F90A /* BaseView.swift */,
				08639C8D2469711500C8F90A /* WhiteBackgroundBaseView.swift */,
			);
			path = Abstract;
			sourceTree = "<group>";
		};
		08639C4A2469681E00C8F90A /* Appearance */ = {
			isa = PBXGroup;
			children = (
				08639C4B2469681E00C8F90A /* Fonts.swift */,
				08639C4C2469681E00C8F90A /* Colors.swift */,
			);
			path = Appearance;
			sourceTree = "<group>";
		};
		08639C4D2469681E00C8F90A /* Extensions */ = {
			isa = PBXGroup;
			children = (
				08639C4E2469681E00C8F90A /* UIView.swift */,
				08639C4F2469681E00C8F90A /* Array.swift */,
				08639C502469681E00C8F90A /* UIStackView.swift */,
				08639C512469681E00C8F90A /* UICollectionView.swift */,
				08639C522469681E00C8F90A /* UITableView.swift */,
			);
			path = Extensions;
			sourceTree = "<group>";
		};
		08639C532469681E00C8F90A /* Views */ = {
			isa = PBXGroup;
			children = (
				08639C542469681E00C8F90A /* PopBackView.swift */,
				08639C552469681E00C8F90A /* TransparentNavigationBar.swift */,
				08639C562469681E00C8F90A /* CustomBackNavigationController.swift */,
				1094352C24A08A3E00C3712B /* SaveCardOptionView.swift */,
				08534ED424A2324700D2B082 /* DropInCustomView.swift */,
				102F2D2324A649CF00862805 /* LoaderView.swift */,
			);
			path = Views;
			sourceTree = "<group>";
		};
		08639C572469681E00C8F90A /* Protocols */ = {
			isa = PBXGroup;
			children = (
				08639C582469681E00C8F90A /* NavigationFlowController.swift */,
				08639C592469681E00C8F90A /* ViewSetupable.swift */,
				08639C5A2469681E00C8F90A /* FlowController.swift */,
				08639C5B2469681E00C8F90A /* NavigationDelegate.swift */,
			);
			path = Protocols;
			sourceTree = "<group>";
		};
		08639C5C2469681E00C8F90A /* Helpers */ = {
			isa = PBXGroup;
			children = (
				1054A99924A218F7002B5125 /* KeyboardHelper.swift */,
				08639C5D2469681E00C8F90A /* CallbackWrapper.swift */,
				104CFB00246EADA800D7C76D /* JWTHelper.swift */,
			);
			path = Helpers;
			sourceTree = "<group>";
		};
		08639C732469684000C8F90A /* Strings */ = {
			isa = PBXGroup;
			children = (
				08639C742469685500C8F90A /* Localizable.swift */,
				08639C7A2469689600C8F90A /* Localizable.strings */,
			);
			path = Strings;
			sourceTree = "<group>";
		};
		08639C7B2469692100C8F90A /* Application */ = {
			isa = PBXGroup;
			children = (
				08E4FA812462A7D100837339 /* AppDelegate.swift */,
				08639C7C2469693F00C8F90A /* AppFlowController.swift */,
				08639C7F24696A2800C8F90A /* AppFoundation.swift */,
				08639C8124696A4100C8F90A /* DefaultAppFoundation.swift */,
				104CFAFE246EA59100D7C76D /* ApplicationKeys.swift */,
				104CFB02246EB1BC00D7C76D /* AppLog.swift */,
			);
			path = Application;
			sourceTree = "<group>";
		};
		08639C7E246969A900C8F90A /* Interfaces */ = {
			isa = PBXGroup;
			children = (
				08E4FA8C2462A7D800837339 /* LaunchScreen.storyboard */,
			);
			path = Interfaces;
			sourceTree = "<group>";
		};
		08639C8324696AE800C8F90A /* Modules */ = {
			isa = PBXGroup;
			children = (
				10C4A29A249D0A3700C1E8E9 /* AddCard */,
				1050AB872490FF77001844BF /* Wallet */,
				0845BF25247EAED7008AD40F /* Card */,
				08639C8424696B0500C8F90A /* Main */,
			);
			path = Modules;
			sourceTree = "<group>";
		};
		08639C8424696B0500C8F90A /* Main */ = {
			isa = PBXGroup;
			children = (
				10DBCEB82498BD49005865B0 /* Cells */,
				08639C8524696B3100C8F90A /* MainFlowController.swift */,
				08639C8724696C3F00C8F90A /* MainViewModel.swift */,
				08639C8924696C5500C8F90A /* MainView.swift */,
				08639C8B24696CB100C8F90A /* MainViewController.swift */,
			);
			path = Main;
			sourceTree = "<group>";
		};
		08E4FA752462A7D100837339 = {
			isa = PBXGroup;
			children = (
				08EF7D6B2462CEB4008B5F3E /* Configurations */,
				08E4FA802462A7D100837339 /* Example */,
				08E4FA972462A7D800837339 /* ExampleTests */,
				08E4FAA22462A7D800837339 /* ExampleUITests */,
				08E4FA7F2462A7D100837339 /* Products */,
				08EF7CF52462AA1B008B5F3E /* Frameworks */,
				B03121038599EDD8E8D94689 /* Pods */,
			);
			sourceTree = "<group>";
		};
		08E4FA7F2462A7D100837339 /* Products */ = {
			isa = PBXGroup;
			children = (
				08E4FA7E2462A7D100837339 /* Trust Payments.app */,
				08E4FA942462A7D800837339 /* ExampleTests.xctest */,
				08E4FA9F2462A7D800837339 /* ExampleUITests.xctest */,
			);
			name = Products;
			sourceTree = "<group>";
		};
		08E4FA802462A7D100837339 /* Example */ = {
			isa = PBXGroup;
			children = (
				08639C41246967E600C8F90A /* Source Files */,
				082FC7A2246300A100D4E2B6 /* ObjectiveC */,
				082FC79D2462FE6200D4E2B6 /* Resources */,
				08639C7E246969A900C8F90A /* Interfaces */,
				082FC7932462DB1000D4E2B6 /* SupportingFiles */,
			);
			path = Example;
			sourceTree = "<group>";
		};
		08E4FA972462A7D800837339 /* ExampleTests */ = {
			isa = PBXGroup;
			children = (
				08E4FA9A2462A7D800837339 /* Info.plist */,
				08E4FA982462A7D800837339 /* ExampleTests.swift */,
			);
			path = ExampleTests;
			sourceTree = "<group>";
		};
		08E4FAA22462A7D800837339 /* ExampleUITests */ = {
			isa = PBXGroup;
			children = (
				04DD6B6B246E9480005E7946 /* UiTestUtils */,
				08E4FAA52462A7D800837339 /* Info.plist */,
				04DD6B64246AF410005E7946 /* TestSuites */,
				04DD6B61246AF370005E7946 /* PageObjects */,
				04DD6B5E246AD31C005E7946 /* Base */,
			);
			path = ExampleUITests;
			sourceTree = "<group>";
		};
		08EF7CF52462AA1B008B5F3E /* Frameworks */ = {
			isa = PBXGroup;
			children = (
				1098F3A0247CF4B300414F94 /* SecureTradingCard.framework */,
				104CFB2E246ED0E300D7C76D /* SecureTrading3DSecure.framework */,
				082FC7942462E18900D4E2B6 /* SecureTradingCore.framework */,
				082FC7952462E18900D4E2B6 /* SecureTradingUI.framework */,
				1286B23CF2544C71D88175C0 /* libPods-Example.a */,
				08D8B247249CCE7500DB96EE /* CardinalMobile.framework */,
				3CCB78E01AA2AEB4BE63CE4C /* libPods-ExampleTests.a */,
			);
			name = Frameworks;
			sourceTree = "<group>";
		};
		08EF7D6B2462CEB4008B5F3E /* Configurations */ = {
			isa = PBXGroup;
			children = (
				08EF7D6C2462CEB4008B5F3E /* Test-Base.xcconfig */,
				08EF7D6D2462CEB4008B5F3E /* App-Base.xcconfig */,
				08EF7D6E2462CEB4008B5F3E /* Development.xcconfig */,
			);
			path = Configurations;
			sourceTree = "<group>";
		};
		1048A78B2497BFB000ADB2E3 /* Cells */ = {
			isa = PBXGroup;
			children = (
				1048A78C2497C06B00ADB2E3 /* WalletCardTableViewCell.swift */,
				1048A78E2497C0C100ADB2E3 /* WalletAddCardTableViewCell.swift */,
			);
			path = Cells;
			sourceTree = "<group>";
		};
		1050AB872490FF77001844BF /* Wallet */ = {
			isa = PBXGroup;
			children = (
				1048A78B2497BFB000ADB2E3 /* Cells */,
				1050AB882490FF97001844BF /* WalletViewController.swift */,
				1050AB8A2490FFE1001844BF /* WalletView.swift */,
				1050AB8C2491000B001844BF /* WalletViewModel.swift */,
			);
			path = Wallet;
			sourceTree = "<group>";
		};
		10C4A29A249D0A3700C1E8E9 /* AddCard */ = {
			isa = PBXGroup;
			children = (
				10C4A29B249D0A4500C1E8E9 /* AddCardViewController.swift */,
				10C4A29D249D0A4D00C1E8E9 /* AddCardView.swift */,
				10C4A29F249D0A5600C1E8E9 /* AddCardViewModel.swift */,
			);
			path = AddCard;
			sourceTree = "<group>";
		};
		10DBCEB82498BD49005865B0 /* Cells */ = {
			isa = PBXGroup;
			children = (
				10DBCEB92498BD59005865B0 /* MainViewTableViewCell.swift */,
			);
			path = Cells;
			sourceTree = "<group>";
		};
		B03121038599EDD8E8D94689 /* Pods */ = {
			isa = PBXGroup;
			children = (
				7CC5DADF8BC6C053F829AA52 /* Pods-Example.development.xcconfig */,
				788625EA1D7B96004F438047 /* Pods-ExampleTests.development.xcconfig */,
			);
			path = Pods;
			sourceTree = "<group>";
		};
/* End PBXGroup section */

/* Begin PBXNativeTarget section */
		08E4FA7D2462A7D100837339 /* Example */ = {
			isa = PBXNativeTarget;
			buildConfigurationList = 08E4FAA82462A7D800837339 /* Build configuration list for PBXNativeTarget "Example" */;
			buildPhases = (
				379D0734CAA0FBE59F16A1DC /* [CP] Check Pods Manifest.lock */,
				08E4FA7A2462A7D100837339 /* Sources */,
				08E4FA7B2462A7D100837339 /* Frameworks */,
				08E4FA7C2462A7D100837339 /* Resources */,
				08EF7CF92462AA1B008B5F3E /* Embed Frameworks */,
				08B8E82E246A9F9D00046E39 /* SwiftLint */,
				08534EED24A4BF7B00D2B082 /* Remove Simulator Architectures - Cardinal */,
			);
			buildRules = (
			);
			dependencies = (
			);
			name = Example;
			productName = Example;
			productReference = 08E4FA7E2462A7D100837339 /* Trust Payments.app */;
			productType = "com.apple.product-type.application";
		};
		08E4FA932462A7D800837339 /* ExampleTests */ = {
			isa = PBXNativeTarget;
			buildConfigurationList = 08E4FAAB2462A7D800837339 /* Build configuration list for PBXNativeTarget "ExampleTests" */;
			buildPhases = (
				959D84B53F75976656E6B49B /* [CP] Check Pods Manifest.lock */,
				08E4FA902462A7D800837339 /* Sources */,
				08E4FA912462A7D800837339 /* Frameworks */,
				08E4FA922462A7D800837339 /* Resources */,
			);
			buildRules = (
			);
			dependencies = (
				08E4FA962462A7D800837339 /* PBXTargetDependency */,
			);
			name = ExampleTests;
			productName = ExampleTests;
			productReference = 08E4FA942462A7D800837339 /* ExampleTests.xctest */;
			productType = "com.apple.product-type.bundle.unit-test";
		};
		08E4FA9E2462A7D800837339 /* ExampleUITests */ = {
			isa = PBXNativeTarget;
			buildConfigurationList = 08E4FAAE2462A7D800837339 /* Build configuration list for PBXNativeTarget "ExampleUITests" */;
			buildPhases = (
				08E4FA9B2462A7D800837339 /* Sources */,
				08E4FA9C2462A7D800837339 /* Frameworks */,
				08E4FA9D2462A7D800837339 /* Resources */,
			);
			buildRules = (
			);
			dependencies = (
				08E4FAA12462A7D800837339 /* PBXTargetDependency */,
			);
			name = ExampleUITests;
			productName = ExampleUITests;
			productReference = 08E4FA9F2462A7D800837339 /* ExampleUITests.xctest */;
			productType = "com.apple.product-type.bundle.ui-testing";
		};
/* End PBXNativeTarget section */

/* Begin PBXProject section */
		08E4FA762462A7D100837339 /* Project object */ = {
			isa = PBXProject;
			attributes = {
				LastSwiftUpdateCheck = 1140;
				LastUpgradeCheck = 1150;
				ORGANIZATIONNAME = TIWASZEK;
				TargetAttributes = {
					08E4FA7D2462A7D100837339 = {
						CreatedOnToolsVersion = 11.4.1;
						LastSwiftMigration = 1140;
					};
					08E4FA932462A7D800837339 = {
						CreatedOnToolsVersion = 11.4.1;
						TestTargetID = 08E4FA7D2462A7D100837339;
					};
					08E4FA9E2462A7D800837339 = {
						CreatedOnToolsVersion = 11.4.1;
						TestTargetID = 08E4FA7D2462A7D100837339;
					};
				};
			};
			buildConfigurationList = 08E4FA792462A7D100837339 /* Build configuration list for PBXProject "Example" */;
			compatibilityVersion = "Xcode 9.3";
			developmentRegion = en;
			hasScannedForEncodings = 0;
			knownRegions = (
				en,
				Base,
			);
			mainGroup = 08E4FA752462A7D100837339;
			productRefGroup = 08E4FA7F2462A7D100837339 /* Products */;
			projectDirPath = "";
			projectRoot = "";
			targets = (
				08E4FA7D2462A7D100837339 /* Example */,
				08E4FA932462A7D800837339 /* ExampleTests */,
				08E4FA9E2462A7D800837339 /* ExampleUITests */,
			);
		};
/* End PBXProject section */

/* Begin PBXResourcesBuildPhase section */
		08E4FA7C2462A7D100837339 /* Resources */ = {
			isa = PBXResourcesBuildPhase;
			buildActionMask = 2147483647;
			files = (
				08E4FA8E2462A7D800837339 /* LaunchScreen.storyboard in Resources */,
				08639C782469689600C8F90A /* Localizable.strings in Resources */,
				08E4FA8B2462A7D800837339 /* Assets.xcassets in Resources */,
			);
			runOnlyForDeploymentPostprocessing = 0;
		};
		08E4FA922462A7D800837339 /* Resources */ = {
			isa = PBXResourcesBuildPhase;
			buildActionMask = 2147483647;
			files = (
			);
			runOnlyForDeploymentPostprocessing = 0;
		};
		08E4FA9D2462A7D800837339 /* Resources */ = {
			isa = PBXResourcesBuildPhase;
			buildActionMask = 2147483647;
			files = (
			);
			runOnlyForDeploymentPostprocessing = 0;
		};
/* End PBXResourcesBuildPhase section */

/* Begin PBXShellScriptBuildPhase section */
		08534EED24A4BF7B00D2B082 /* Remove Simulator Architectures - Cardinal */ = {
			isa = PBXShellScriptBuildPhase;
			buildActionMask = 2147483647;
			files = (
			);
			inputFileListPaths = (
			);
			inputPaths = (
			);
			name = "Remove Simulator Architectures - Cardinal";
			outputFileListPaths = (
			);
			outputPaths = (
			);
			runOnlyForDeploymentPostprocessing = 0;
			shellPath = /bin/sh;
			shellScript = "FRAMEWORK=\"CardinalMobile\"\nFRAMEWORK_EXECUTABLE_PATH=\"${BUILT_PRODUCTS_DIR}/${FRAMEWORKS_FOLDER_PATH}/$FRAMEWORK.framework/$FRAMEWORK\"\nEXTRACTED_ARCHS=()\nfor ARCH in $ARCHS\ndo\nlipo -extract \"$ARCH\" \"$FRAMEWORK_EXECUTABLE_PATH\" -o \"$FRAMEWORK_EXECUTABLE_PATH-$ARCH\"\nEXTRACTED_ARCHS+=(\"$FRAMEWORK_EXECUTABLE_PATH-$ARCH\")\ndone\nlipo -o \"$FRAMEWORK_EXECUTABLE_PATH-merged\" -create \"${EXTRACTED_ARCHS[@]}\"\nrm \"${EXTRACTED_ARCHS[@]}\"\nrm \"$FRAMEWORK_EXECUTABLE_PATH\"\nmv \"$FRAMEWORK_EXECUTABLE_PATH-merged\" \"$FRAMEWORK_EXECUTABLE_PATH\"\n";
		};
		08B8E82E246A9F9D00046E39 /* SwiftLint */ = {
			isa = PBXShellScriptBuildPhase;
			buildActionMask = 2147483647;
			files = (
			);
			inputFileListPaths = (
			);
			inputPaths = (
			);
			name = SwiftLint;
			outputFileListPaths = (
			);
			outputPaths = (
			);
			runOnlyForDeploymentPostprocessing = 0;
			shellPath = /bin/sh;
			shellScript = "if which swiftlint >/dev/null; then\n  swiftlint\nelse\n  echo \"warning: SwiftLint not installed, download from https://github.com/realm/SwiftLint\"\nfi\n";
		};
		379D0734CAA0FBE59F16A1DC /* [CP] Check Pods Manifest.lock */ = {
			isa = PBXShellScriptBuildPhase;
			buildActionMask = 2147483647;
			files = (
			);
			inputFileListPaths = (
			);
			inputPaths = (
				"${PODS_PODFILE_DIR_PATH}/Podfile.lock",
				"${PODS_ROOT}/Manifest.lock",
			);
			name = "[CP] Check Pods Manifest.lock";
			outputFileListPaths = (
			);
			outputPaths = (
				"$(DERIVED_FILE_DIR)/Pods-Example-checkManifestLockResult.txt",
			);
			runOnlyForDeploymentPostprocessing = 0;
			shellPath = /bin/sh;
			shellScript = "diff \"${PODS_PODFILE_DIR_PATH}/Podfile.lock\" \"${PODS_ROOT}/Manifest.lock\" > /dev/null\nif [ $? != 0 ] ; then\n    # print error to STDERR\n    echo \"error: The sandbox is not in sync with the Podfile.lock. Run 'pod install' or update your CocoaPods installation.\" >&2\n    exit 1\nfi\n# This output is used by Xcode 'outputs' to avoid re-running this script phase.\necho \"SUCCESS\" > \"${SCRIPT_OUTPUT_FILE_0}\"\n";
			showEnvVarsInLog = 0;
		};
		959D84B53F75976656E6B49B /* [CP] Check Pods Manifest.lock */ = {
			isa = PBXShellScriptBuildPhase;
			buildActionMask = 2147483647;
			files = (
			);
			inputFileListPaths = (
			);
			inputPaths = (
				"${PODS_PODFILE_DIR_PATH}/Podfile.lock",
				"${PODS_ROOT}/Manifest.lock",
			);
			name = "[CP] Check Pods Manifest.lock";
			outputFileListPaths = (
			);
			outputPaths = (
				"$(DERIVED_FILE_DIR)/Pods-ExampleTests-checkManifestLockResult.txt",
			);
			runOnlyForDeploymentPostprocessing = 0;
			shellPath = /bin/sh;
			shellScript = "diff \"${PODS_PODFILE_DIR_PATH}/Podfile.lock\" \"${PODS_ROOT}/Manifest.lock\" > /dev/null\nif [ $? != 0 ] ; then\n    # print error to STDERR\n    echo \"error: The sandbox is not in sync with the Podfile.lock. Run 'pod install' or update your CocoaPods installation.\" >&2\n    exit 1\nfi\n# This output is used by Xcode 'outputs' to avoid re-running this script phase.\necho \"SUCCESS\" > \"${SCRIPT_OUTPUT_FILE_0}\"\n";
			showEnvVarsInLog = 0;
		};
/* End PBXShellScriptBuildPhase section */

/* Begin PBXSourcesBuildPhase section */
		08E4FA7A2462A7D100837339 /* Sources */ = {
			isa = PBXSourcesBuildPhase;
			buildActionMask = 2147483647;
			files = (
				1050AB7F2490CB25001844BF /* Wallet.swift in Sources */,
				1050AB8D2491000B001844BF /* WalletViewModel.swift in Sources */,
				08534ED524A2324700D2B082 /* DropInCustomView.swift in Sources */,
				08639C692469681E00C8F90A /* UICollectionView.swift in Sources */,
				0845BF2A247EAF38008AD40F /* SingleInputViewsModel.swift in Sources */,
				08639C6F2469681E00C8F90A /* ViewSetupable.swift in Sources */,
				102F2D2424A649CF00862805 /* LoaderView.swift in Sources */,
				10DBCEBA2498BD59005865B0 /* MainViewTableViewCell.swift in Sources */,
				08639C8224696A4100C8F90A /* DefaultAppFoundation.swift in Sources */,
				08639C5F2469681E00C8F90A /* BaseNavigationFlowController.swift in Sources */,
				08639C702469681E00C8F90A /* FlowController.swift in Sources */,
				08639C8824696C3F00C8F90A /* MainViewModel.swift in Sources */,
				08639C6C2469681E00C8F90A /* TransparentNavigationBar.swift in Sources */,
				08639C652469681E00C8F90A /* Colors.swift in Sources */,
				08639C602469681E00C8F90A /* BaseViewCell.swift in Sources */,
				1054A99A24A218F7002B5125 /* KeyboardHelper.swift in Sources */,
				08639C752469685500C8F90A /* Localizable.swift in Sources */,
				08639C6B2469681E00C8F90A /* PopBackView.swift in Sources */,
				104CFB01246EADA800D7C76D /* JWTHelper.swift in Sources */,
				0845BF2C247EAF4C008AD40F /* SingleInputView.swift in Sources */,
				08639C662469681E00C8F90A /* UIView.swift in Sources */,
				08639C612469681E00C8F90A /* BaseFlowController.swift in Sources */,
				1050AB8B2490FFE1001844BF /* WalletView.swift in Sources */,
				1094352D24A08A3E00C3712B /* SaveCardOptionView.swift in Sources */,
				08639C5E2469681E00C8F90A /* BaseViewController.swift in Sources */,
				082FC7A02462FF2700D4E2B6 /* ObjectiveCTest.m in Sources */,
				104CFAFF246EA59100D7C76D /* ApplicationKeys.swift in Sources */,
				08639C642469681E00C8F90A /* Fonts.swift in Sources */,
				08639C682469681E00C8F90A /* UIStackView.swift in Sources */,
				08639C712469681E00C8F90A /* NavigationDelegate.swift in Sources */,
				10C4A29E249D0A4D00C1E8E9 /* AddCardView.swift in Sources */,
				1048A78D2497C06B00ADB2E3 /* WalletCardTableViewCell.swift in Sources */,
				08639C6D2469681E00C8F90A /* CustomBackNavigationController.swift in Sources */,
				08639C672469681E00C8F90A /* Array.swift in Sources */,
				08639C7D2469693F00C8F90A /* AppFlowController.swift in Sources */,
				0845BF28247EAF23008AD40F /* SingleInputViewsController.swift in Sources */,
				08639C632469681E00C8F90A /* BaseView.swift in Sources */,
				10C4A29C249D0A4500C1E8E9 /* AddCardViewController.swift in Sources */,
				08639C8C24696CB100C8F90A /* MainViewController.swift in Sources */,
				080A321E2473C482002B7471 /* STClaims.swift in Sources */,
				08639C6A2469681E00C8F90A /* UITableView.swift in Sources */,
				08639C6E2469681E00C8F90A /* NavigationFlowController.swift in Sources */,
				08639C8024696A2800C8F90A /* AppFoundation.swift in Sources */,
				08639C8624696B3100C8F90A /* MainFlowController.swift in Sources */,
				08639C622469681E00C8F90A /* Dequeueable.swift in Sources */,
				08639C8A24696C5500C8F90A /* MainView.swift in Sources */,
				1048A78F2497C0C100ADB2E3 /* WalletAddCardTableViewCell.swift in Sources */,
				1050AB892490FF97001844BF /* WalletViewController.swift in Sources */,
				104CFB03246EB1BC00D7C76D /* AppLog.swift in Sources */,
				08639C8E2469711500C8F90A /* WhiteBackgroundBaseView.swift in Sources */,
				08639C722469681E00C8F90A /* CallbackWrapper.swift in Sources */,
				08E4FA822462A7D100837339 /* AppDelegate.swift in Sources */,
				10C4A2A0249D0A5600C1E8E9 /* AddCardViewModel.swift in Sources */,
			);
			runOnlyForDeploymentPostprocessing = 0;
		};
		08E4FA902462A7D800837339 /* Sources */ = {
			isa = PBXSourcesBuildPhase;
			buildActionMask = 2147483647;
			files = (
				08E4FA992462A7D800837339 /* ExampleTests.swift in Sources */,
			);
			runOnlyForDeploymentPostprocessing = 0;
		};
		08E4FA9B2462A7D800837339 /* Sources */ = {
			isa = PBXSourcesBuildPhase;
			buildActionMask = 2147483647;
			files = (
				04DD6B6D246E94D0005E7946 /* XCTestCaseExtensions.swift in Sources */,
				04DD6B60246AD383005E7946 /* UITestBase.swift in Sources */,
				04DD6B68246AFCF4005E7946 /* PaymentPageLocators.swift in Sources */,
				04DD6B6A246D9945005E7946 /* PaymentPage.swift in Sources */,
				04DD6B66246AF504005E7946 /* PaymentPageTests.swift in Sources */,
			);
			runOnlyForDeploymentPostprocessing = 0;
		};
/* End PBXSourcesBuildPhase section */

/* Begin PBXTargetDependency section */
		08E4FA962462A7D800837339 /* PBXTargetDependency */ = {
			isa = PBXTargetDependency;
			target = 08E4FA7D2462A7D100837339 /* Example */;
			targetProxy = 08E4FA952462A7D800837339 /* PBXContainerItemProxy */;
		};
		08E4FAA12462A7D800837339 /* PBXTargetDependency */ = {
			isa = PBXTargetDependency;
			target = 08E4FA7D2462A7D100837339 /* Example */;
			targetProxy = 08E4FAA02462A7D800837339 /* PBXContainerItemProxy */;
		};
/* End PBXTargetDependency section */

/* Begin PBXVariantGroup section */
		08639C7A2469689600C8F90A /* Localizable.strings */ = {
			isa = PBXVariantGroup;
			children = (
				08639C792469689600C8F90A /* en */,
			);
			name = Localizable.strings;
			sourceTree = "<group>";
		};
		08E4FA8C2462A7D800837339 /* LaunchScreen.storyboard */ = {
			isa = PBXVariantGroup;
			children = (
				08E4FA8D2462A7D800837339 /* Base */,
			);
			name = LaunchScreen.storyboard;
			sourceTree = "<group>";
		};
/* End PBXVariantGroup section */

/* Begin XCBuildConfiguration section */
		08E4FAA62462A7D800837339 /* Development */ = {
			isa = XCBuildConfiguration;
			buildSettings = {
				ALWAYS_SEARCH_USER_PATHS = NO;
				CLANG_ANALYZER_NONNULL = YES;
				CLANG_ANALYZER_NUMBER_OBJECT_CONVERSION = YES_AGGRESSIVE;
				CLANG_CXX_LANGUAGE_STANDARD = "gnu++14";
				CLANG_CXX_LIBRARY = "libc++";
				CLANG_ENABLE_MODULES = YES;
				CLANG_ENABLE_OBJC_ARC = YES;
				CLANG_ENABLE_OBJC_WEAK = YES;
				CLANG_WARN_BLOCK_CAPTURE_AUTORELEASING = YES;
				CLANG_WARN_BOOL_CONVERSION = YES;
				CLANG_WARN_COMMA = YES;
				CLANG_WARN_CONSTANT_CONVERSION = YES;
				CLANG_WARN_DEPRECATED_OBJC_IMPLEMENTATIONS = YES;
				CLANG_WARN_DIRECT_OBJC_ISA_USAGE = YES_ERROR;
				CLANG_WARN_DOCUMENTATION_COMMENTS = YES;
				CLANG_WARN_EMPTY_BODY = YES;
				CLANG_WARN_ENUM_CONVERSION = YES;
				CLANG_WARN_INFINITE_RECURSION = YES;
				CLANG_WARN_INT_CONVERSION = YES;
				CLANG_WARN_NON_LITERAL_NULL_CONVERSION = YES;
				CLANG_WARN_OBJC_IMPLICIT_RETAIN_SELF = YES;
				CLANG_WARN_OBJC_LITERAL_CONVERSION = YES;
				CLANG_WARN_OBJC_ROOT_CLASS = YES_ERROR;
				CLANG_WARN_RANGE_LOOP_ANALYSIS = YES;
				CLANG_WARN_STRICT_PROTOTYPES = YES;
				CLANG_WARN_SUSPICIOUS_MOVE = YES;
				CLANG_WARN_UNGUARDED_AVAILABILITY = YES_AGGRESSIVE;
				CLANG_WARN_UNREACHABLE_CODE = YES;
				CLANG_WARN__DUPLICATE_METHOD_MATCH = YES;
				COPY_PHASE_STRIP = NO;
				DEBUG_INFORMATION_FORMAT = dwarf;
				ENABLE_STRICT_OBJC_MSGSEND = YES;
				ENABLE_TESTABILITY = YES;
				GCC_C_LANGUAGE_STANDARD = gnu11;
				GCC_DYNAMIC_NO_PIC = NO;
				GCC_NO_COMMON_BLOCKS = YES;
				GCC_OPTIMIZATION_LEVEL = 0;
				GCC_PREPROCESSOR_DEFINITIONS = (
					"DEBUG=1",
					"$(inherited)",
				);
				GCC_WARN_64_TO_32_BIT_CONVERSION = YES;
				GCC_WARN_ABOUT_RETURN_TYPE = YES_ERROR;
				GCC_WARN_UNDECLARED_SELECTOR = YES;
				GCC_WARN_UNINITIALIZED_AUTOS = YES_AGGRESSIVE;
				GCC_WARN_UNUSED_FUNCTION = YES;
				GCC_WARN_UNUSED_VARIABLE = YES;
				IPHONEOS_DEPLOYMENT_TARGET = 11.0;
				MTL_ENABLE_DEBUG_INFO = INCLUDE_SOURCE;
				MTL_FAST_MATH = YES;
				ONLY_ACTIVE_ARCH = YES;
				SDKROOT = iphoneos;
				SWIFT_ACTIVE_COMPILATION_CONDITIONS = DEBUG;
				SWIFT_OPTIMIZATION_LEVEL = "-Onone";
			};
			name = Development;
		};
		08E4FAA92462A7D800837339 /* Development */ = {
			isa = XCBuildConfiguration;
			baseConfigurationReference = 08EF7D6E2462CEB4008B5F3E /* Development.xcconfig */;
			buildSettings = {
				ALWAYS_EMBED_SWIFT_STANDARD_LIBRARIES = "$(inherited)";
				ASSETCATALOG_COMPILER_APPICON_NAME = AppIcon;
				CLANG_ENABLE_MODULES = YES;
				CODE_SIGN_STYLE = Automatic;
				DEFINES_MODULE = YES;
				DEVELOPMENT_TEAM = W785748F69;
				FRAMEWORK_SEARCH_PATHS = (
					"$(inherited)",
					"$(SRCROOT)/../SecureTrading/Frameworks",
				);
				GCC_PREPROCESSOR_DEFINITIONS = (
					"$(_ENVIRONMENTS)",
					"$(inherited)",
				);
				HEADER_SEARCH_PATHS = "$(inherited)";
				INFOPLIST_FILE = "$(_BUNDLE_INFOPLIST_PATH)";
				IPHONEOS_DEPLOYMENT_TARGET = "$(_DEPLOYMENT_TARGET_IOS)";
				LD_RUNPATH_SEARCH_PATHS = (
					"$(inherited)",
					"@executable_path/Frameworks",
				);
				PRODUCT_BUNDLE_IDENTIFIER = "$(_BUNDLE_IDENTIFIER)";
				PRODUCT_NAME = "Trust Payments";
				SWIFT_ACTIVE_COMPILATION_CONDITIONS = "$(_ENVIRONMENTS)";
				SWIFT_OBJC_BRIDGING_HEADER = "Example/SupportingFiles/Example-Bridging-Header.h";
				SWIFT_OPTIMIZATION_LEVEL = "-Onone";
				SWIFT_VERSION = 5.0;
				TARGETED_DEVICE_FAMILY = "1,2";
			};
			name = Development;
		};
		08E4FAAC2462A7D800837339 /* Development */ = {
			isa = XCBuildConfiguration;
			baseConfigurationReference = 08EF7D6C2462CEB4008B5F3E /* Test-Base.xcconfig */;
			buildSettings = {
				ALWAYS_EMBED_SWIFT_STANDARD_LIBRARIES = "$(inherited)";
				BUNDLE_LOADER = "$(TEST_HOST)";
				CODE_SIGN_STYLE = Automatic;
				DEFINES_MODULE = NO;
				DEVELOPMENT_TEAM = 6GJ86WKP5G;
				GCC_PREPROCESSOR_DEFINITIONS = (
					"$(_ENVIRONMENTS)",
					"$(inherited)",
				);
				INFOPLIST_FILE = "$(_BUNDLE_INFOPLIST_PATH)";
				IPHONEOS_DEPLOYMENT_TARGET = 13.4;
				LD_RUNPATH_SEARCH_PATHS = (
					"$(inherited)",
					"@executable_path/Frameworks",
					"@loader_path/Frameworks",
				);
				PRODUCT_BUNDLE_IDENTIFIER = "$(_BUNDLE_IDENTIFIER)";
				PRODUCT_NAME = "$(_BUNDLE_NAME)";
				SWIFT_ACTIVE_COMPILATION_CONDITIONS = "$(_ENVIRONMENTS)";
				SWIFT_VERSION = 5.0;
				TARGETED_DEVICE_FAMILY = "1,2";
				TEST_HOST = "$(BUILT_PRODUCTS_DIR)/SecureTradingApp.app/SecureTradingApp";
			};
			name = Development;
		};
		08E4FAAF2462A7D800837339 /* Development */ = {
			isa = XCBuildConfiguration;
			buildSettings = {
				ALWAYS_EMBED_SWIFT_STANDARD_LIBRARIES = "$(inherited)";
				CODE_SIGN_STYLE = Automatic;
				DEVELOPMENT_TEAM = 6GJ86WKP5G;
				INFOPLIST_FILE = ExampleUITests/Info.plist;
				LD_RUNPATH_SEARCH_PATHS = (
					"$(inherited)",
					"@executable_path/Frameworks",
					"@loader_path/Frameworks",
				);
				PRODUCT_BUNDLE_IDENTIFIER = com.securetrading.ExampleUITests;
				PRODUCT_NAME = "$(TARGET_NAME)";
				SWIFT_VERSION = 5.0;
				TARGETED_DEVICE_FAMILY = "1,2";
				TEST_TARGET_NAME = Example;
			};
			name = Development;
		};
/* End XCBuildConfiguration section */

/* Begin XCConfigurationList section */
		08E4FA792462A7D100837339 /* Build configuration list for PBXProject "Example" */ = {
			isa = XCConfigurationList;
			buildConfigurations = (
				08E4FAA62462A7D800837339 /* Development */,
			);
			defaultConfigurationIsVisible = 0;
			defaultConfigurationName = Development;
		};
		08E4FAA82462A7D800837339 /* Build configuration list for PBXNativeTarget "Example" */ = {
			isa = XCConfigurationList;
			buildConfigurations = (
				08E4FAA92462A7D800837339 /* Development */,
			);
			defaultConfigurationIsVisible = 0;
			defaultConfigurationName = Development;
		};
		08E4FAAB2462A7D800837339 /* Build configuration list for PBXNativeTarget "ExampleTests" */ = {
			isa = XCConfigurationList;
			buildConfigurations = (
				08E4FAAC2462A7D800837339 /* Development */,
			);
			defaultConfigurationIsVisible = 0;
			defaultConfigurationName = Development;
		};
		08E4FAAE2462A7D800837339 /* Build configuration list for PBXNativeTarget "ExampleUITests" */ = {
			isa = XCConfigurationList;
			buildConfigurations = (
				08E4FAAF2462A7D800837339 /* Development */,
			);
			defaultConfigurationIsVisible = 0;
			defaultConfigurationName = Development;
		};
/* End XCConfigurationList section */
	};
	rootObject = 08E4FA762462A7D100837339 /* Project object */;
}
