PODS:
  - SecureTradingSDK/3DSecure (0.0.1)
  - SecureTradingSDK/Card (0.0.1)
  - SecureTradingSDK/Core (0.0.1):
    - SecureTradingSDK/3DSecure
    - SecureTradingSDK/Card
    - TrustKit (= 1.6.4)
  - SecureTradingSDK/UI (0.0.1):
    - SecureTradingSDK/3DSecure
    - SecureTradingSDK/Card
    - SecureTradingSDK/Core
  - TrustKit (1.6.4)

DEPENDENCIES:
  - SecureTradingSDK/3DSecure (from `../`)
  - SecureTradingSDK/Card (from `../`)
  - SecureTradingSDK/Core (from `../`)
  - SecureTradingSDK/UI (from `../`)

SPEC REPOS:
  trunk:
    - TrustKit

EXTERNAL SOURCES:
  SecureTradingSDK:
    :path: "../"

SPEC CHECKSUMS:
  SecureTradingSDK: c9135357703fa0cb340998a33d99ff30ebda7e2e
  TrustKit: 578f77c59a23167e55b523d460bb495114ed0de7

PODFILE CHECKSUM: 400c0cea5ab904eb77ceed703e916b3d29d2a14a

COCOAPODS: 1.8.4
